{
  "version": 4,
  "terraform_version": "1.12.1",
  "serial": 256,
  "lineage": "12267924-90e7-05c5-23d0-8ae47764a427",
  "outputs": {},
  "resources": [
    {
      "mode": "data",
      "type": "aws_ami",
      "name": "ubuntu",
      "provider": "provider[\"registry.terraform.io/hashicorp/aws\"]",
      "instances": [
        {
          "schema_version": 0,
          "attributes": {
            "allow_unsafe_filter": null,
            "architecture": "x86_64",
            "arn": "arn:aws:ec2:us-east-1::image/ami-0d016af584f4febe3",
            "block_device_mappings": [
              {
                "device_name": "/dev/sda1",
                "ebs": {
                  "delete_on_termination": "true",
                  "encrypted": "false",
                  "iops": "0",
                  "snapshot_id": "snap-09c166a358f0811e9",
                  "throughput": "0",
                  "volume_initialization_rate": "0",
                  "volume_size": "8",
                  "volume_type": "gp2"
                },
                "no_device": "",
                "virtual_name": ""
              },
              {
                "device_name": "/dev/sdb",
                "ebs": {},
                "no_device": "",
                "virtual_name": "ephemeral0"
              },
              {
                "device_name": "/dev/sdc",
                "ebs": {},
                "no_device": "",
                "virtual_name": "ephemeral1"
              }
            ],
            "boot_mode": "uefi-preferred",
            "creation_date": "2025-06-17T06:49:54.000Z",
            "deprecation_time": "2027-06-17T06:49:54.000Z",
            "description": "Canonical, Ubuntu, 22.04, amd64 jammy image",
            "ena_support": true,
            "executable_users": null,
            "filter": [
              {
                "name": "name",
                "values": [
                  "ubuntu/images/hvm-ssd/ubuntu-jammy-22.04-amd64-server-*"
                ]
              }
            ],
            "hypervisor": "xen",
            "id": "ami-0d016af584f4febe3",
            "image_id": "ami-0d016af584f4febe3",
            "image_location": "amazon/ubuntu/images/hvm-ssd/ubuntu-jammy-22.04-amd64-server-20250617",
            "image_owner_alias": "amazon",
            "image_type": "machine",
            "imds_support": "",
            "include_deprecated": false,
            "kernel_id": "",
            "last_launched_time": "",
            "most_recent": true,
            "name": "ubuntu/images/hvm-ssd/ubuntu-jammy-22.04-amd64-server-20250617",
            "name_regex": null,
            "owner_id": "099720109477",
            "owners": [
              "099720109477"
            ],
            "platform": "",
            "platform_details": "Linux/UNIX",
            "product_codes": [],
            "public": true,
            "ramdisk_id": "",
            "region": "us-east-1",
            "root_device_name": "/dev/sda1",
            "root_device_type": "ebs",
            "root_snapshot_id": "snap-09c166a358f0811e9",
            "sriov_net_support": "simple",
            "state": "available",
            "state_reason": {
              "code": "UNSET",
              "message": "UNSET"
            },
            "tags": {},
            "timeouts": null,
            "tpm_support": "",
            "uefi_data": null,
            "usage_operation": "RunInstances",
            "virtualization_type": "hvm"
          },
          "sensitive_attributes": [],
          "identity_schema_version": 0
        }
      ]
    },
    {
      "mode": "data",
      "type": "aws_availability_zones",
      "name": "available",
      "provider": "provider[\"registry.terraform.io/hashicorp/aws\"]",
      "instances": [
        {
          "schema_version": 0,
          "attributes": {
            "all_availability_zones": null,
            "exclude_names": null,
            "exclude_zone_ids": null,
            "filter": null,
            "group_names": [
              "us-east-1-zg-1"
            ],
            "id": "us-east-1",
            "names": [
              "us-east-1a",
              "us-east-1b",
              "us-east-1c",
              "us-east-1d",
              "us-east-1e",
              "us-east-1f"
            ],
            "region": "us-east-1",
            "state": null,
            "timeouts": null,
            "zone_ids": [
              "use1-az6",
              "use1-az1",
              "use1-az2",
              "use1-az4",
              "use1-az3",
              "use1-az5"
            ]
          },
          "sensitive_attributes": [],
          "identity_schema_version": 0
        }
      ]
    },
    {
      "mode": "data",
      "type": "aws_region",
      "name": "current",
      "provider": "provider[\"registry.terraform.io/hashicorp/aws\"]",
      "instances": [
        {
          "schema_version": 0,
          "attributes": {
            "description": "US East (N. Virginia)",
            "endpoint": "ec2.us-east-1.amazonaws.com",
            "id": "us-east-1",
            "name": "us-east-1",
            "region": "us-east-1"
          },
          "sensitive_attributes": [],
          "identity_schema_version": 0
        }
      ]
    },
    {
      "mode": "managed",
      "type": "aws_instance",
      "name": "ubuntu_server",
      "provider": "provider[\"registry.terraform.io/hashicorp/aws\"]",
      "instances": [
        {
          "schema_version": 2,
          "attributes": {
            "ami": "ami-0d016af584f4febe3",
            "arn": "arn:aws:ec2:us-east-1:240617603981:instance/i-0dd10c9fd243da173",
            "associate_public_ip_address": true,
            "availability_zone": "us-east-1a",
            "capacity_reservation_specification": [
              {
                "capacity_reservation_preference": "open",
                "capacity_reservation_target": []
              }
            ],
            "cpu_options": [
              {
                "amd_sev_snp": "",
                "core_count": 1,
                "threads_per_core": 2
              }
            ],
            "credit_specification": [
              {
                "cpu_credits": "unlimited"
              }
            ],
            "disable_api_stop": false,
            "disable_api_termination": false,
            "ebs_block_device": [],
            "ebs_optimized": false,
            "enable_primary_ipv6": null,
            "enclave_options": [
              {
                "enabled": false
              }
            ],
            "ephemeral_block_device": [],
            "get_password_data": false,
            "hibernation": false,
            "host_id": "",
            "host_resource_group_arn": null,
            "iam_instance_profile": "",
            "id": "i-0dd10c9fd243da173",
            "instance_initiated_shutdown_behavior": "stop",
            "instance_lifecycle": "",
            "instance_market_options": [],
            "instance_state": "running",
            "instance_type": "t3.micro",
            "ipv6_address_count": 0,
            "ipv6_addresses": [],
            "key_name": "MyAWSKey-development",
            "launch_template": [],
            "maintenance_options": [
              {
                "auto_recovery": "default"
              }
            ],
            "metadata_options": [
              {
                "http_endpoint": "enabled",
                "http_protocol_ipv6": "disabled",
                "http_put_response_hop_limit": 1,
                "http_tokens": "optional",
                "instance_metadata_tags": "disabled"
              }
            ],
            "monitoring": false,
            "network_interface": [],
            "outpost_arn": "",
            "password_data": "",
            "placement_group": "",
            "placement_partition_number": 0,
            "primary_network_interface_id": "eni-0edb1bc1d3bff9e1d",
            "private_dns": "ip-10-0-101-93.ec2.internal",
            "private_dns_name_options": [
              {
                "enable_resource_name_dns_a_record": false,
                "enable_resource_name_dns_aaaa_record": false,
                "hostname_type": "ip-name"
              }
            ],
            "private_ip": "10.0.101.93",
            "public_dns": "",
            "public_ip": "54.162.217.56",
            "region": "us-east-1",
            "root_block_device": [
              {
                "delete_on_termination": true,
                "device_name": "/dev/sda1",
                "encrypted": false,
                "iops": 100,
                "kms_key_id": "",
                "tags": {
                  "Environment": "development",
                  "Owner": "Asaf",
                  "Provisioned": "Terraform"
                },
                "tags_all": {
                  "Environment": "development",
                  "Owner": "Asaf",
                  "Provisioned": "Terraform"
                },
                "throughput": 0,
                "volume_id": "vol-02e04f90ef57b5fe5",
                "volume_size": 8,
                "volume_type": "gp2"
              }
            ],
            "secondary_private_ips": [],
            "security_groups": [
              "sg-055f00aea4492bde5",
              "sg-061e0bcea3d1d6916",
              "sg-064c2d96743ef83d5"
            ],
            "source_dest_check": true,
            "spot_instance_request_id": "",
            "subnet_id": "subnet-0999c739fc90c51e9",
            "tags": {
              "Name": "Ubuntu EC2 Server"
            },
            "tags_all": {
              "Environment": "development",
              "Name": "Ubuntu EC2 Server",
              "Owner": "Asaf",
              "Provisioned": "Terraform"
            },
            "tenancy": "default",
            "timeouts": null,
            "user_data": null,
            "user_data_base64": null,
            "user_data_replace_on_change": false,
            "volume_tags": null,
            "vpc_security_group_ids": [
              "sg-055f00aea4492bde5",
              "sg-061e0bcea3d1d6916",
              "sg-064c2d96743ef83d5"
            ]
          },
          "sensitive_attributes": [],
          "identity_schema_version": 0,
          "private": "eyJlMmJmYjczMC1lY2FhLTExZTYtOGY4OC0zNDM2M2JjN2M0YzAiOnsiY3JlYXRlIjo2MDAwMDAwMDAwMDAsImRlbGV0ZSI6MTIwMDAwMDAwMDAwMCwicmVhZCI6OTAwMDAwMDAwMDAwLCJ1cGRhdGUiOjYwMDAwMDAwMDAwMH0sInNjaGVtYV92ZXJzaW9uIjoiMiJ9",
          "dependencies": [
            "aws_key_pair.generated",
            "aws_security_group.ingress-ssh",
            "aws_security_group.vpc-ping",
            "aws_security_group.vpc-web",
            "aws_subnet.public_subnets",
            "aws_vpc.vpc",
            "data.aws_ami.ubuntu",
            "data.aws_availability_zones.available",
            "local_file.private_key_pem",
            "tls_private_key.generated"
          ]
        }
      ]
    },
    {
      "mode": "managed",
      "type": "aws_internet_gateway",
      "name": "internet_gateway",
      "provider": "provider[\"registry.terraform.io/hashicorp/aws\"]",
      "instances": [
        {
          "schema_version": 0,
          "attributes": {
            "arn": "arn:aws:ec2:us-east-1:240617603981:internet-gateway/igw-02cd3a7f70bb2d3f0",
            "id": "igw-02cd3a7f70bb2d3f0",
            "owner_id": "240617603981",
            "region": "us-east-1",
            "tags": {
              "Name": "demo_igw"
            },
            "tags_all": {
              "Environment": "development",
              "Name": "demo_igw",
              "Owner": "Asaf",
              "Provisioned": "Terraform"
            },
            "timeouts": null,
            "vpc_id": "vpc-07d4c92bc799a1507"
          },
          "sensitive_attributes": [],
          "identity_schema_version": 0,
          "private": "eyJlMmJmYjczMC1lY2FhLTExZTYtOGY4OC0zNDM2M2JjN2M0YzAiOnsiY3JlYXRlIjoxMjAwMDAwMDAwMDAwLCJkZWxldGUiOjEyMDAwMDAwMDAwMDAsInVwZGF0ZSI6MTIwMDAwMDAwMDAwMH19",
          "dependencies": [
            "aws_route_table.private_route_table",
            "aws_route_table.public_route_table",
            "aws_vpc.vpc"
          ]
        }
      ]
    },
    {
      "mode": "managed",
      "type": "aws_key_pair",
      "name": "generated",
      "provider": "provider[\"registry.terraform.io/hashicorp/aws\"]",
      "instances": [
        {
          "schema_version": 1,
          "attributes": {
            "arn": "arn:aws:ec2:us-east-1:240617603981:key-pair/MyAWSKey-development",
            "fingerprint": "fb:3b:70:98:17:de:b3:4c:df:30:23:70:af:0b:09:97",
            "id": "MyAWSKey-development",
            "key_name": "MyAWSKey-development",
            "key_name_prefix": "",
            "key_pair_id": "key-013616c2c49aa5baa",
            "key_type": "rsa",
            "public_key": "ssh-rsa AAAAB3NzaC1yc2EAAAADAQABAAABAQCxH/NZ6/Jvns30/aBlh2v7EAOrRMGhFd/YyLLpbrrl4dxl1bj2NTwZzg0jdnZH/KuuGkDLdNAFcV2EHPeNA35SXAn3e5Pl+Xu8t8G4evaXvwQSSKQmqqizQet0mAWm0nWnHicB+p+KpSU8KnLCQJGZFgajiIwtFjPmFBgGd0Aa3yCzg3r3qILtID8Tz9I6z6wD2vWLlUP2+5e0yjtKx0cbKEkjtNgZjJVzQiQrDC9So8cIXvZ025Ih48CGCB5880mahlZolSJk4DRXlleHOkxzWu5ukiw1P4XVTxSnpeKiEb3YmC4qzTg/xihWbN8qblj/cd/FY5ZdtJdqM6/zxA41",
            "region": "us-east-1",
            "tags": {},
            "tags_all": {
              "Environment": "development",
              "Owner": "Asaf",
              "Provisioned": "Terraform"
            }
          },
          "sensitive_attributes": [],
          "identity_schema_version": 0,
          "private": "eyJzY2hlbWFfdmVyc2lvbiI6IjEifQ==",
          "dependencies": [
            "tls_private_key.generated"
          ]
        }
      ]
    },
    {
      "mode": "managed",
      "type": "aws_route",
      "name": "private_default",
      "provider": "provider[\"registry.terraform.io/hashicorp/aws\"]",
      "instances": [
        {
          "schema_version": 0,
          "attributes": {
            "carrier_gateway_id": "",
            "core_network_arn": "",
            "destination_cidr_block": "0.0.0.0/0",
            "destination_ipv6_cidr_block": "",
            "destination_prefix_list_id": "",
            "egress_only_gateway_id": "",
            "gateway_id": "igw-02cd3a7f70bb2d3f0",
            "id": "r-rtb-087443efeab84286c1080289494",
            "instance_id": "",
            "instance_owner_id": "",
            "local_gateway_id": "",
            "nat_gateway_id": "",
            "network_interface_id": "",
            "origin": "CreateRoute",
            "region": "us-east-1",
            "route_table_id": "rtb-087443efeab84286c",
            "state": "active",
            "timeouts": null,
            "transit_gateway_id": "",
            "vpc_endpoint_id": "",
            "vpc_peering_connection_id": ""
          },
          "sensitive_attributes": [],
          "identity_schema_version": 0,
          "private": "eyJlMmJmYjczMC1lY2FhLTExZTYtOGY4OC0zNDM2M2JjN2M0YzAiOnsiY3JlYXRlIjozMDAwMDAwMDAwMDAsImRlbGV0ZSI6MzAwMDAwMDAwMDAwLCJ1cGRhdGUiOjEyMDAwMDAwMDAwMH19",
          "dependencies": [
            "aws_internet_gateway.internet_gateway",
            "aws_route_table.private_route_table",
            "aws_route_table.public_route_table",
            "aws_vpc.vpc"
          ]
        }
      ]
    },
    {
      "mode": "managed",
      "type": "aws_route",
      "name": "public_default",
      "provider": "provider[\"registry.terraform.io/hashicorp/aws\"]",
      "instances": [
        {
          "schema_version": 0,
          "attributes": {
            "carrier_gateway_id": "",
            "core_network_arn": "",
            "destination_cidr_block": "0.0.0.0/0",
            "destination_ipv6_cidr_block": "",
            "destination_prefix_list_id": "",
            "egress_only_gateway_id": "",
            "gateway_id": "igw-02cd3a7f70bb2d3f0",
            "id": "r-rtb-0c33f892554cef17a1080289494",
            "instance_id": "",
            "instance_owner_id": "",
            "local_gateway_id": "",
            "nat_gateway_id": "",
            "network_interface_id": "",
            "origin": "CreateRoute",
            "region": "us-east-1",
            "route_table_id": "rtb-0c33f892554cef17a",
            "state": "active",
            "timeouts": null,
            "transit_gateway_id": "",
            "vpc_endpoint_id": "",
            "vpc_peering_connection_id": ""
          },
          "sensitive_attributes": [],
          "identity_schema_version": 0,
          "private": "eyJlMmJmYjczMC1lY2FhLTExZTYtOGY4OC0zNDM2M2JjN2M0YzAiOnsiY3JlYXRlIjozMDAwMDAwMDAwMDAsImRlbGV0ZSI6MzAwMDAwMDAwMDAwLCJ1cGRhdGUiOjEyMDAwMDAwMDAwMH19",
          "dependencies": [
            "aws_internet_gateway.internet_gateway",
            "aws_route_table.private_route_table",
            "aws_route_table.public_route_table",
            "aws_vpc.vpc"
          ]
        }
      ]
    },
    {
      "mode": "managed",
      "type": "aws_route_table",
      "name": "private_route_table",
      "provider": "provider[\"registry.terraform.io/hashicorp/aws\"]",
      "instances": [
        {
          "schema_version": 0,
          "attributes": {
            "arn": "arn:aws:ec2:us-east-1:240617603981:route-table/rtb-087443efeab84286c",
            "id": "rtb-087443efeab84286c",
            "owner_id": "240617603981",
            "propagating_vgws": [],
            "region": "us-east-1",
            "route": [
              {
                "carrier_gateway_id": "",
                "cidr_block": "0.0.0.0/0",
                "core_network_arn": "",
                "destination_prefix_list_id": "",
                "egress_only_gateway_id": "",
                "gateway_id": "igw-02cd3a7f70bb2d3f0",
                "ipv6_cidr_block": "",
                "local_gateway_id": "",
                "nat_gateway_id": "",
                "network_interface_id": "",
                "transit_gateway_id": "",
                "vpc_endpoint_id": "",
                "vpc_peering_connection_id": ""
              }
            ],
            "tags": {
              "Name": "demo_private_rtb",
              "Terraform": "true"
            },
            "tags_all": {
              "Environment": "development",
              "Name": "demo_private_rtb",
              "Owner": "Asaf",
              "Provisioned": "Terraform",
              "Terraform": "true"
            },
            "timeouts": null,
            "vpc_id": "vpc-07d4c92bc799a1507"
          },
          "sensitive_attributes": [],
          "identity_schema_version": 0,
          "private": "eyJlMmJmYjczMC1lY2FhLTExZTYtOGY4OC0zNDM2M2JjN2M0YzAiOnsiY3JlYXRlIjozMDAwMDAwMDAwMDAsImRlbGV0ZSI6MzAwMDAwMDAwMDAwLCJ1cGRhdGUiOjEyMDAwMDAwMDAwMH19",
          "dependencies": [
            "aws_vpc.vpc"
          ]
        }
      ]
    },
    {
      "mode": "managed",
      "type": "aws_route_table",
      "name": "public_route_table",
      "provider": "provider[\"registry.terraform.io/hashicorp/aws\"]",
      "instances": [
        {
          "schema_version": 0,
          "attributes": {
            "arn": "arn:aws:ec2:us-east-1:240617603981:route-table/rtb-0c33f892554cef17a",
            "id": "rtb-0c33f892554cef17a",
            "owner_id": "240617603981",
            "propagating_vgws": [],
            "region": "us-east-1",
            "route": [
              {
                "carrier_gateway_id": "",
                "cidr_block": "0.0.0.0/0",
                "core_network_arn": "",
                "destination_prefix_list_id": "",
                "egress_only_gateway_id": "",
                "gateway_id": "igw-02cd3a7f70bb2d3f0",
                "ipv6_cidr_block": "",
                "local_gateway_id": "",
                "nat_gateway_id": "",
                "network_interface_id": "",
                "transit_gateway_id": "",
                "vpc_endpoint_id": "",
                "vpc_peering_connection_id": ""
              }
            ],
            "tags": {
              "Name": "demo_public_rtb",
              "Terraform": "true"
            },
            "tags_all": {
              "Environment": "development",
              "Name": "demo_public_rtb",
              "Owner": "Asaf",
              "Provisioned": "Terraform",
              "Terraform": "true"
            },
            "timeouts": null,
            "vpc_id": "vpc-07d4c92bc799a1507"
          },
          "sensitive_attributes": [],
          "identity_schema_version": 0,
          "private": "eyJlMmJmYjczMC1lY2FhLTExZTYtOGY4OC0zNDM2M2JjN2M0YzAiOnsiY3JlYXRlIjozMDAwMDAwMDAwMDAsImRlbGV0ZSI6MzAwMDAwMDAwMDAwLCJ1cGRhdGUiOjEyMDAwMDAwMDAwMH19",
          "dependencies": [
            "aws_vpc.vpc"
          ]
        }
      ]
    },
    {
      "mode": "managed",
      "type": "aws_route_table_association",
      "name": "private",
      "provider": "provider[\"registry.terraform.io/hashicorp/aws\"]",
      "instances": [
        {
          "index_key": "private_subnet_1",
          "schema_version": 0,
          "attributes": {
            "gateway_id": "",
            "id": "rtbassoc-0c55e764597ec320d",
            "region": "us-east-1",
            "route_table_id": "rtb-087443efeab84286c",
            "subnet_id": "subnet-023d994e2556aaef7",
            "timeouts": null
          },
          "sensitive_attributes": [],
          "identity_schema_version": 0,
          "private": "eyJlMmJmYjczMC1lY2FhLTExZTYtOGY4OC0zNDM2M2JjN2M0YzAiOnsiY3JlYXRlIjozMDAwMDAwMDAwMDAsImRlbGV0ZSI6MzAwMDAwMDAwMDAwLCJ1cGRhdGUiOjEyMDAwMDAwMDAwMH19",
          "dependencies": [
            "aws_route_table.private_route_table",
            "aws_subnet.private_subnets",
            "aws_vpc.vpc",
            "data.aws_availability_zones.available"
          ]
        },
        {
          "index_key": "private_subnet_2",
          "schema_version": 0,
          "attributes": {
            "gateway_id": "",
            "id": "rtbassoc-08e243281302b1a98",
            "region": "us-east-1",
            "route_table_id": "rtb-087443efeab84286c",
            "subnet_id": "subnet-096062d8542608c7f",
            "timeouts": null
          },
          "sensitive_attributes": [],
          "identity_schema_version": 0,
          "private": "eyJlMmJmYjczMC1lY2FhLTExZTYtOGY4OC0zNDM2M2JjN2M0YzAiOnsiY3JlYXRlIjozMDAwMDAwMDAwMDAsImRlbGV0ZSI6MzAwMDAwMDAwMDAwLCJ1cGRhdGUiOjEyMDAwMDAwMDAwMH19",
          "dependencies": [
            "aws_route_table.private_route_table",
            "aws_subnet.private_subnets",
            "aws_vpc.vpc",
            "data.aws_availability_zones.available"
          ]
        },
        {
          "index_key": "private_subnet_3",
          "schema_version": 0,
          "attributes": {
            "gateway_id": "",
            "id": "rtbassoc-03762a853b757b0e4",
            "region": "us-east-1",
            "route_table_id": "rtb-087443efeab84286c",
            "subnet_id": "subnet-06553ec84e8e662e5",
            "timeouts": null
          },
          "sensitive_attributes": [],
          "identity_schema_version": 0,
          "private": "eyJlMmJmYjczMC1lY2FhLTExZTYtOGY4OC0zNDM2M2JjN2M0YzAiOnsiY3JlYXRlIjozMDAwMDAwMDAwMDAsImRlbGV0ZSI6MzAwMDAwMDAwMDAwLCJ1cGRhdGUiOjEyMDAwMDAwMDAwMH19",
          "dependencies": [
            "aws_route_table.private_route_table",
            "aws_subnet.private_subnets",
            "aws_vpc.vpc",
            "data.aws_availability_zones.available"
          ]
        }
      ]
    },
    {
      "mode": "managed",
      "type": "aws_route_table_association",
      "name": "public",
      "provider": "provider[\"registry.terraform.io/hashicorp/aws\"]",
      "instances": [
        {
          "index_key": "public_subnet_1",
          "schema_version": 0,
          "attributes": {
            "gateway_id": "",
            "id": "rtbassoc-087f90edbf2651d1a",
            "region": "us-east-1",
            "route_table_id": "rtb-0c33f892554cef17a",
            "subnet_id": "subnet-0999c739fc90c51e9",
            "timeouts": null
          },
          "sensitive_attributes": [],
          "identity_schema_version": 0,
          "private": "eyJlMmJmYjczMC1lY2FhLTExZTYtOGY4OC0zNDM2M2JjN2M0YzAiOnsiY3JlYXRlIjozMDAwMDAwMDAwMDAsImRlbGV0ZSI6MzAwMDAwMDAwMDAwLCJ1cGRhdGUiOjEyMDAwMDAwMDAwMH19",
          "dependencies": [
            "aws_route_table.public_route_table",
            "aws_subnet.public_subnets",
            "aws_vpc.vpc",
            "data.aws_availability_zones.available"
          ]
        },
        {
          "index_key": "public_subnet_2",
          "schema_version": 0,
          "attributes": {
            "gateway_id": "",
            "id": "rtbassoc-08dc759e645c669b9",
            "region": "us-east-1",
            "route_table_id": "rtb-0c33f892554cef17a",
            "subnet_id": "subnet-00bcd4c5b73842859",
            "timeouts": null
          },
          "sensitive_attributes": [],
          "identity_schema_version": 0,
          "private": "eyJlMmJmYjczMC1lY2FhLTExZTYtOGY4OC0zNDM2M2JjN2M0YzAiOnsiY3JlYXRlIjozMDAwMDAwMDAwMDAsImRlbGV0ZSI6MzAwMDAwMDAwMDAwLCJ1cGRhdGUiOjEyMDAwMDAwMDAwMH19",
          "dependencies": [
            "aws_route_table.public_route_table",
            "aws_subnet.public_subnets",
            "aws_vpc.vpc",
            "data.aws_availability_zones.available"
          ]
        },
        {
          "index_key": "public_subnet_3",
          "schema_version": 0,
          "attributes": {
            "gateway_id": "",
            "id": "rtbassoc-0136c351759739113",
            "region": "us-east-1",
            "route_table_id": "rtb-0c33f892554cef17a",
            "subnet_id": "subnet-0fb23f8908a3216ab",
            "timeouts": null
          },
          "sensitive_attributes": [],
          "identity_schema_version": 0,
          "private": "eyJlMmJmYjczMC1lY2FhLTExZTYtOGY4OC0zNDM2M2JjN2M0YzAiOnsiY3JlYXRlIjozMDAwMDAwMDAwMDAsImRlbGV0ZSI6MzAwMDAwMDAwMDAwLCJ1cGRhdGUiOjEyMDAwMDAwMDAwMH19",
          "dependencies": [
            "aws_route_table.public_route_table",
            "aws_subnet.public_subnets",
            "aws_vpc.vpc",
            "data.aws_availability_zones.available"
          ]
        }
      ]
    },
    {
      "mode": "managed",
      "type": "aws_s3_bucket",
      "name": "my-new-s3-bucket",
      "provider": "provider[\"registry.terraform.io/hashicorp/aws\"]",
      "instances": [
        {
          "schema_version": 0,
          "attributes": {
            "acceleration_status": "",
            "acl": null,
            "arn": "arn:aws:s3:::asaf-e222fb3e031d0b34cff6d5aa0d7a5a01",
            "bucket": "asaf-e222fb3e031d0b34cff6d5aa0d7a5a01",
            "bucket_domain_name": "asaf-e222fb3e031d0b34cff6d5aa0d7a5a01.s3.amazonaws.com",
            "bucket_prefix": "asaf-e222fb",
            "bucket_region": "us-east-1",
            "bucket_regional_domain_name": "asaf-e222fb3e031d0b34cff6d5aa0d7a5a01.s3.us-east-1.amazonaws.com",
            "cors_rule": [],
            "force_destroy": false,
            "grant": [
              {
                "id": "5a28a3ff6e12962898d42e4f332280cf2bd5940cd123685941b05895814d806a",
                "permissions": [
                  "FULL_CONTROL"
                ],
                "type": "CanonicalUser",
                "uri": ""
              }
            ],
            "hosted_zone_id": "Z3AQBSTGFYJSTF",
            "id": "asaf-e222fb3e031d0b34cff6d5aa0d7a5a01",
            "lifecycle_rule": [],
            "logging": [],
            "object_lock_configuration": [],
            "object_lock_enabled": false,
            "policy": "",
            "region": "us-east-1",
            "replication_configuration": [],
            "request_payer": "BucketOwner",
            "server_side_encryption_configuration": [
              {
                "rule": [
                  {
                    "apply_server_side_encryption_by_default": [
                      {
                        "kms_master_key_id": "",
                        "sse_algorithm": "AES256"
                      }
                    ],
                    "bucket_key_enabled": false
                  }
                ]
              }
            ],
            "tags": {
              "Name": "My S3 bucket",
              "Purpuse": "Intro to resource blocks lab"
            },
            "tags_all": {
              "Environment": "development",
              "Name": "My S3 bucket",
              "Owner": "Asaf",
              "Provisioned": "Terraform",
              "Purpuse": "Intro to resource blocks lab"
            },
            "timeouts": null,
            "versioning": [
              {
                "enabled": false,
                "mfa_delete": false
              }
            ],
            "website": [],
            "website_domain": null,
            "website_endpoint": null
          },
          "sensitive_attributes": [],
          "identity_schema_version": 0,
          "identity": {
            "account_id": "240617603981",
            "bucket": "asaf-e222fb3e031d0b34cff6d5aa0d7a5a01",
            "region": "us-east-1"
          },
          "private": "eyJlMmJmYjczMC1lY2FhLTExZTYtOGY4OC0zNDM2M2JjN2M0YzAiOnsiY3JlYXRlIjoxMjAwMDAwMDAwMDAwLCJkZWxldGUiOjM2MDAwMDAwMDAwMDAsInJlYWQiOjEyMDAwMDAwMDAwMDAsInVwZGF0ZSI6MTIwMDAwMDAwMDAwMH19",
          "dependencies": [
            "random_id.randomness"
          ]
        }
      ]
    },
    {
      "mode": "managed",
      "type": "aws_s3_bucket_acl",
      "name": "my-new-s3-bucket_acl",
      "provider": "provider[\"registry.terraform.io/hashicorp/aws\"]",
      "instances": [
        {
          "schema_version": 0,
          "attributes": {
            "access_control_policy": [
              {
                "grant": [
                  {
                    "grantee": [
                      {
                        "display_name": "asafsenator2",
                        "email_address": "",
                        "id": "5a28a3ff6e12962898d42e4f332280cf2bd5940cd123685941b05895814d806a",
                        "type": "CanonicalUser",
                        "uri": ""
                      }
                    ],
                    "permission": "FULL_CONTROL"
                  }
                ],
                "owner": [
                  {
                    "display_name": "asafsenator2",
                    "id": "5a28a3ff6e12962898d42e4f332280cf2bd5940cd123685941b05895814d806a"
                  }
                ]
              }
            ],
            "acl": "private",
            "bucket": "asaf-e222fb3e031d0b34cff6d5aa0d7a5a01",
            "expected_bucket_owner": "",
            "id": "asaf-e222fb3e031d0b34cff6d5aa0d7a5a01,private",
            "region": "us-east-1"
          },
          "sensitive_attributes": [],
          "identity_schema_version": 0,
          "private": "bnVsbA==",
          "dependencies": [
            "aws_s3_bucket.my-new-s3-bucket",
            "aws_s3_bucket_ownership_controls.ownership",
            "random_id.randomness"
          ]
        }
      ]
    },
    {
      "mode": "managed",
      "type": "aws_s3_bucket_ownership_controls",
      "name": "ownership",
      "provider": "provider[\"registry.terraform.io/hashicorp/aws\"]",
      "instances": [
        {
          "schema_version": 0,
          "attributes": {
            "bucket": "asaf-e222fb3e031d0b34cff6d5aa0d7a5a01",
            "id": "asaf-e222fb3e031d0b34cff6d5aa0d7a5a01",
            "region": "us-east-1",
            "rule": [
              {
                "object_ownership": "ObjectWriter"
              }
            ]
          },
          "sensitive_attributes": [],
          "identity_schema_version": 0,
          "private": "bnVsbA==",
          "dependencies": [
            "aws_s3_bucket.my-new-s3-bucket",
            "random_id.randomness"
          ]
        }
      ]
    },
    {
      "mode": "managed",
      "type": "aws_security_group",
      "name": "ingress-ssh",
      "provider": "provider[\"registry.terraform.io/hashicorp/aws\"]",
      "instances": [
        {
          "schema_version": 1,
          "attributes": {
            "arn": "arn:aws:ec2:us-east-1:240617603981:security-group/sg-055f00aea4492bde5",
            "description": "Allow ssh inbound traffic",
            "egress": [
              {
                "cidr_blocks": [
                  "0.0.0.0/0"
                ],
                "description": "",
                "from_port": 0,
                "ipv6_cidr_blocks": [],
                "prefix_list_ids": [],
                "protocol": "-1",
                "security_groups": [],
                "self": false,
                "to_port": 0
              }
            ],
            "id": "sg-055f00aea4492bde5",
            "ingress": [
              {
                "cidr_blocks": [
                  "0.0.0.0/0"
                ],
                "description": "Allow SSH",
                "from_port": 22,
                "ipv6_cidr_blocks": [],
                "prefix_list_ids": [],
                "protocol": "tcp",
                "security_groups": [],
                "self": false,
                "to_port": 22
              }
            ],
            "name": "allow-all-ssh",
            "name_prefix": "",
            "owner_id": "240617603981",
            "region": "us-east-1",
            "revoke_rules_on_delete": false,
            "tags": {},
            "tags_all": {
              "Environment": "development",
              "Owner": "Asaf",
              "Provisioned": "Terraform"
            },
            "timeouts": null,
            "vpc_id": "vpc-07d4c92bc799a1507"
          },
          "sensitive_attributes": [],
          "identity_schema_version": 0,
          "private": "eyJlMmJmYjczMC1lY2FhLTExZTYtOGY4OC0zNDM2M2JjN2M0YzAiOnsiY3JlYXRlIjo2MDAwMDAwMDAwMDAsImRlbGV0ZSI6OTAwMDAwMDAwMDAwfSwic2NoZW1hX3ZlcnNpb24iOiIxIn0=",
          "dependencies": [
            "aws_vpc.vpc"
          ]
        }
      ]
    },
    {
      "mode": "managed",
      "type": "aws_security_group",
      "name": "my-new-security-group",
      "provider": "provider[\"registry.terraform.io/hashicorp/aws\"]",
      "instances": [
        {
          "schema_version": 1,
          "attributes": {
            "arn": "arn:aws:ec2:us-east-1:240617603981:security-group/sg-0c2dc86379eac3172",
            "description": "Allow inbound traffic on tcp/443",
            "egress": [],
            "id": "sg-0c2dc86379eac3172",
            "ingress": [
              {
                "cidr_blocks": [
                  "0.0.0.0/2"
                ],
                "description": "TLS from VPC",
                "from_port": 443,
                "ipv6_cidr_blocks": [],
                "prefix_list_ids": [],
                "protocol": "tcp",
                "security_groups": [],
                "self": false,
                "to_port": 443
              }
            ],
            "name": "web-server-inbound",
            "name_prefix": "",
            "owner_id": "240617603981",
            "region": "us-east-1",
            "revoke_rules_on_delete": false,
            "tags": {
              "Name": "web_server_inbound",
              "Purpose": "Intro to resource blocks lab"
            },
            "tags_all": {
              "Environment": "development",
              "Name": "web_server_inbound",
              "Owner": "Asaf",
              "Provisioned": "Terraform",
              "Purpose": "Intro to resource blocks lab"
            },
            "timeouts": null,
            "vpc_id": "vpc-07d4c92bc799a1507"
          },
          "sensitive_attributes": [],
          "identity_schema_version": 0,
          "private": "eyJlMmJmYjczMC1lY2FhLTExZTYtOGY4OC0zNDM2M2JjN2M0YzAiOnsiY3JlYXRlIjo2MDAwMDAwMDAwMDAsImRlbGV0ZSI6OTAwMDAwMDAwMDAwfSwic2NoZW1hX3ZlcnNpb24iOiIxIn0=",
          "dependencies": [
            "aws_vpc.vpc"
          ]
        }
      ]
    },
    {
      "mode": "managed",
      "type": "aws_security_group",
      "name": "vpc-ping",
      "provider": "provider[\"registry.terraform.io/hashicorp/aws\"]",
      "instances": [
        {
          "schema_version": 1,
          "attributes": {
            "arn": "arn:aws:ec2:us-east-1:240617603981:security-group/sg-061e0bcea3d1d6916",
            "description": "ICMP for Ping Access",
            "egress": [
              {
                "cidr_blocks": [
                  "0.0.0.0/0"
                ],
                "description": "Allow all ip and ports outbound",
                "from_port": 0,
                "ipv6_cidr_blocks": [],
                "prefix_list_ids": [],
                "protocol": "-1",
                "security_groups": [],
                "self": false,
                "to_port": 0
              }
            ],
            "id": "sg-061e0bcea3d1d6916",
            "ingress": [
              {
                "cidr_blocks": [
                  "0.0.0.0/0"
                ],
                "description": "Allow ICMP Traffic",
                "from_port": -1,
                "ipv6_cidr_blocks": [],
                "prefix_list_ids": [],
                "protocol": "icmp",
                "security_groups": [],
                "self": false,
                "to_port": -1
              }
            ],
            "name": "vpc-ping",
            "name_prefix": "",
            "owner_id": "240617603981",
            "region": "us-east-1",
            "revoke_rules_on_delete": false,
            "tags": {},
            "tags_all": {
              "Environment": "development",
              "Owner": "Asaf",
              "Provisioned": "Terraform"
            },
            "timeouts": null,
            "vpc_id": "vpc-07d4c92bc799a1507"
          },
          "sensitive_attributes": [],
          "identity_schema_version": 0,
          "private": "eyJlMmJmYjczMC1lY2FhLTExZTYtOGY4OC0zNDM2M2JjN2M0YzAiOnsiY3JlYXRlIjo2MDAwMDAwMDAwMDAsImRlbGV0ZSI6OTAwMDAwMDAwMDAwfSwic2NoZW1hX3ZlcnNpb24iOiIxIn0=",
          "dependencies": [
            "aws_vpc.vpc"
          ]
        }
      ]
    },
    {
      "mode": "managed",
      "type": "aws_security_group",
      "name": "vpc-web",
      "provider": "provider[\"registry.terraform.io/hashicorp/aws\"]",
      "instances": [
        {
          "schema_version": 1,
          "attributes": {
            "arn": "arn:aws:ec2:us-east-1:240617603981:security-group/sg-064c2d96743ef83d5",
            "description": "Web Traffic",
            "egress": [
              {
                "cidr_blocks": [
                  "0.0.0.0/0"
                ],
                "description": "Allow all ip and ports outbound",
                "from_port": 0,
                "ipv6_cidr_blocks": [],
                "prefix_list_ids": [],
                "protocol": "-1",
                "security_groups": [],
                "self": false,
                "to_port": 0
              }
            ],
            "id": "sg-064c2d96743ef83d5",
            "ingress": [
              {
                "cidr_blocks": [
                  "0.0.0.0/0"
                ],
                "description": "Allow Port 443",
                "from_port": 443,
                "ipv6_cidr_blocks": [],
                "prefix_list_ids": [],
                "protocol": "tcp",
                "security_groups": [],
                "self": false,
                "to_port": 443
              },
              {
                "cidr_blocks": [
                  "0.0.0.0/0"
                ],
                "description": "Allow Port 80",
                "from_port": 80,
                "ipv6_cidr_blocks": [],
                "prefix_list_ids": [],
                "protocol": "tcp",
                "security_groups": [],
                "self": false,
                "to_port": 80
              }
            ],
            "name": "vpc-web-development",
            "name_prefix": "",
            "owner_id": "240617603981",
            "region": "us-east-1",
            "revoke_rules_on_delete": false,
            "tags": {},
            "tags_all": {
              "Environment": "development",
              "Owner": "Asaf",
              "Provisioned": "Terraform"
            },
            "timeouts": null,
            "vpc_id": "vpc-07d4c92bc799a1507"
          },
          "sensitive_attributes": [],
          "identity_schema_version": 0,
          "private": "eyJlMmJmYjczMC1lY2FhLTExZTYtOGY4OC0zNDM2M2JjN2M0YzAiOnsiY3JlYXRlIjo2MDAwMDAwMDAwMDAsImRlbGV0ZSI6OTAwMDAwMDAwMDAwfSwic2NoZW1hX3ZlcnNpb24iOiIxIn0=",
          "dependencies": [
            "aws_vpc.vpc"
          ]
        }
      ]
    },
    {
      "mode": "managed",
      "type": "aws_subnet",
      "name": "private_subnets",
      "provider": "provider[\"registry.terraform.io/hashicorp/aws\"]",
      "instances": [
        {
          "index_key": "private_subnet_1",
          "schema_version": 1,
          "attributes": {
            "arn": "arn:aws:ec2:us-east-1:240617603981:subnet/subnet-023d994e2556aaef7",
            "assign_ipv6_address_on_creation": false,
            "availability_zone": "us-east-1a",
            "availability_zone_id": "use1-az6",
            "cidr_block": "10.0.1.0/24",
            "customer_owned_ipv4_pool": "",
            "enable_dns64": false,
            "enable_lni_at_device_index": 0,
            "enable_resource_name_dns_a_record_on_launch": false,
            "enable_resource_name_dns_aaaa_record_on_launch": false,
            "id": "subnet-023d994e2556aaef7",
            "ipv6_cidr_block": "",
            "ipv6_cidr_block_association_id": "",
            "ipv6_native": false,
            "map_customer_owned_ip_on_launch": false,
            "map_public_ip_on_launch": false,
            "outpost_arn": "",
            "owner_id": "240617603981",
            "private_dns_hostname_type_on_launch": "ip-name",
            "region": "us-east-1",
            "tags": {
              "Name": "private_subnet_1",
              "Terraform": "true"
            },
            "tags_all": {
              "Environment": "development",
              "Name": "private_subnet_1",
              "Owner": "Asaf",
              "Provisioned": "Terraform",
              "Terraform": "true"
            },
            "timeouts": null,
            "vpc_id": "vpc-07d4c92bc799a1507"
          },
          "sensitive_attributes": [],
          "identity_schema_version": 0,
          "private": "eyJlMmJmYjczMC1lY2FhLTExZTYtOGY4OC0zNDM2M2JjN2M0YzAiOnsiY3JlYXRlIjo2MDAwMDAwMDAwMDAsImRlbGV0ZSI6MTIwMDAwMDAwMDAwMH0sInNjaGVtYV92ZXJzaW9uIjoiMSJ9",
          "dependencies": [
            "aws_vpc.vpc",
            "data.aws_availability_zones.available"
          ]
        },
        {
          "index_key": "private_subnet_2",
          "schema_version": 1,
          "attributes": {
            "arn": "arn:aws:ec2:us-east-1:240617603981:subnet/subnet-096062d8542608c7f",
            "assign_ipv6_address_on_creation": false,
            "availability_zone": "us-east-1b",
            "availability_zone_id": "use1-az1",
            "cidr_block": "10.0.2.0/24",
            "customer_owned_ipv4_pool": "",
            "enable_dns64": false,
            "enable_lni_at_device_index": 0,
            "enable_resource_name_dns_a_record_on_launch": false,
            "enable_resource_name_dns_aaaa_record_on_launch": false,
            "id": "subnet-096062d8542608c7f",
            "ipv6_cidr_block": "",
            "ipv6_cidr_block_association_id": "",
            "ipv6_native": false,
            "map_customer_owned_ip_on_launch": false,
            "map_public_ip_on_launch": false,
            "outpost_arn": "",
            "owner_id": "240617603981",
            "private_dns_hostname_type_on_launch": "ip-name",
            "region": "us-east-1",
            "tags": {
              "Name": "private_subnet_2",
              "Terraform": "true"
            },
            "tags_all": {
              "Environment": "development",
              "Name": "private_subnet_2",
              "Owner": "Asaf",
              "Provisioned": "Terraform",
              "Terraform": "true"
            },
            "timeouts": null,
            "vpc_id": "vpc-07d4c92bc799a1507"
          },
          "sensitive_attributes": [],
          "identity_schema_version": 0,
          "private": "eyJlMmJmYjczMC1lY2FhLTExZTYtOGY4OC0zNDM2M2JjN2M0YzAiOnsiY3JlYXRlIjo2MDAwMDAwMDAwMDAsImRlbGV0ZSI6MTIwMDAwMDAwMDAwMH0sInNjaGVtYV92ZXJzaW9uIjoiMSJ9",
          "dependencies": [
            "aws_vpc.vpc",
            "data.aws_availability_zones.available"
          ]
        },
        {
          "index_key": "private_subnet_3",
          "schema_version": 1,
          "attributes": {
            "arn": "arn:aws:ec2:us-east-1:240617603981:subnet/subnet-06553ec84e8e662e5",
            "assign_ipv6_address_on_creation": false,
            "availability_zone": "us-east-1c",
            "availability_zone_id": "use1-az2",
            "cidr_block": "10.0.3.0/24",
            "customer_owned_ipv4_pool": "",
            "enable_dns64": false,
            "enable_lni_at_device_index": 0,
            "enable_resource_name_dns_a_record_on_launch": false,
            "enable_resource_name_dns_aaaa_record_on_launch": false,
            "id": "subnet-06553ec84e8e662e5",
            "ipv6_cidr_block": "",
            "ipv6_cidr_block_association_id": "",
            "ipv6_native": false,
            "map_customer_owned_ip_on_launch": false,
            "map_public_ip_on_launch": false,
            "outpost_arn": "",
            "owner_id": "240617603981",
            "private_dns_hostname_type_on_launch": "ip-name",
            "region": "us-east-1",
            "tags": {
              "Name": "private_subnet_3",
              "Terraform": "true"
            },
            "tags_all": {
              "Environment": "development",
              "Name": "private_subnet_3",
              "Owner": "Asaf",
              "Provisioned": "Terraform",
              "Terraform": "true"
            },
            "timeouts": null,
            "vpc_id": "vpc-07d4c92bc799a1507"
          },
          "sensitive_attributes": [],
          "identity_schema_version": 0,
          "private": "eyJlMmJmYjczMC1lY2FhLTExZTYtOGY4OC0zNDM2M2JjN2M0YzAiOnsiY3JlYXRlIjo2MDAwMDAwMDAwMDAsImRlbGV0ZSI6MTIwMDAwMDAwMDAwMH0sInNjaGVtYV92ZXJzaW9uIjoiMSJ9",
          "dependencies": [
            "aws_vpc.vpc",
            "data.aws_availability_zones.available"
          ]
        }
      ]
    },
    {
      "mode": "managed",
      "type": "aws_subnet",
      "name": "public_subnets",
      "provider": "provider[\"registry.terraform.io/hashicorp/aws\"]",
      "instances": [
        {
          "index_key": "public_subnet_1",
          "schema_version": 1,
          "attributes": {
            "arn": "arn:aws:ec2:us-east-1:240617603981:subnet/subnet-0999c739fc90c51e9",
            "assign_ipv6_address_on_creation": false,
            "availability_zone": "us-east-1a",
            "availability_zone_id": "use1-az6",
            "cidr_block": "10.0.101.0/24",
            "customer_owned_ipv4_pool": "",
            "enable_dns64": false,
            "enable_lni_at_device_index": 0,
            "enable_resource_name_dns_a_record_on_launch": false,
            "enable_resource_name_dns_aaaa_record_on_launch": false,
            "id": "subnet-0999c739fc90c51e9",
            "ipv6_cidr_block": "",
            "ipv6_cidr_block_association_id": "",
            "ipv6_native": false,
            "map_customer_owned_ip_on_launch": false,
            "map_public_ip_on_launch": true,
            "outpost_arn": "",
            "owner_id": "240617603981",
            "private_dns_hostname_type_on_launch": "ip-name",
            "region": "us-east-1",
            "tags": {
              "Name": "public_subnet_1",
              "Terraform": "true"
            },
            "tags_all": {
              "Environment": "development",
              "Name": "public_subnet_1",
              "Owner": "Asaf",
              "Provisioned": "Terraform",
              "Terraform": "true"
            },
            "timeouts": null,
            "vpc_id": "vpc-07d4c92bc799a1507"
          },
          "sensitive_attributes": [],
          "identity_schema_version": 0,
          "private": "eyJlMmJmYjczMC1lY2FhLTExZTYtOGY4OC0zNDM2M2JjN2M0YzAiOnsiY3JlYXRlIjo2MDAwMDAwMDAwMDAsImRlbGV0ZSI6MTIwMDAwMDAwMDAwMH0sInNjaGVtYV92ZXJzaW9uIjoiMSJ9",
          "dependencies": [
            "aws_vpc.vpc",
            "data.aws_availability_zones.available"
          ]
        },
        {
          "index_key": "public_subnet_2",
          "schema_version": 1,
          "attributes": {
            "arn": "arn:aws:ec2:us-east-1:240617603981:subnet/subnet-00bcd4c5b73842859",
            "assign_ipv6_address_on_creation": false,
            "availability_zone": "us-east-1b",
            "availability_zone_id": "use1-az1",
            "cidr_block": "10.0.102.0/24",
            "customer_owned_ipv4_pool": "",
            "enable_dns64": false,
            "enable_lni_at_device_index": 0,
            "enable_resource_name_dns_a_record_on_launch": false,
            "enable_resource_name_dns_aaaa_record_on_launch": false,
            "id": "subnet-00bcd4c5b73842859",
            "ipv6_cidr_block": "",
            "ipv6_cidr_block_association_id": "",
            "ipv6_native": false,
            "map_customer_owned_ip_on_launch": false,
            "map_public_ip_on_launch": true,
            "outpost_arn": "",
            "owner_id": "240617603981",
            "private_dns_hostname_type_on_launch": "ip-name",
            "region": "us-east-1",
            "tags": {
              "Name": "public_subnet_2",
              "Terraform": "true"
            },
            "tags_all": {
              "Environment": "development",
              "Name": "public_subnet_2",
              "Owner": "Asaf",
              "Provisioned": "Terraform",
              "Terraform": "true"
            },
            "timeouts": null,
            "vpc_id": "vpc-07d4c92bc799a1507"
          },
          "sensitive_attributes": [],
          "identity_schema_version": 0,
          "private": "eyJlMmJmYjczMC1lY2FhLTExZTYtOGY4OC0zNDM2M2JjN2M0YzAiOnsiY3JlYXRlIjo2MDAwMDAwMDAwMDAsImRlbGV0ZSI6MTIwMDAwMDAwMDAwMH0sInNjaGVtYV92ZXJzaW9uIjoiMSJ9",
          "dependencies": [
            "aws_vpc.vpc",
            "data.aws_availability_zones.available"
          ]
        },
        {
          "index_key": "public_subnet_3",
          "schema_version": 1,
          "attributes": {
            "arn": "arn:aws:ec2:us-east-1:240617603981:subnet/subnet-0fb23f8908a3216ab",
            "assign_ipv6_address_on_creation": false,
            "availability_zone": "us-east-1c",
            "availability_zone_id": "use1-az2",
            "cidr_block": "10.0.103.0/24",
            "customer_owned_ipv4_pool": "",
            "enable_dns64": false,
            "enable_lni_at_device_index": 0,
            "enable_resource_name_dns_a_record_on_launch": false,
            "enable_resource_name_dns_aaaa_record_on_launch": false,
            "id": "subnet-0fb23f8908a3216ab",
            "ipv6_cidr_block": "",
            "ipv6_cidr_block_association_id": "",
            "ipv6_native": false,
            "map_customer_owned_ip_on_launch": false,
            "map_public_ip_on_launch": true,
            "outpost_arn": "",
            "owner_id": "240617603981",
            "private_dns_hostname_type_on_launch": "ip-name",
            "region": "us-east-1",
            "tags": {
              "Name": "public_subnet_3",
              "Terraform": "true"
            },
            "tags_all": {
              "Environment": "development",
              "Name": "public_subnet_3",
              "Owner": "Asaf",
              "Provisioned": "Terraform",
              "Terraform": "true"
            },
            "timeouts": null,
            "vpc_id": "vpc-07d4c92bc799a1507"
          },
          "sensitive_attributes": [],
          "identity_schema_version": 0,
          "private": "eyJlMmJmYjczMC1lY2FhLTExZTYtOGY4OC0zNDM2M2JjN2M0YzAiOnsiY3JlYXRlIjo2MDAwMDAwMDAwMDAsImRlbGV0ZSI6MTIwMDAwMDAwMDAwMH0sInNjaGVtYV92ZXJzaW9uIjoiMSJ9",
          "dependencies": [
            "aws_vpc.vpc",
            "data.aws_availability_zones.available"
          ]
        }
      ]
    },
    {
      "mode": "managed",
      "type": "aws_subnet",
      "name": "variable-subnet2",
      "provider": "provider[\"registry.terraform.io/hashicorp/aws\"]",
      "instances": [
        {
          "schema_version": 1,
          "attributes": {
            "arn": "arn:aws:ec2:us-east-1:240617603981:subnet/subnet-0501a22331b49743e",
            "assign_ipv6_address_on_creation": false,
            "availability_zone": "us-east-1a",
            "availability_zone_id": "use1-az6",
            "cidr_block": "10.0.202.0/24",
            "customer_owned_ipv4_pool": "",
            "enable_dns64": false,
            "enable_lni_at_device_index": 0,
            "enable_resource_name_dns_a_record_on_launch": false,
            "enable_resource_name_dns_aaaa_record_on_launch": false,
            "id": "subnet-0501a22331b49743e",
            "ipv6_cidr_block": "",
            "ipv6_cidr_block_association_id": "",
            "ipv6_native": false,
            "map_customer_owned_ip_on_launch": false,
            "map_public_ip_on_launch": true,
            "outpost_arn": "",
            "owner_id": "240617603981",
            "private_dns_hostname_type_on_launch": "ip-name",
            "region": "us-east-1",
            "tags": {},
            "tags_all": {
              "Environment": "development",
              "Owner": "Asaf",
              "Provisioned": "Terraform"
            },
            "timeouts": null,
            "vpc_id": "vpc-07d4c92bc799a1507"
          },
          "sensitive_attributes": [],
          "identity_schema_version": 0,
          "private": "eyJlMmJmYjczMC1lY2FhLTExZTYtOGY4OC0zNDM2M2JjN2M0YzAiOnsiY3JlYXRlIjo2MDAwMDAwMDAwMDAsImRlbGV0ZSI6MTIwMDAwMDAwMDAwMH0sInNjaGVtYV92ZXJzaW9uIjoiMSJ9",
          "dependencies": [
            "aws_vpc.vpc"
          ]
        }
      ]
    },
    {
      "mode": "managed",
      "type": "aws_vpc",
      "name": "vpc",
      "provider": "provider[\"registry.terraform.io/hashicorp/aws\"]",
      "instances": [
        {
          "schema_version": 1,
          "attributes": {
            "arn": "arn:aws:ec2:us-east-1:240617603981:vpc/vpc-07d4c92bc799a1507",
            "assign_generated_ipv6_cidr_block": false,
            "cidr_block": "10.0.0.0/16",
            "default_network_acl_id": "acl-06479005fe972d239",
            "default_route_table_id": "rtb-0832fe14f9a3a090d",
            "default_security_group_id": "sg-0a479d45aab1fe163",
            "dhcp_options_id": "dopt-0727f33cf86c8dac0",
            "enable_dns_hostnames": false,
            "enable_dns_support": true,
            "enable_network_address_usage_metrics": false,
            "id": "vpc-07d4c92bc799a1507",
            "instance_tenancy": "default",
            "ipv4_ipam_pool_id": null,
            "ipv4_netmask_length": null,
            "ipv6_association_id": "",
            "ipv6_cidr_block": "",
            "ipv6_cidr_block_network_border_group": "",
            "ipv6_ipam_pool_id": "",
            "ipv6_netmask_length": 0,
            "main_route_table_id": "rtb-0832fe14f9a3a090d",
            "owner_id": "240617603981",
            "region": "us-east-1",
            "tags": {
              "Environment": "demo_environment",
              "Name": "demo_vpc",
              "Region": "us-east-1",
              "Terraform": "true"
            },
            "tags_all": {
              "Environment": "demo_environment",
              "Name": "demo_vpc",
              "Owner": "Asaf",
              "Provisioned": "Terraform",
              "Region": "us-east-1",
              "Terraform": "true"
            }
          },
          "sensitive_attributes": [],
          "identity_schema_version": 0,
          "private": "eyJzY2hlbWFfdmVyc2lvbiI6IjEifQ=="
        }
      ]
    },
    {
      "mode": "managed",
      "type": "local_file",
      "name": "private_key_pem",
      "provider": "provider[\"registry.terraform.io/hashicorp/local\"]",
      "instances": [
        {
          "schema_version": 0,
          "attributes": {
            "content": "-----BEGIN RSA PRIVATE KEY-----\nMIIEowIBAAKCAQEAsR/zWevyb57N9P2gZYdr+xADq0TBoRXf2Miy6W665eHcZdW4\n9jU8Gc4NI3Z2R/yrrhpAy3TQBXFdhBz3jQN+UlwJ93uT5fl7vLfBuHr2l78EEkik\nJqqos0HrdJgFptJ1px4nAfqfiqUlPCpywkCRmRYGo4iMLRYz5hQYBndAGt8gs4N6\n96iC7SA/E8/SOs+sA9r1i5VD9vuXtMo7SsdHGyhJI7TYGYyVc0IkKwwvUqPHCF72\ndNuSIePAhggefPNJmoZWaJUiZOA0V5ZXhzpMc1rubpIsNT+F1U8Up6XiohG92Jgu\nKs04P8YoVmzfKm5Y/3HfxWOWXbSXajOv88QONQIDAQABAoIBAA134nyPRmtaZfV1\nEQHnXudDpnkazKZqZWUJ4yDWPKac8Adbov7bDsDfkXwwK8+kKjceOUMUlM91I/6X\nEp50X4yfrFpXLpMpefvgSn4JS5WU/sLtJx48PSu0SCp2Iifh5PRaL0PP7NsRXQLK\n2i251IMRe7EVAaOusS+Tjj109TjrEhYNtNRPA3OINLnnswVfyl2dpDi0JOwqd9ZJ\nO+uNBloMI7ZGNPMndOf179biqIfg4KSNbXkzWV0gKWu+fjJiT2KcVGvZNHCgaL1i\nPvy5LMtb4GfSTONY53BLgBhF357zYcm2ZIkctzdHvT+MLWWKSSGzzeIuSpAnLUsf\n+3GQXJkCgYEAyZHlwgMrivk6woe1UcDQAgYN0D96guV2XAVBOA1Y5u8UGFEiuqjq\nJAubKCKNWEBhhmOVAQhqJSJGTmqViSs21XrYO6BZRLJDUc4udB1vs2NMevDxdAkG\n+w4Zfn5//6FuhWS42i5OQnwr2XEOT+CvvII20ybrCal8loVuZ8K3oNcCgYEA4PQ2\n70VSABNaba2cJkgyBW2wAmplDmIi1wcemFjzrAJxY/eP7cQb6m5j1d+c1jAEGc1V\nlZnhqPnId30o/QtMGXUkaTMjtOroBa9wOcUWPbtCaquew96GJArnEkBERQuC0ZXe\n8Eh2Ce+hVgWXbjgxIndKwYPaA5akbNxHvFkgy9MCgYABgDydvThNyJ1PZYNMIItr\n+G+R5WccImlHNiLOMAtBbPZRWAlSKn/T1OJK4jb7OT+AqK0rXMytihvL6a9DXjcC\nT+/cQc1oXYtyyH5ADxgN1edz4udpXcfXhrtZ3cdGOAWCqMVXmpCqnhIVhGn+3kVw\nued+mwOVBtYOqN+xlhmX8QKBgQDUUawH6cWbjKitHE9lUn7j4MNfhEwdZ0K68V1P\nLaXPk/6x+9c88vvmKIrSMlw1TNyR/dvpd3QlqJwtK1SkgSUyYf4bzMjG2XBk7VFf\nNUXovfXR+GnBNSYmnqO59i55fIPcjTf+UmYWurXsGxryTNcTUMSeIXSELorCtKaA\nfx8VQQKBgFvtzuBWye3IBaX3aREHYZ4GUqw8ca6Q6H5YLV43nfU6IWK/fVOU0Gd1\nJHhST8XxBS6HTz5S1g92vi3W4miErsqAf6UVNpLwOAiIVJ/6VRYz4p4AQO6D60/m\n5ybnzguOknXqoL6sea8baqNdPgzRi0Vm/roM2uGDFm6VIx64prqL\n-----END RSA PRIVATE KEY-----\n",
            "content_base64": null,
            "content_base64sha256": "4pSl55eEJDsIBYwBKWuTgZ6F9+XKz6KYzNUnAG4ZO2A=",
            "content_base64sha512": "JiCsmDtv7MLDEmxgqqbBtHCfbH40U0otZAVaiq/x54OpPflC/0UqXNgpkh7oC8xWnJTj9xpokA8SHHJeQws/mA==",
            "content_md5": "7537643cd14852d6a4193e529ee0d9cf",
            "content_sha1": "1f9d5f770de7b10346465f66ad6ee6492be5d150",
            "content_sha256": "e294a5e79784243b08058c01296b93819e85f7e5cacfa298ccd527006e193b60",
            "content_sha512": "2620ac983b6fecc2c3126c60aaa6c1b4709f6c7e34534a2d64055a8aaff1e783a93df942ff452a5cd829921ee80bcc569c94e3f71a68900f121c725e430b3f98",
            "directory_permission": "0777",
            "file_permission": "0777",
            "filename": "MyAWSKey.pem",
            "id": "1f9d5f770de7b10346465f66ad6ee6492be5d150",
            "sensitive_content": null,
            "source": null
          },
          "sensitive_attributes": [
            [
              {
                "type": "get_attr",
                "value": "content"
              }
            ],
            [
              {
                "type": "get_attr",
                "value": "sensitive_content"
              }
            ]
          ],
          "identity_schema_version": 0,
          "dependencies": [
            "tls_private_key.generated"
          ]
        }
      ]
    },
    {
      "mode": "managed",
      "type": "random_id",
      "name": "randomness",
      "provider": "provider[\"registry.terraform.io/hashicorp/random\"]",
      "instances": [
        {
          "schema_version": 0,
          "attributes": {
            "b64_std": "4iL7PgMdCzTP9tWqDXpaAQ==",
            "b64_url": "4iL7PgMdCzTP9tWqDXpaAQ",
            "byte_length": 16,
            "dec": "300587160938501330667776036646053108225",
            "hex": "e222fb3e031d0b34cff6d5aa0d7a5a01",
            "id": "4iL7PgMdCzTP9tWqDXpaAQ",
            "keepers": null,
            "prefix": null
          },
          "sensitive_attributes": [],
          "identity_schema_version": 0
        }
      ]
    },
    {
      "mode": "managed",
      "type": "tls_private_key",
      "name": "generated",
      "provider": "provider[\"registry.terraform.io/hashicorp/tls\"]",
      "instances": [
        {
          "schema_version": 1,
          "attributes": {
            "algorithm": "RSA",
            "ecdsa_curve": "P224",
            "id": "f57a0ebc8a78a87c513f56a5630afaf1ca87ac5e",
            "private_key_openssh": "-----BEGIN OPENSSH PRIVATE KEY-----\nb3BlbnNzaC1rZXktdjEAAAAABG5vbmUAAAAEbm9uZQAAAAAAAAABAAABFwAAAAdz\nc2gtcnNhAAAAAwEAAQAAAQEAsR/zWevyb57N9P2gZYdr+xADq0TBoRXf2Miy6W66\n5eHcZdW49jU8Gc4NI3Z2R/yrrhpAy3TQBXFdhBz3jQN+UlwJ93uT5fl7vLfBuHr2\nl78EEkikJqqos0HrdJgFptJ1px4nAfqfiqUlPCpywkCRmRYGo4iMLRYz5hQYBndA\nGt8gs4N696iC7SA/E8/SOs+sA9r1i5VD9vuXtMo7SsdHGyhJI7TYGYyVc0IkKwwv\nUqPHCF72dNuSIePAhggefPNJmoZWaJUiZOA0V5ZXhzpMc1rubpIsNT+F1U8Up6Xi\nohG92JguKs04P8YoVmzfKm5Y/3HfxWOWXbSXajOv88QONQAAA7jFPAvfxTwL3wAA\nAAdzc2gtcnNhAAABAQCxH/NZ6/Jvns30/aBlh2v7EAOrRMGhFd/YyLLpbrrl4dxl\n1bj2NTwZzg0jdnZH/KuuGkDLdNAFcV2EHPeNA35SXAn3e5Pl+Xu8t8G4evaXvwQS\nSKQmqqizQet0mAWm0nWnHicB+p+KpSU8KnLCQJGZFgajiIwtFjPmFBgGd0Aa3yCz\ng3r3qILtID8Tz9I6z6wD2vWLlUP2+5e0yjtKx0cbKEkjtNgZjJVzQiQrDC9So8cI\nXvZ025Ih48CGCB5880mahlZolSJk4DRXlleHOkxzWu5ukiw1P4XVTxSnpeKiEb3Y\nmC4qzTg/xihWbN8qblj/cd/FY5ZdtJdqM6/zxA41AAAAAwEAAQAAAQANd+J8j0Zr\nWmX1dREB517nQ6Z5GsymamVlCeMg1jymnPAHW6L+2w7A35F8MCvPpCo3HjlDFJTP\ndSP+lxKedF+Mn6xaVy6TKXn74Ep+CUuVlP7C7ScePD0rtEgqdiIn4eT0Wi9Dz+zb\nEV0CytotudSDEXuxFQGjrrEvk449dPU46xIWDbTUTwNziDS557MFX8pdnaQ4tCTs\nKnfWSTvrjQZaDCO2RjTzJ3Tn9e/W4qiH4OCkjW15M1ldIClrvn4yYk9inFRr2TRw\noGi9Yj78uSzLW+Bn0kzjWOdwS4AYRd+e82HJtmSJHLc3R70/jC1likkhs83iLkqQ\nJy1LH/txkFyZAAAAgFvtzuBWye3IBaX3aREHYZ4GUqw8ca6Q6H5YLV43nfU6IWK/\nfVOU0Gd1JHhST8XxBS6HTz5S1g92vi3W4miErsqAf6UVNpLwOAiIVJ/6VRYz4p4A\nQO6D60/m5ybnzguOknXqoL6sea8baqNdPgzRi0Vm/roM2uGDFm6VIx64prqLAAAA\ngQDJkeXCAyuK+TrCh7VRwNACBg3QP3qC5XZcBUE4DVjm7xQYUSK6qOokC5soIo1Y\nQGGGY5UBCGolIkZOapWJKzbVetg7oFlEskNRzi50HW+zY0x68PF0CQb7Dhl+fn//\noW6FZLjaLk5CfCvZcQ5P4K+8gjbTJusJqXyWhW5nwreg1wAAAIEA4PQ270VSABNa\nba2cJkgyBW2wAmplDmIi1wcemFjzrAJxY/eP7cQb6m5j1d+c1jAEGc1VlZnhqPnI\nd30o/QtMGXUkaTMjtOroBa9wOcUWPbtCaquew96GJArnEkBERQuC0ZXe8Eh2Ce+h\nVgWXbjgxIndKwYPaA5akbNxHvFkgy9MAAAAAAQID\n-----END OPENSSH PRIVATE KEY-----\n",
            "private_key_pem": "-----BEGIN RSA PRIVATE KEY-----\nMIIEowIBAAKCAQEAsR/zWevyb57N9P2gZYdr+xADq0TBoRXf2Miy6W665eHcZdW4\n9jU8Gc4NI3Z2R/yrrhpAy3TQBXFdhBz3jQN+UlwJ93uT5fl7vLfBuHr2l78EEkik\nJqqos0HrdJgFptJ1px4nAfqfiqUlPCpywkCRmRYGo4iMLRYz5hQYBndAGt8gs4N6\n96iC7SA/E8/SOs+sA9r1i5VD9vuXtMo7SsdHGyhJI7TYGYyVc0IkKwwvUqPHCF72\ndNuSIePAhggefPNJmoZWaJUiZOA0V5ZXhzpMc1rubpIsNT+F1U8Up6XiohG92Jgu\nKs04P8YoVmzfKm5Y/3HfxWOWXbSXajOv88QONQIDAQABAoIBAA134nyPRmtaZfV1\nEQHnXudDpnkazKZqZWUJ4yDWPKac8Adbov7bDsDfkXwwK8+kKjceOUMUlM91I/6X\nEp50X4yfrFpXLpMpefvgSn4JS5WU/sLtJx48PSu0SCp2Iifh5PRaL0PP7NsRXQLK\n2i251IMRe7EVAaOusS+Tjj109TjrEhYNtNRPA3OINLnnswVfyl2dpDi0JOwqd9ZJ\nO+uNBloMI7ZGNPMndOf179biqIfg4KSNbXkzWV0gKWu+fjJiT2KcVGvZNHCgaL1i\nPvy5LMtb4GfSTONY53BLgBhF357zYcm2ZIkctzdHvT+MLWWKSSGzzeIuSpAnLUsf\n+3GQXJkCgYEAyZHlwgMrivk6woe1UcDQAgYN0D96guV2XAVBOA1Y5u8UGFEiuqjq\nJAubKCKNWEBhhmOVAQhqJSJGTmqViSs21XrYO6BZRLJDUc4udB1vs2NMevDxdAkG\n+w4Zfn5//6FuhWS42i5OQnwr2XEOT+CvvII20ybrCal8loVuZ8K3oNcCgYEA4PQ2\n70VSABNaba2cJkgyBW2wAmplDmIi1wcemFjzrAJxY/eP7cQb6m5j1d+c1jAEGc1V\nlZnhqPnId30o/QtMGXUkaTMjtOroBa9wOcUWPbtCaquew96GJArnEkBERQuC0ZXe\n8Eh2Ce+hVgWXbjgxIndKwYPaA5akbNxHvFkgy9MCgYABgDydvThNyJ1PZYNMIItr\n+G+R5WccImlHNiLOMAtBbPZRWAlSKn/T1OJK4jb7OT+AqK0rXMytihvL6a9DXjcC\nT+/cQc1oXYtyyH5ADxgN1edz4udpXcfXhrtZ3cdGOAWCqMVXmpCqnhIVhGn+3kVw\nued+mwOVBtYOqN+xlhmX8QKBgQDUUawH6cWbjKitHE9lUn7j4MNfhEwdZ0K68V1P\nLaXPk/6x+9c88vvmKIrSMlw1TNyR/dvpd3QlqJwtK1SkgSUyYf4bzMjG2XBk7VFf\nNUXovfXR+GnBNSYmnqO59i55fIPcjTf+UmYWurXsGxryTNcTUMSeIXSELorCtKaA\nfx8VQQKBgFvtzuBWye3IBaX3aREHYZ4GUqw8ca6Q6H5YLV43nfU6IWK/fVOU0Gd1\nJHhST8XxBS6HTz5S1g92vi3W4miErsqAf6UVNpLwOAiIVJ/6VRYz4p4AQO6D60/m\n5ybnzguOknXqoL6sea8baqNdPgzRi0Vm/roM2uGDFm6VIx64prqL\n-----END RSA PRIVATE KEY-----\n",
            "private_key_pem_pkcs8": "-----BEGIN PRIVATE KEY-----\nMIIEvQIBADANBgkqhkiG9w0BAQEFAASCBKcwggSjAgEAAoIBAQCxH/NZ6/Jvns30\n/aBlh2v7EAOrRMGhFd/YyLLpbrrl4dxl1bj2NTwZzg0jdnZH/KuuGkDLdNAFcV2E\nHPeNA35SXAn3e5Pl+Xu8t8G4evaXvwQSSKQmqqizQet0mAWm0nWnHicB+p+KpSU8\nKnLCQJGZFgajiIwtFjPmFBgGd0Aa3yCzg3r3qILtID8Tz9I6z6wD2vWLlUP2+5e0\nyjtKx0cbKEkjtNgZjJVzQiQrDC9So8cIXvZ025Ih48CGCB5880mahlZolSJk4DRX\nlleHOkxzWu5ukiw1P4XVTxSnpeKiEb3YmC4qzTg/xihWbN8qblj/cd/FY5ZdtJdq\nM6/zxA41AgMBAAECggEADXfifI9Ga1pl9XURAede50OmeRrMpmplZQnjINY8ppzw\nB1ui/tsOwN+RfDArz6QqNx45QxSUz3Uj/pcSnnRfjJ+sWlcukyl5++BKfglLlZT+\nwu0nHjw9K7RIKnYiJ+Hk9FovQ8/s2xFdAsraLbnUgxF7sRUBo66xL5OOPXT1OOsS\nFg201E8Dc4g0ueezBV/KXZ2kOLQk7Cp31kk7640GWgwjtkY08yd05/Xv1uKoh+Dg\npI1teTNZXSApa75+MmJPYpxUa9k0cKBovWI+/Lksy1vgZ9JM41jncEuAGEXfnvNh\nybZkiRy3N0e9P4wtZYpJIbPN4i5KkCctSx/7cZBcmQKBgQDJkeXCAyuK+TrCh7VR\nwNACBg3QP3qC5XZcBUE4DVjm7xQYUSK6qOokC5soIo1YQGGGY5UBCGolIkZOapWJ\nKzbVetg7oFlEskNRzi50HW+zY0x68PF0CQb7Dhl+fn//oW6FZLjaLk5CfCvZcQ5P\n4K+8gjbTJusJqXyWhW5nwreg1wKBgQDg9DbvRVIAE1ptrZwmSDIFbbACamUOYiLX\nBx6YWPOsAnFj94/txBvqbmPV35zWMAQZzVWVmeGo+ch3fSj9C0wZdSRpMyO06ugF\nr3A5xRY9u0Jqq57D3oYkCucSQERFC4LRld7wSHYJ76FWBZduODEid0rBg9oDlqRs\n3Ee8WSDL0wKBgAGAPJ29OE3InU9lg0wgi2v4b5HlZxwiaUc2Is4wC0Fs9lFYCVIq\nf9PU4kriNvs5P4CorStczK2KG8vpr0NeNwJP79xBzWhdi3LIfkAPGA3V53Pi52ld\nx9eGu1ndx0Y4BYKoxVeakKqeEhWEaf7eRXC5536bA5UG1g6o37GWGZfxAoGBANRR\nrAfpxZuMqK0cT2VSfuPgw1+ETB1nQrrxXU8tpc+T/rH71zzy++YoitIyXDVM3JH9\n2+l3dCWonC0rVKSBJTJh/hvMyMbZcGTtUV81Rei99dH4acE1Jiaeo7n2Lnl8g9yN\nN/5SZha6tewbGvJM1xNQxJ4hdIQuisK0poB/HxVBAoGAW+3O4FbJ7cgFpfdpEQdh\nngZSrDxxrpDoflgtXjed9TohYr99U5TQZ3UkeFJPxfEFLodPPlLWD3a+LdbiaISu\nyoB/pRU2kvA4CIhUn/pVFjPingBA7oPrT+bnJufOC46Sdeqgvqx5rxtqo10+DNGL\nRWb+ugza4YMWbpUjHrimuos=\n-----END PRIVATE KEY-----\n",
            "public_key_fingerprint_md5": "2d:a0:16:8c:03:06:31:a4:a0:15:26:9d:f3:fb:e4:3f",
            "public_key_fingerprint_sha256": "SHA256:+SWD0WIfh6XHsZ3iTYcsEDdQC3HtOxbZrnsMsGBmvEE",
            "public_key_openssh": "ssh-rsa AAAAB3NzaC1yc2EAAAADAQABAAABAQCxH/NZ6/Jvns30/aBlh2v7EAOrRMGhFd/YyLLpbrrl4dxl1bj2NTwZzg0jdnZH/KuuGkDLdNAFcV2EHPeNA35SXAn3e5Pl+Xu8t8G4evaXvwQSSKQmqqizQet0mAWm0nWnHicB+p+KpSU8KnLCQJGZFgajiIwtFjPmFBgGd0Aa3yCzg3r3qILtID8Tz9I6z6wD2vWLlUP2+5e0yjtKx0cbKEkjtNgZjJVzQiQrDC9So8cIXvZ025Ih48CGCB5880mahlZolSJk4DRXlleHOkxzWu5ukiw1P4XVTxSnpeKiEb3YmC4qzTg/xihWbN8qblj/cd/FY5ZdtJdqM6/zxA41\n",
            "public_key_pem": "-----BEGIN PUBLIC KEY-----\nMIIBIjANBgkqhkiG9w0BAQEFAAOCAQ8AMIIBCgKCAQEAsR/zWevyb57N9P2gZYdr\n+xADq0TBoRXf2Miy6W665eHcZdW49jU8Gc4NI3Z2R/yrrhpAy3TQBXFdhBz3jQN+\nUlwJ93uT5fl7vLfBuHr2l78EEkikJqqos0HrdJgFptJ1px4nAfqfiqUlPCpywkCR\nmRYGo4iMLRYz5hQYBndAGt8gs4N696iC7SA/E8/SOs+sA9r1i5VD9vuXtMo7SsdH\nGyhJI7TYGYyVc0IkKwwvUqPHCF72dNuSIePAhggefPNJmoZWaJUiZOA0V5ZXhzpM\nc1rubpIsNT+F1U8Up6XiohG92JguKs04P8YoVmzfKm5Y/3HfxWOWXbSXajOv88QO\nNQIDAQAB\n-----END PUBLIC KEY-----\n",
            "rsa_bits": 2048
          },
          "sensitive_attributes": [
            [
              {
                "type": "get_attr",
                "value": "private_key_openssh"
              }
            ],
            [
              {
                "type": "get_attr",
                "value": "private_key_pem"
              }
            ],
            [
              {
                "type": "get_attr",
                "value": "private_key_pem_pkcs8"
              }
            ]
          ],
          "identity_schema_version": 0
        }
      ]
    }
  ],
  "check_results": null
}
