{
  "version": 4,
  "terraform_version": "1.12.1",
  "serial": 61,
  "lineage": "12267924-90e7-05c5-23d0-8ae47764a427",
  "outputs": {},
  "resources": [
    {
      "mode": "managed",
      "type": "aws_route_table_association",
      "name": "private",
      "provider": "provider[\"registry.terraform.io/hashicorp/aws\"]",
      "instances": [
        {
          "index_key": "private_subnet_1",
          "schema_version": 0,
          "attributes": {
            "gateway_id": "",
            "id": "rtbassoc-0f867f3da4d2adb95",
            "region": "us-east-1",
            "route_table_id": "rtb-0a51accaa8c138ce0",
            "subnet_id": "subnet-03f59f07dd6788e6a",
            "timeouts": null
          },
          "sensitive_attributes": [],
          "identity_schema_version": 0,
          "private": "eyJlMmJmYjczMC1lY2FhLTExZTYtOGY4OC0zNDM2M2JjN2M0YzAiOnsiY3JlYXRlIjozMDAwMDAwMDAwMDAsImRlbGV0ZSI6MzAwMDAwMDAwMDAwLCJ1cGRhdGUiOjEyMDAwMDAwMDAwMH19",
          "dependencies": [
            "aws_internet_gateway.internet_gateway",
            "aws_route_table.private_route_table",
            "aws_subnet.private_subnets",
            "aws_vpc.vpc",
            "data.aws_availability_zones.available",
            "data.aws_region.current"
          ]
        },
        {
          "index_key": "private_subnet_2",
          "schema_version": 0,
          "attributes": {
            "gateway_id": "",
            "id": "rtbassoc-0917f78cde5611465",
            "region": "us-east-1",
            "route_table_id": "rtb-0a51accaa8c138ce0",
            "subnet_id": "subnet-0188d62ff45b7cf54",
            "timeouts": null
          },
          "sensitive_attributes": [],
          "identity_schema_version": 0,
          "private": "eyJlMmJmYjczMC1lY2FhLTExZTYtOGY4OC0zNDM2M2JjN2M0YzAiOnsiY3JlYXRlIjozMDAwMDAwMDAwMDAsImRlbGV0ZSI6MzAwMDAwMDAwMDAwLCJ1cGRhdGUiOjEyMDAwMDAwMDAwMH19",
          "dependencies": [
            "aws_internet_gateway.internet_gateway",
            "aws_route_table.private_route_table",
            "aws_subnet.private_subnets",
            "aws_vpc.vpc",
            "data.aws_availability_zones.available",
            "data.aws_region.current"
          ]
        },
        {
          "index_key": "private_subnet_3",
          "schema_version": 0,
          "attributes": {
            "gateway_id": "",
            "id": "rtbassoc-05376e5b60c96fe4a",
            "region": "us-east-1",
            "route_table_id": "rtb-0a51accaa8c138ce0",
            "subnet_id": "subnet-038f66ee53b483d10",
            "timeouts": null
          },
          "sensitive_attributes": [],
          "identity_schema_version": 0,
          "private": "eyJlMmJmYjczMC1lY2FhLTExZTYtOGY4OC0zNDM2M2JjN2M0YzAiOnsiY3JlYXRlIjozMDAwMDAwMDAwMDAsImRlbGV0ZSI6MzAwMDAwMDAwMDAwLCJ1cGRhdGUiOjEyMDAwMDAwMDAwMH19",
          "dependencies": [
            "aws_internet_gateway.internet_gateway",
            "aws_route_table.private_route_table",
            "aws_subnet.private_subnets",
            "aws_vpc.vpc",
            "data.aws_availability_zones.available",
            "data.aws_region.current"
          ]
        }
      ]
    },
    {
      "mode": "managed",
      "type": "aws_route_table_association",
      "name": "public",
      "provider": "provider[\"registry.terraform.io/hashicorp/aws\"]",
      "instances": [
        {
          "index_key": "public_subnet_1",
          "schema_version": 0,
          "attributes": {
            "gateway_id": "",
            "id": "rtbassoc-0404ebcf15b674c89",
            "region": "us-east-1",
            "route_table_id": "rtb-0db3271fb48987e24",
            "subnet_id": "subnet-06dddde10162c1a86",
            "timeouts": null
          },
          "sensitive_attributes": [],
          "identity_schema_version": 0,
          "private": "eyJlMmJmYjczMC1lY2FhLTExZTYtOGY4OC0zNDM2M2JjN2M0YzAiOnsiY3JlYXRlIjozMDAwMDAwMDAwMDAsImRlbGV0ZSI6MzAwMDAwMDAwMDAwLCJ1cGRhdGUiOjEyMDAwMDAwMDAwMH19",
          "dependencies": [
            "aws_internet_gateway.internet_gateway",
            "aws_route_table.public_route_table",
            "aws_subnet.public_subnets",
            "aws_vpc.vpc",
            "data.aws_availability_zones.available",
            "data.aws_region.current"
          ]
        },
        {
          "index_key": "public_subnet_2",
          "schema_version": 0,
          "attributes": {
            "gateway_id": "",
            "id": "rtbassoc-078f0a51cd3bd560c",
            "region": "us-east-1",
            "route_table_id": "rtb-0db3271fb48987e24",
            "subnet_id": "subnet-00ea49aa1359cf843",
            "timeouts": null
          },
          "sensitive_attributes": [],
          "identity_schema_version": 0,
          "private": "eyJlMmJmYjczMC1lY2FhLTExZTYtOGY4OC0zNDM2M2JjN2M0YzAiOnsiY3JlYXRlIjozMDAwMDAwMDAwMDAsImRlbGV0ZSI6MzAwMDAwMDAwMDAwLCJ1cGRhdGUiOjEyMDAwMDAwMDAwMH19",
          "dependencies": [
            "aws_internet_gateway.internet_gateway",
            "aws_route_table.public_route_table",
            "aws_subnet.public_subnets",
            "aws_vpc.vpc",
            "data.aws_availability_zones.available",
            "data.aws_region.current"
          ]
        },
        {
          "index_key": "public_subnet_3",
          "schema_version": 0,
          "attributes": {
            "gateway_id": "",
            "id": "rtbassoc-01b3ff5eec94f52b6",
            "region": "us-east-1",
            "route_table_id": "rtb-0db3271fb48987e24",
            "subnet_id": "subnet-0e9a8c4a93f4aa765",
            "timeouts": null
          },
          "sensitive_attributes": [],
          "identity_schema_version": 0,
          "private": "eyJlMmJmYjczMC1lY2FhLTExZTYtOGY4OC0zNDM2M2JjN2M0YzAiOnsiY3JlYXRlIjozMDAwMDAwMDAwMDAsImRlbGV0ZSI6MzAwMDAwMDAwMDAwLCJ1cGRhdGUiOjEyMDAwMDAwMDAwMH19",
          "dependencies": [
            "aws_internet_gateway.internet_gateway",
            "aws_route_table.public_route_table",
            "aws_subnet.public_subnets",
            "aws_vpc.vpc",
            "data.aws_availability_zones.available",
            "data.aws_region.current"
          ]
        }
      ]
    },
    {
      "mode": "managed",
      "type": "aws_s3_bucket_acl",
      "name": "my-new-s3-bucket_acl",
      "provider": "provider[\"registry.terraform.io/hashicorp/aws\"]",
      "instances": [
        {
          "schema_version": 0,
          "attributes": {
            "access_control_policy": [
              {
                "grant": [
                  {
                    "grantee": [
                      {
                        "display_name": "asafsenator2",
                        "email_address": "",
                        "id": "5a28a3ff6e12962898d42e4f332280cf2bd5940cd123685941b05895814d806a",
                        "type": "CanonicalUser",
                        "uri": ""
                      }
                    ],
                    "permission": "FULL_CONTROL"
                  }
                ],
                "owner": [
                  {
                    "display_name": "asafsenator2",
                    "id": "5a28a3ff6e12962898d42e4f332280cf2bd5940cd123685941b05895814d806a"
                  }
                ]
              }
            ],
            "acl": "private",
            "bucket": "asaf-5729daf7730e7a65a7c23ffb841a06e5",
            "expected_bucket_owner": "",
            "id": "asaf-5729daf7730e7a65a7c23ffb841a06e5,private",
            "region": "us-east-1"
          },
          "sensitive_attributes": [],
          "identity_schema_version": 0,
          "private": "bnVsbA==",
          "dependencies": [
            "aws_s3_bucket.my-new-s3-bucket",
            "aws_s3_bucket_ownership_controls.ownership",
            "random_id.randomness"
          ]
        }
      ]
    },
    {
      "mode": "managed",
      "type": "aws_s3_bucket_ownership_controls",
      "name": "ownership",
      "provider": "provider[\"registry.terraform.io/hashicorp/aws\"]",
      "instances": [
        {
          "schema_version": 0,
          "attributes": {
            "bucket": "asaf-5729daf7730e7a65a7c23ffb841a06e5",
            "id": "asaf-5729daf7730e7a65a7c23ffb841a06e5",
            "region": "us-east-1",
            "rule": [
              {
                "object_ownership": "ObjectWriter"
              }
            ]
          },
          "sensitive_attributes": [],
          "identity_schema_version": 0,
          "private": "bnVsbA==",
          "dependencies": [
            "aws_s3_bucket.my-new-s3-bucket",
            "random_id.randomness"
          ]
        }
      ]
    },
    {
      "mode": "managed",
      "type": "aws_security_group",
      "name": "ingress-ssh",
      "provider": "provider[\"registry.terraform.io/hashicorp/aws\"]",
      "instances": [
        {
          "schema_version": 1,
          "attributes": {
            "arn": "arn:aws:ec2:us-east-1:240617603981:security-group/sg-0d39c295029b4d57d",
            "description": "Allow ssh inbound traffic",
            "egress": [
              {
                "cidr_blocks": [
                  "0.0.0.0/0"
                ],
                "description": "",
                "from_port": 0,
                "ipv6_cidr_blocks": [],
                "prefix_list_ids": [],
                "protocol": "-1",
                "security_groups": [],
                "self": false,
                "to_port": 0
              }
            ],
            "id": "sg-0d39c295029b4d57d",
            "ingress": [
              {
                "cidr_blocks": [
                  "0.0.0.0/0"
                ],
                "description": "Allow SSH",
                "from_port": 22,
                "ipv6_cidr_blocks": [],
                "prefix_list_ids": [],
                "protocol": "tcp",
                "security_groups": [],
                "self": false,
                "to_port": 22
              }
            ],
            "name": "allow-all-ssh",
            "name_prefix": "",
            "owner_id": "240617603981",
            "region": "us-east-1",
            "revoke_rules_on_delete": false,
            "tags": {},
            "tags_all": {
              "Environment": "development",
              "Owner": "Asaf",
              "Provisioned": "Terraform"
            },
            "timeouts": null,
            "vpc_id": "vpc-0ccc2d6f74b429086"
          },
          "sensitive_attributes": [],
          "identity_schema_version": 0,
          "private": "eyJlMmJmYjczMC1lY2FhLTExZTYtOGY4OC0zNDM2M2JjN2M0YzAiOnsiY3JlYXRlIjo2MDAwMDAwMDAwMDAsImRlbGV0ZSI6OTAwMDAwMDAwMDAwfSwic2NoZW1hX3ZlcnNpb24iOiIxIn0=",
          "dependencies": [
            "aws_vpc.vpc",
            "data.aws_region.current"
          ]
        }
      ]
    },
    {
      "mode": "managed",
      "type": "aws_security_group",
      "name": "my-new-security-group",
      "provider": "provider[\"registry.terraform.io/hashicorp/aws\"]",
      "instances": [
        {
          "schema_version": 1,
          "attributes": {
            "arn": "arn:aws:ec2:us-east-1:240617603981:security-group/sg-0d63d6077accf6445",
            "description": "Allow inbound traffic on tcp/443",
            "egress": [],
            "id": "sg-0d63d6077accf6445",
            "ingress": [
              {
                "cidr_blocks": [
                  "0.0.0.0/2"
                ],
                "description": "TLS from VPC",
                "from_port": 443,
                "ipv6_cidr_blocks": [],
                "prefix_list_ids": [],
                "protocol": "tcp",
                "security_groups": [],
                "self": false,
                "to_port": 443
              }
            ],
            "name": "web-server-inbound",
            "name_prefix": "",
            "owner_id": "240617603981",
            "region": "us-east-1",
            "revoke_rules_on_delete": false,
            "tags": {
              "Name": "web_server_inbound",
              "Purpose": "Intro to resource blocks lab"
            },
            "tags_all": {
              "Environment": "development",
              "Name": "web_server_inbound",
              "Owner": "Asaf",
              "Provisioned": "Terraform",
              "Purpose": "Intro to resource blocks lab"
            },
            "timeouts": null,
            "vpc_id": "vpc-0ccc2d6f74b429086"
          },
          "sensitive_attributes": [],
          "identity_schema_version": 0,
          "private": "eyJlMmJmYjczMC1lY2FhLTExZTYtOGY4OC0zNDM2M2JjN2M0YzAiOnsiY3JlYXRlIjo2MDAwMDAwMDAwMDAsImRlbGV0ZSI6OTAwMDAwMDAwMDAwfSwic2NoZW1hX3ZlcnNpb24iOiIxIn0=",
          "dependencies": [
            "aws_vpc.vpc",
            "data.aws_region.current"
          ]
        }
      ]
    },
    {
      "mode": "managed",
      "type": "aws_security_group",
      "name": "vpc-ping",
      "provider": "provider[\"registry.terraform.io/hashicorp/aws\"]",
      "instances": [
        {
          "schema_version": 1,
          "attributes": {
            "arn": "arn:aws:ec2:us-east-1:240617603981:security-group/sg-00b42343c8fafa423",
            "description": "ICMP for Ping Access",
            "egress": [
              {
                "cidr_blocks": [
                  "0.0.0.0/0"
                ],
                "description": "Allow all ip and ports outbound",
                "from_port": 0,
                "ipv6_cidr_blocks": [],
                "prefix_list_ids": [],
                "protocol": "-1",
                "security_groups": [],
                "self": false,
                "to_port": 0
              }
            ],
            "id": "sg-00b42343c8fafa423",
            "ingress": [
              {
                "cidr_blocks": [
                  "0.0.0.0/0"
                ],
                "description": "Allow ICMP Traffic",
                "from_port": -1,
                "ipv6_cidr_blocks": [],
                "prefix_list_ids": [],
                "protocol": "icmp",
                "security_groups": [],
                "self": false,
                "to_port": -1
              }
            ],
            "name": "vpc-ping",
            "name_prefix": "",
            "owner_id": "240617603981",
            "region": "us-east-1",
            "revoke_rules_on_delete": false,
            "tags": {},
            "tags_all": {
              "Environment": "development",
              "Owner": "Asaf",
              "Provisioned": "Terraform"
            },
            "timeouts": null,
            "vpc_id": "vpc-0ccc2d6f74b429086"
          },
          "sensitive_attributes": [],
          "identity_schema_version": 0,
          "private": "eyJlMmJmYjczMC1lY2FhLTExZTYtOGY4OC0zNDM2M2JjN2M0YzAiOnsiY3JlYXRlIjo2MDAwMDAwMDAwMDAsImRlbGV0ZSI6OTAwMDAwMDAwMDAwfSwic2NoZW1hX3ZlcnNpb24iOiIxIn0=",
          "dependencies": [
            "aws_vpc.vpc",
            "data.aws_region.current"
          ]
        }
      ]
    },
    {
      "mode": "managed",
      "type": "aws_security_group",
      "name": "vpc-web",
      "provider": "provider[\"registry.terraform.io/hashicorp/aws\"]",
      "instances": [
        {
          "schema_version": 1,
          "attributes": {
            "arn": "arn:aws:ec2:us-east-1:240617603981:security-group/sg-0b47a3b7c36886328",
            "description": "Web Traffic",
            "egress": [
              {
                "cidr_blocks": [
                  "0.0.0.0/0"
                ],
                "description": "Allow all ip and ports outbound",
                "from_port": 0,
                "ipv6_cidr_blocks": [],
                "prefix_list_ids": [],
                "protocol": "-1",
                "security_groups": [],
                "self": false,
                "to_port": 0
              }
            ],
            "id": "sg-0b47a3b7c36886328",
            "ingress": [
              {
                "cidr_blocks": [
                  "0.0.0.0/0"
                ],
                "description": "Allow Port 443",
                "from_port": 443,
                "ipv6_cidr_blocks": [],
                "prefix_list_ids": [],
                "protocol": "tcp",
                "security_groups": [],
                "self": false,
                "to_port": 443
              },
              {
                "cidr_blocks": [
                  "0.0.0.0/0"
                ],
                "description": "Allow Port 80",
                "from_port": 80,
                "ipv6_cidr_blocks": [],
                "prefix_list_ids": [],
                "protocol": "tcp",
                "security_groups": [],
                "self": false,
                "to_port": 80
              }
            ],
            "name": "vpc-web-development",
            "name_prefix": "",
            "owner_id": "240617603981",
            "region": "us-east-1",
            "revoke_rules_on_delete": false,
            "tags": {},
            "tags_all": {
              "Environment": "development",
              "Owner": "Asaf",
              "Provisioned": "Terraform"
            },
            "timeouts": null,
            "vpc_id": "vpc-0ccc2d6f74b429086"
          },
          "sensitive_attributes": [],
          "identity_schema_version": 0,
          "private": "eyJlMmJmYjczMC1lY2FhLTExZTYtOGY4OC0zNDM2M2JjN2M0YzAiOnsiY3JlYXRlIjo2MDAwMDAwMDAwMDAsImRlbGV0ZSI6OTAwMDAwMDAwMDAwfSwic2NoZW1hX3ZlcnNpb24iOiIxIn0=",
          "dependencies": [
            "aws_vpc.vpc",
            "data.aws_region.current"
          ]
        }
      ]
    },
    {
      "mode": "managed",
      "type": "aws_subnet",
      "name": "private_subnets",
      "provider": "provider[\"registry.terraform.io/hashicorp/aws\"]",
      "instances": [
        {
          "index_key": "private_subnet_1",
          "schema_version": 1,
          "attributes": {
            "arn": "arn:aws:ec2:us-east-1:240617603981:subnet/subnet-03f59f07dd6788e6a",
            "assign_ipv6_address_on_creation": false,
            "availability_zone": "us-east-1a",
            "availability_zone_id": "use1-az6",
            "cidr_block": "10.0.1.0/24",
            "customer_owned_ipv4_pool": "",
            "enable_dns64": false,
            "enable_lni_at_device_index": 0,
            "enable_resource_name_dns_a_record_on_launch": false,
            "enable_resource_name_dns_aaaa_record_on_launch": false,
            "id": "subnet-03f59f07dd6788e6a",
            "ipv6_cidr_block": "",
            "ipv6_cidr_block_association_id": "",
            "ipv6_native": false,
            "map_customer_owned_ip_on_launch": false,
            "map_public_ip_on_launch": false,
            "outpost_arn": "",
            "owner_id": "240617603981",
            "private_dns_hostname_type_on_launch": "ip-name",
            "region": "us-east-1",
            "tags": {
              "Name": "private_subnet_1",
              "Terraform": "true"
            },
            "tags_all": {
              "Environment": "development",
              "Name": "private_subnet_1",
              "Owner": "Asaf",
              "Provisioned": "Terraform",
              "Terraform": "true"
            },
            "timeouts": null,
            "vpc_id": "vpc-0ccc2d6f74b429086"
          },
          "sensitive_attributes": [],
          "identity_schema_version": 0,
          "private": "eyJlMmJmYjczMC1lY2FhLTExZTYtOGY4OC0zNDM2M2JjN2M0YzAiOnsiY3JlYXRlIjo2MDAwMDAwMDAwMDAsImRlbGV0ZSI6MTIwMDAwMDAwMDAwMH0sInNjaGVtYV92ZXJzaW9uIjoiMSJ9",
          "dependencies": [
            "aws_vpc.vpc",
            "data.aws_availability_zones.available",
            "data.aws_region.current"
          ]
        },
        {
          "index_key": "private_subnet_2",
          "schema_version": 1,
          "attributes": {
            "arn": "arn:aws:ec2:us-east-1:240617603981:subnet/subnet-0188d62ff45b7cf54",
            "assign_ipv6_address_on_creation": false,
            "availability_zone": "us-east-1b",
            "availability_zone_id": "use1-az1",
            "cidr_block": "10.0.2.0/24",
            "customer_owned_ipv4_pool": "",
            "enable_dns64": false,
            "enable_lni_at_device_index": 0,
            "enable_resource_name_dns_a_record_on_launch": false,
            "enable_resource_name_dns_aaaa_record_on_launch": false,
            "id": "subnet-0188d62ff45b7cf54",
            "ipv6_cidr_block": "",
            "ipv6_cidr_block_association_id": "",
            "ipv6_native": false,
            "map_customer_owned_ip_on_launch": false,
            "map_public_ip_on_launch": false,
            "outpost_arn": "",
            "owner_id": "240617603981",
            "private_dns_hostname_type_on_launch": "ip-name",
            "region": "us-east-1",
            "tags": {
              "Name": "private_subnet_2",
              "Terraform": "true"
            },
            "tags_all": {
              "Environment": "development",
              "Name": "private_subnet_2",
              "Owner": "Asaf",
              "Provisioned": "Terraform",
              "Terraform": "true"
            },
            "timeouts": null,
            "vpc_id": "vpc-0ccc2d6f74b429086"
          },
          "sensitive_attributes": [],
          "identity_schema_version": 0,
          "private": "eyJlMmJmYjczMC1lY2FhLTExZTYtOGY4OC0zNDM2M2JjN2M0YzAiOnsiY3JlYXRlIjo2MDAwMDAwMDAwMDAsImRlbGV0ZSI6MTIwMDAwMDAwMDAwMH0sInNjaGVtYV92ZXJzaW9uIjoiMSJ9",
          "dependencies": [
            "aws_vpc.vpc",
            "data.aws_availability_zones.available",
            "data.aws_region.current"
          ]
        },
        {
          "index_key": "private_subnet_3",
          "schema_version": 1,
          "attributes": {
            "arn": "arn:aws:ec2:us-east-1:240617603981:subnet/subnet-038f66ee53b483d10",
            "assign_ipv6_address_on_creation": false,
            "availability_zone": "us-east-1c",
            "availability_zone_id": "use1-az2",
            "cidr_block": "10.0.3.0/24",
            "customer_owned_ipv4_pool": "",
            "enable_dns64": false,
            "enable_lni_at_device_index": 0,
            "enable_resource_name_dns_a_record_on_launch": false,
            "enable_resource_name_dns_aaaa_record_on_launch": false,
            "id": "subnet-038f66ee53b483d10",
            "ipv6_cidr_block": "",
            "ipv6_cidr_block_association_id": "",
            "ipv6_native": false,
            "map_customer_owned_ip_on_launch": false,
            "map_public_ip_on_launch": false,
            "outpost_arn": "",
            "owner_id": "240617603981",
            "private_dns_hostname_type_on_launch": "ip-name",
            "region": "us-east-1",
            "tags": {
              "Name": "private_subnet_3",
              "Terraform": "true"
            },
            "tags_all": {
              "Environment": "development",
              "Name": "private_subnet_3",
              "Owner": "Asaf",
              "Provisioned": "Terraform",
              "Terraform": "true"
            },
            "timeouts": null,
            "vpc_id": "vpc-0ccc2d6f74b429086"
          },
          "sensitive_attributes": [],
          "identity_schema_version": 0,
          "private": "eyJlMmJmYjczMC1lY2FhLTExZTYtOGY4OC0zNDM2M2JjN2M0YzAiOnsiY3JlYXRlIjo2MDAwMDAwMDAwMDAsImRlbGV0ZSI6MTIwMDAwMDAwMDAwMH0sInNjaGVtYV92ZXJzaW9uIjoiMSJ9",
          "dependencies": [
            "aws_vpc.vpc",
            "data.aws_availability_zones.available",
            "data.aws_region.current"
          ]
        }
      ]
    },
    {
      "mode": "managed",
      "type": "aws_subnet",
      "name": "public_subnets",
      "provider": "provider[\"registry.terraform.io/hashicorp/aws\"]",
      "instances": [
        {
          "index_key": "public_subnet_1",
          "schema_version": 1,
          "attributes": {
            "arn": "arn:aws:ec2:us-east-1:240617603981:subnet/subnet-06dddde10162c1a86",
            "assign_ipv6_address_on_creation": false,
            "availability_zone": "us-east-1a",
            "availability_zone_id": "use1-az6",
            "cidr_block": "10.0.101.0/24",
            "customer_owned_ipv4_pool": "",
            "enable_dns64": false,
            "enable_lni_at_device_index": 0,
            "enable_resource_name_dns_a_record_on_launch": false,
            "enable_resource_name_dns_aaaa_record_on_launch": false,
            "id": "subnet-06dddde10162c1a86",
            "ipv6_cidr_block": "",
            "ipv6_cidr_block_association_id": "",
            "ipv6_native": false,
            "map_customer_owned_ip_on_launch": false,
            "map_public_ip_on_launch": true,
            "outpost_arn": "",
            "owner_id": "240617603981",
            "private_dns_hostname_type_on_launch": "ip-name",
            "region": "us-east-1",
            "tags": {
              "Name": "public_subnet_1",
              "Terraform": "true"
            },
            "tags_all": {
              "Environment": "development",
              "Name": "public_subnet_1",
              "Owner": "Asaf",
              "Provisioned": "Terraform",
              "Terraform": "true"
            },
            "timeouts": null,
            "vpc_id": "vpc-0ccc2d6f74b429086"
          },
          "sensitive_attributes": [],
          "identity_schema_version": 0,
          "private": "eyJlMmJmYjczMC1lY2FhLTExZTYtOGY4OC0zNDM2M2JjN2M0YzAiOnsiY3JlYXRlIjo2MDAwMDAwMDAwMDAsImRlbGV0ZSI6MTIwMDAwMDAwMDAwMH0sInNjaGVtYV92ZXJzaW9uIjoiMSJ9",
          "dependencies": [
            "aws_vpc.vpc",
            "data.aws_availability_zones.available",
            "data.aws_region.current"
          ]
        },
        {
          "index_key": "public_subnet_2",
          "schema_version": 1,
          "attributes": {
            "arn": "arn:aws:ec2:us-east-1:240617603981:subnet/subnet-00ea49aa1359cf843",
            "assign_ipv6_address_on_creation": false,
            "availability_zone": "us-east-1b",
            "availability_zone_id": "use1-az1",
            "cidr_block": "10.0.102.0/24",
            "customer_owned_ipv4_pool": "",
            "enable_dns64": false,
            "enable_lni_at_device_index": 0,
            "enable_resource_name_dns_a_record_on_launch": false,
            "enable_resource_name_dns_aaaa_record_on_launch": false,
            "id": "subnet-00ea49aa1359cf843",
            "ipv6_cidr_block": "",
            "ipv6_cidr_block_association_id": "",
            "ipv6_native": false,
            "map_customer_owned_ip_on_launch": false,
            "map_public_ip_on_launch": true,
            "outpost_arn": "",
            "owner_id": "240617603981",
            "private_dns_hostname_type_on_launch": "ip-name",
            "region": "us-east-1",
            "tags": {
              "Name": "public_subnet_2",
              "Terraform": "true"
            },
            "tags_all": {
              "Environment": "development",
              "Name": "public_subnet_2",
              "Owner": "Asaf",
              "Provisioned": "Terraform",
              "Terraform": "true"
            },
            "timeouts": null,
            "vpc_id": "vpc-0ccc2d6f74b429086"
          },
          "sensitive_attributes": [],
          "identity_schema_version": 0,
          "private": "eyJlMmJmYjczMC1lY2FhLTExZTYtOGY4OC0zNDM2M2JjN2M0YzAiOnsiY3JlYXRlIjo2MDAwMDAwMDAwMDAsImRlbGV0ZSI6MTIwMDAwMDAwMDAwMH0sInNjaGVtYV92ZXJzaW9uIjoiMSJ9",
          "dependencies": [
            "aws_vpc.vpc",
            "data.aws_availability_zones.available",
            "data.aws_region.current"
          ]
        },
        {
          "index_key": "public_subnet_3",
          "schema_version": 1,
          "attributes": {
            "arn": "arn:aws:ec2:us-east-1:240617603981:subnet/subnet-0e9a8c4a93f4aa765",
            "assign_ipv6_address_on_creation": false,
            "availability_zone": "us-east-1c",
            "availability_zone_id": "use1-az2",
            "cidr_block": "10.0.103.0/24",
            "customer_owned_ipv4_pool": "",
            "enable_dns64": false,
            "enable_lni_at_device_index": 0,
            "enable_resource_name_dns_a_record_on_launch": false,
            "enable_resource_name_dns_aaaa_record_on_launch": false,
            "id": "subnet-0e9a8c4a93f4aa765",
            "ipv6_cidr_block": "",
            "ipv6_cidr_block_association_id": "",
            "ipv6_native": false,
            "map_customer_owned_ip_on_launch": false,
            "map_public_ip_on_launch": true,
            "outpost_arn": "",
            "owner_id": "240617603981",
            "private_dns_hostname_type_on_launch": "ip-name",
            "region": "us-east-1",
            "tags": {
              "Name": "public_subnet_3",
              "Terraform": "true"
            },
            "tags_all": {
              "Environment": "development",
              "Name": "public_subnet_3",
              "Owner": "Asaf",
              "Provisioned": "Terraform",
              "Terraform": "true"
            },
            "timeouts": null,
            "vpc_id": "vpc-0ccc2d6f74b429086"
          },
          "sensitive_attributes": [],
          "identity_schema_version": 0,
          "private": "eyJlMmJmYjczMC1lY2FhLTExZTYtOGY4OC0zNDM2M2JjN2M0YzAiOnsiY3JlYXRlIjo2MDAwMDAwMDAwMDAsImRlbGV0ZSI6MTIwMDAwMDAwMDAwMH0sInNjaGVtYV92ZXJzaW9uIjoiMSJ9",
          "dependencies": [
            "aws_vpc.vpc",
            "data.aws_availability_zones.available",
            "data.aws_region.current"
          ]
        }
      ]
    },
    {
      "mode": "managed",
      "type": "aws_subnet",
      "name": "variable-subnet2",
      "provider": "provider[\"registry.terraform.io/hashicorp/aws\"]",
      "instances": [
        {
          "schema_version": 1,
          "attributes": {
            "arn": "arn:aws:ec2:us-east-1:240617603981:subnet/subnet-0f2dae13f884beb56",
            "assign_ipv6_address_on_creation": false,
            "availability_zone": "us-east-1a",
            "availability_zone_id": "use1-az6",
            "cidr_block": "10.0.202.0/24",
            "customer_owned_ipv4_pool": "",
            "enable_dns64": false,
            "enable_lni_at_device_index": 0,
            "enable_resource_name_dns_a_record_on_launch": false,
            "enable_resource_name_dns_aaaa_record_on_launch": false,
            "id": "subnet-0f2dae13f884beb56",
            "ipv6_cidr_block": "",
            "ipv6_cidr_block_association_id": "",
            "ipv6_native": false,
            "map_customer_owned_ip_on_launch": false,
            "map_public_ip_on_launch": true,
            "outpost_arn": "",
            "owner_id": "240617603981",
            "private_dns_hostname_type_on_launch": "ip-name",
            "region": "us-east-1",
            "tags": {},
            "tags_all": {
              "Environment": "development",
              "Owner": "Asaf",
              "Provisioned": "Terraform"
            },
            "timeouts": null,
            "vpc_id": "vpc-0ccc2d6f74b429086"
          },
          "sensitive_attributes": [],
          "identity_schema_version": 0,
          "private": "eyJlMmJmYjczMC1lY2FhLTExZTYtOGY4OC0zNDM2M2JjN2M0YzAiOnsiY3JlYXRlIjo2MDAwMDAwMDAwMDAsImRlbGV0ZSI6MTIwMDAwMDAwMDAwMH0sInNjaGVtYV92ZXJzaW9uIjoiMSJ9",
          "dependencies": [
            "aws_vpc.vpc",
            "data.aws_region.current"
          ]
        }
      ]
    },
    {
      "mode": "managed",
      "type": "aws_vpc",
      "name": "vpc",
      "provider": "provider[\"registry.terraform.io/hashicorp/aws\"]",
      "instances": [
        {
          "schema_version": 1,
          "attributes": {
            "arn": "arn:aws:ec2:us-east-1:240617603981:vpc/vpc-0ccc2d6f74b429086",
            "assign_generated_ipv6_cidr_block": false,
            "cidr_block": "10.0.0.0/16",
            "default_network_acl_id": "acl-066079c69ab27a96a",
            "default_route_table_id": "rtb-04dfc64c9d8734ba2",
            "default_security_group_id": "sg-0d77b002d5f6af431",
            "dhcp_options_id": "dopt-0727f33cf86c8dac0",
            "enable_dns_hostnames": false,
            "enable_dns_support": true,
            "enable_network_address_usage_metrics": false,
            "id": "vpc-0ccc2d6f74b429086",
            "instance_tenancy": "default",
            "ipv4_ipam_pool_id": null,
            "ipv4_netmask_length": null,
            "ipv6_association_id": "",
            "ipv6_cidr_block": "",
            "ipv6_cidr_block_network_border_group": "",
            "ipv6_ipam_pool_id": "",
            "ipv6_netmask_length": 0,
            "main_route_table_id": "rtb-04dfc64c9d8734ba2",
            "owner_id": "240617603981",
            "region": "us-east-1",
            "tags": {
              "Environment": "demo_environment",
              "Name": "demo_vpc",
              "Region": "us-east-1",
              "Terraform": "true"
            },
            "tags_all": {
              "Environment": "demo_environment",
              "Name": "demo_vpc",
              "Owner": "Asaf",
              "Provisioned": "Terraform",
              "Region": "us-east-1",
              "Terraform": "true"
            }
          },
          "sensitive_attributes": [],
          "identity_schema_version": 0,
          "private": "eyJzY2hlbWFfdmVyc2lvbiI6IjEifQ==",
          "dependencies": [
            "data.aws_region.current"
          ]
        }
      ]
    },
    {
      "mode": "managed",
      "type": "local_file",
      "name": "private_key_pem",
      "provider": "provider[\"registry.terraform.io/hashicorp/local\"]",
      "instances": [
        {
          "schema_version": 0,
          "attributes": {
            "content": "-----BEGIN RSA PRIVATE KEY-----\nMIIEowIBAAKCAQEAxXb1HiOwuoShHmkYGoIP391Qs2ncG/QOno6+KpyR/SJ685lx\nG6sZ8jkVESN9lZ1FXIz/eqG9ExsUXGhL4imS+aSDTLZ+55zsWXLW2LdgzKNzgoFd\n5Ge6OIBYx3u7hdYCWVT8ZfhaP0KQojyVJXZbg4ShSrAZn/cxZ4Tae6v+Hs2CcapK\njNCJElxQe9lb9h4PBCjzbBdK3ZE9mTV7lZH3DZQv/MsR38vkI6XiOIIafyF9OhE2\nRi/7kR0Vidgn4Xm8TPgXcS7OSyVQDHA5HVp139fwU6GQJzEdhMzfBB29Oy2j4Ea3\nPuNHosV5gHNhlxxH7rgCxvsNJskHLqsL9PprJQIDAQABAoIBABuzpouF4kMoXBoS\nEEmXuXZka+/fh/t775ka2V7M/EYQ0kLeYdnJ1SgADg6LdhDJMXPca/LeQdIuWFrm\nXs7pmi7ff3QBnigMAbRCwhVBFJlgzNGgKHXkf2Fx0AKcPyB1d3rky0va3X5Gblf0\nO9A3nHsE3kPGFLI2UX3+S1BSPqI/X0T77CazW0DTR4UugZPTWF3d2oeKvMiDSCg0\nuOu4e7RxPcw5ncELJxaW+Y7MMb+qXQgi03yWm+HB3/IBzHzhrmD6j834EjFYo78n\njumlZvIyezb9ktZHDX55S3xhSoFVSBVhlQR3O51NPlPh/Yy/x8MAbPPQ6pPOhvu+\ng3HPLkECgYEA7JKDlREMg5gu4EoaXCPY35RUUg8/E/tdBFYJ1XxqtnnoHpHqgoZZ\nwhmx6uKrbfBQPge0inz0wtZY2sjB6dVUoRDfygBGCwG8fqUkia0KJYIZWBgieJGg\nIlLuGzdXSI90JL5Y+7YTnEfHTGkcRwOluooUb1enqrPudHocz1t7xM0CgYEA1a5H\nelMuuMoFHDQHUUjOLHOcfDw7RnELDR2cqkM2+O+IJGwQHlbNoB/yvKVeXyefm+d3\nBa7/2DYRT4eDGX8xUqBdHJZkG7x+j87lRbVb0zCKmRUa6c/8k+fk1gTjONgO/qQG\nucBFHTk4xU/pMMZvzL6umoAltYQH4an9IpWF/7kCgYASknoEBN+foR3k+8xP+Xx4\nKPPpsUq5bd1ijsKc4PSbuLxRUhFAB/4Z79x43SyqJ9iU1hQFX0Pz29ID8wjOK7JG\nJsX63MSi7pL2uk5BBLWsNid5NAPYxU32A96vgku25ZQvokXoFOY7OaNay1Gt/YpQ\nN7DdANun2hJZUJDccokn7QKBgQDAyNREUPg+UEX8BBT2CTG6eTQeAlmYXDUUSDso\ngiv+vF2gPr7sIHS0mx5thOV4BE/EYTjJL/I0J9PGZQSq5E6jtXtMZ4M6Yv3s0UWZ\ndt6503m4U4pMmRHQf8++J/q5NnWQ2HwY6pdwnkfR/R7umpoTp5XwXt2mvtA9kRiJ\nM04KQQKBgEoEEbj8sSk4cmlExFSZvVXzQN+R3B6SU8ry7PmOGzGyMi2AOkr7+lgF\ni5hzvje3LehkRf2SFpmLV6DjrS+kZP5nxD4KyYORfhtgspWvdq8Uo9409Z0y1TKa\nLM9nwH9QUseVPfx2eG5OYbOvGixvWGZgaL8zujr54cBLEZNM+eqO\n-----END RSA PRIVATE KEY-----\n",
            "content_base64": null,
            "content_base64sha256": "iaXWWA/qscnf1PhG2qEUk0tOZFn82/+z7PkmZLEyRhk=",
            "content_base64sha512": "hMiMFqN9V1nPIh+qWiYf5xU11mgJfXqqUQKWjN/mtz33eIwv9ReaEphyTHARqJVjl7AVFVtrztrYKBBRJqrVjA==",
            "content_md5": "2802ec7f174d246cbab87c94c7cea4cb",
            "content_sha1": "077948e8e501f6753705d7c8d62960c6c49c7a50",
            "content_sha256": "89a5d6580feab1c9dfd4f846daa114934b4e6459fcdbffb3ecf92664b1324619",
            "content_sha512": "84c88c16a37d5759cf221faa5a261fe71535d668097d7aaa5102968cdfe6b73df7788c2ff5179a1298724c7011a8956397b015155b6bcedad828105126aad58c",
            "directory_permission": "0777",
            "file_permission": "0777",
            "filename": "MyAWSKey.pem",
            "id": "077948e8e501f6753705d7c8d62960c6c49c7a50",
            "sensitive_content": null,
            "source": null
          },
          "sensitive_attributes": [
            [
              {
                "type": "get_attr",
                "value": "content"
              }
            ],
            [
              {
                "type": "get_attr",
                "value": "sensitive_content"
              }
            ]
          ],
          "identity_schema_version": 0,
          "dependencies": [
            "tls_private_key.generated"
          ]
        }
      ]
    },
    {
      "mode": "managed",
      "type": "random_id",
      "name": "randomness",
      "provider": "provider[\"registry.terraform.io/hashicorp/random\"]",
      "instances": [
        {
          "schema_version": 0,
          "attributes": {
            "b64_std": "Vyna93MOemWnwj/7hBoG5Q==",
            "b64_url": "Vyna93MOemWnwj_7hBoG5Q",
            "byte_length": 16,
            "dec": "115860160974745625057694414652502050533",
            "hex": "5729daf7730e7a65a7c23ffb841a06e5",
            "id": "Vyna93MOemWnwj_7hBoG5Q",
            "keepers": null,
            "prefix": null
          },
          "sensitive_attributes": [],
          "identity_schema_version": 0
        }
      ]
    },
    {
      "mode": "managed",
      "type": "tls_private_key",
      "name": "generated",
      "provider": "provider[\"registry.terraform.io/hashicorp/tls\"]",
      "instances": [
        {
          "schema_version": 1,
          "attributes": {
            "algorithm": "RSA",
            "ecdsa_curve": "P224",
            "id": "434f4e5ca30eb3f8cc83ff48bcd68c0254b96774",
            "private_key_openssh": "-----BEGIN OPENSSH PRIVATE KEY-----\nb3BlbnNzaC1rZXktdjEAAAAABG5vbmUAAAAEbm9uZQAAAAAAAAABAAABFwAAAAdz\nc2gtcnNhAAAAAwEAAQAAAQEAxXb1HiOwuoShHmkYGoIP391Qs2ncG/QOno6+KpyR\n/SJ685lxG6sZ8jkVESN9lZ1FXIz/eqG9ExsUXGhL4imS+aSDTLZ+55zsWXLW2Ldg\nzKNzgoFd5Ge6OIBYx3u7hdYCWVT8ZfhaP0KQojyVJXZbg4ShSrAZn/cxZ4Tae6v+\nHs2CcapKjNCJElxQe9lb9h4PBCjzbBdK3ZE9mTV7lZH3DZQv/MsR38vkI6XiOIIa\nfyF9OhE2Ri/7kR0Vidgn4Xm8TPgXcS7OSyVQDHA5HVp139fwU6GQJzEdhMzfBB29\nOy2j4Ea3PuNHosV5gHNhlxxH7rgCxvsNJskHLqsL9PprJQAAA7g64My1OuDMtQAA\nAAdzc2gtcnNhAAABAQDFdvUeI7C6hKEeaRgagg/f3VCzadwb9A6ejr4qnJH9Inrz\nmXEbqxnyORURI32VnUVcjP96ob0TGxRcaEviKZL5pINMtn7nnOxZctbYt2DMo3OC\ngV3kZ7o4gFjHe7uF1gJZVPxl+Fo/QpCiPJUldluDhKFKsBmf9zFnhNp7q/4ezYJx\nqkqM0IkSXFB72Vv2Hg8EKPNsF0rdkT2ZNXuVkfcNlC/8yxHfy+QjpeI4ghp/IX06\nETZGL/uRHRWJ2CfhebxM+BdxLs5LJVAMcDkdWnXf1/BToZAnMR2EzN8EHb07LaPg\nRrc+40eixXmAc2GXHEfuuALG+w0myQcuqwv0+mslAAAAAwEAAQAAAQAbs6aLheJD\nKFwaEhBJl7l2ZGvv34f7e++ZGtlezPxGENJC3mHZydUoAA4Oi3YQyTFz3Gvy3kHS\nLlha5l7O6Zou3390AZ4oDAG0QsIVQRSZYMzRoCh15H9hcdACnD8gdXd65MtL2t1+\nRm5X9DvQN5x7BN5DxhSyNlF9/ktQUj6iP19E++wms1tA00eFLoGT01hd3dqHirzI\ng0goNLjruHu0cT3MOZ3BCycWlvmOzDG/ql0IItN8lpvhwd/yAcx84a5g+o/N+BIx\nWKO/J47ppWbyMns2/ZLWRw1+eUt8YUqBVUgVYZUEdzudTT5T4f2Mv8fDAGzz0OqT\nzob7voNxzy5BAAAAgEoEEbj8sSk4cmlExFSZvVXzQN+R3B6SU8ry7PmOGzGyMi2A\nOkr7+lgFi5hzvje3LehkRf2SFpmLV6DjrS+kZP5nxD4KyYORfhtgspWvdq8Uo940\n9Z0y1TKaLM9nwH9QUseVPfx2eG5OYbOvGixvWGZgaL8zujr54cBLEZNM+eqOAAAA\ngQDskoOVEQyDmC7gShpcI9jflFRSDz8T+10EVgnVfGq2eegekeqChlnCGbHq4qtt\n8FA+B7SKfPTC1ljayMHp1VShEN/KAEYLAbx+pSSJrQolghlYGCJ4kaAiUu4bN1dI\nj3Qkvlj7thOcR8dMaRxHA6W6ihRvV6eqs+50ehzPW3vEzQAAAIEA1a5HelMuuMoF\nHDQHUUjOLHOcfDw7RnELDR2cqkM2+O+IJGwQHlbNoB/yvKVeXyefm+d3Ba7/2DYR\nT4eDGX8xUqBdHJZkG7x+j87lRbVb0zCKmRUa6c/8k+fk1gTjONgO/qQGucBFHTk4\nxU/pMMZvzL6umoAltYQH4an9IpWF/7kAAAAAAQID\n-----END OPENSSH PRIVATE KEY-----\n",
            "private_key_pem": "-----BEGIN RSA PRIVATE KEY-----\nMIIEowIBAAKCAQEAxXb1HiOwuoShHmkYGoIP391Qs2ncG/QOno6+KpyR/SJ685lx\nG6sZ8jkVESN9lZ1FXIz/eqG9ExsUXGhL4imS+aSDTLZ+55zsWXLW2LdgzKNzgoFd\n5Ge6OIBYx3u7hdYCWVT8ZfhaP0KQojyVJXZbg4ShSrAZn/cxZ4Tae6v+Hs2CcapK\njNCJElxQe9lb9h4PBCjzbBdK3ZE9mTV7lZH3DZQv/MsR38vkI6XiOIIafyF9OhE2\nRi/7kR0Vidgn4Xm8TPgXcS7OSyVQDHA5HVp139fwU6GQJzEdhMzfBB29Oy2j4Ea3\nPuNHosV5gHNhlxxH7rgCxvsNJskHLqsL9PprJQIDAQABAoIBABuzpouF4kMoXBoS\nEEmXuXZka+/fh/t775ka2V7M/EYQ0kLeYdnJ1SgADg6LdhDJMXPca/LeQdIuWFrm\nXs7pmi7ff3QBnigMAbRCwhVBFJlgzNGgKHXkf2Fx0AKcPyB1d3rky0va3X5Gblf0\nO9A3nHsE3kPGFLI2UX3+S1BSPqI/X0T77CazW0DTR4UugZPTWF3d2oeKvMiDSCg0\nuOu4e7RxPcw5ncELJxaW+Y7MMb+qXQgi03yWm+HB3/IBzHzhrmD6j834EjFYo78n\njumlZvIyezb9ktZHDX55S3xhSoFVSBVhlQR3O51NPlPh/Yy/x8MAbPPQ6pPOhvu+\ng3HPLkECgYEA7JKDlREMg5gu4EoaXCPY35RUUg8/E/tdBFYJ1XxqtnnoHpHqgoZZ\nwhmx6uKrbfBQPge0inz0wtZY2sjB6dVUoRDfygBGCwG8fqUkia0KJYIZWBgieJGg\nIlLuGzdXSI90JL5Y+7YTnEfHTGkcRwOluooUb1enqrPudHocz1t7xM0CgYEA1a5H\nelMuuMoFHDQHUUjOLHOcfDw7RnELDR2cqkM2+O+IJGwQHlbNoB/yvKVeXyefm+d3\nBa7/2DYRT4eDGX8xUqBdHJZkG7x+j87lRbVb0zCKmRUa6c/8k+fk1gTjONgO/qQG\nucBFHTk4xU/pMMZvzL6umoAltYQH4an9IpWF/7kCgYASknoEBN+foR3k+8xP+Xx4\nKPPpsUq5bd1ijsKc4PSbuLxRUhFAB/4Z79x43SyqJ9iU1hQFX0Pz29ID8wjOK7JG\nJsX63MSi7pL2uk5BBLWsNid5NAPYxU32A96vgku25ZQvokXoFOY7OaNay1Gt/YpQ\nN7DdANun2hJZUJDccokn7QKBgQDAyNREUPg+UEX8BBT2CTG6eTQeAlmYXDUUSDso\ngiv+vF2gPr7sIHS0mx5thOV4BE/EYTjJL/I0J9PGZQSq5E6jtXtMZ4M6Yv3s0UWZ\ndt6503m4U4pMmRHQf8++J/q5NnWQ2HwY6pdwnkfR/R7umpoTp5XwXt2mvtA9kRiJ\nM04KQQKBgEoEEbj8sSk4cmlExFSZvVXzQN+R3B6SU8ry7PmOGzGyMi2AOkr7+lgF\ni5hzvje3LehkRf2SFpmLV6DjrS+kZP5nxD4KyYORfhtgspWvdq8Uo9409Z0y1TKa\nLM9nwH9QUseVPfx2eG5OYbOvGixvWGZgaL8zujr54cBLEZNM+eqO\n-----END RSA PRIVATE KEY-----\n",
            "private_key_pem_pkcs8": "-----BEGIN PRIVATE KEY-----\nMIIEvQIBADANBgkqhkiG9w0BAQEFAASCBKcwggSjAgEAAoIBAQDFdvUeI7C6hKEe\naRgagg/f3VCzadwb9A6ejr4qnJH9InrzmXEbqxnyORURI32VnUVcjP96ob0TGxRc\naEviKZL5pINMtn7nnOxZctbYt2DMo3OCgV3kZ7o4gFjHe7uF1gJZVPxl+Fo/QpCi\nPJUldluDhKFKsBmf9zFnhNp7q/4ezYJxqkqM0IkSXFB72Vv2Hg8EKPNsF0rdkT2Z\nNXuVkfcNlC/8yxHfy+QjpeI4ghp/IX06ETZGL/uRHRWJ2CfhebxM+BdxLs5LJVAM\ncDkdWnXf1/BToZAnMR2EzN8EHb07LaPgRrc+40eixXmAc2GXHEfuuALG+w0myQcu\nqwv0+mslAgMBAAECggEAG7Omi4XiQyhcGhIQSZe5dmRr79+H+3vvmRrZXsz8RhDS\nQt5h2cnVKAAODot2EMkxc9xr8t5B0i5YWuZezumaLt9/dAGeKAwBtELCFUEUmWDM\n0aAodeR/YXHQApw/IHV3euTLS9rdfkZuV/Q70DecewTeQ8YUsjZRff5LUFI+oj9f\nRPvsJrNbQNNHhS6Bk9NYXd3ah4q8yINIKDS467h7tHE9zDmdwQsnFpb5jswxv6pd\nCCLTfJab4cHf8gHMfOGuYPqPzfgSMVijvyeO6aVm8jJ7Nv2S1kcNfnlLfGFKgVVI\nFWGVBHc7nU0+U+H9jL/HwwBs89Dqk86G+76Dcc8uQQKBgQDskoOVEQyDmC7gShpc\nI9jflFRSDz8T+10EVgnVfGq2eegekeqChlnCGbHq4qtt8FA+B7SKfPTC1ljayMHp\n1VShEN/KAEYLAbx+pSSJrQolghlYGCJ4kaAiUu4bN1dIj3Qkvlj7thOcR8dMaRxH\nA6W6ihRvV6eqs+50ehzPW3vEzQKBgQDVrkd6Uy64ygUcNAdRSM4sc5x8PDtGcQsN\nHZyqQzb474gkbBAeVs2gH/K8pV5fJ5+b53cFrv/YNhFPh4MZfzFSoF0clmQbvH6P\nzuVFtVvTMIqZFRrpz/yT5+TWBOM42A7+pAa5wEUdOTjFT+kwxm/Mvq6agCW1hAfh\nqf0ilYX/uQKBgBKSegQE35+hHeT7zE/5fHgo8+mxSrlt3WKOwpzg9Ju4vFFSEUAH\n/hnv3HjdLKon2JTWFAVfQ/Pb0gPzCM4rskYmxfrcxKLukva6TkEEtaw2J3k0A9jF\nTfYD3q+CS7bllC+iRegU5js5o1rLUa39ilA3sN0A26faEllQkNxyiSftAoGBAMDI\n1ERQ+D5QRfwEFPYJMbp5NB4CWZhcNRRIOyiCK/68XaA+vuwgdLSbHm2E5XgET8Rh\nOMkv8jQn08ZlBKrkTqO1e0xngzpi/ezRRZl23rnTebhTikyZEdB/z74n+rk2dZDY\nfBjql3CeR9H9Hu6amhOnlfBe3aa+0D2RGIkzTgpBAoGASgQRuPyxKThyaUTEVJm9\nVfNA35HcHpJTyvLs+Y4bMbIyLYA6Svv6WAWLmHO+N7ct6GRF/ZIWmYtXoOOtL6Rk\n/mfEPgrJg5F+G2Cyla92rxSj3jT1nTLVMposz2fAf1BSx5U9/HZ4bk5hs68aLG9Y\nZmBovzO6OvnhwEsRk0z56o4=\n-----END PRIVATE KEY-----\n",
            "public_key_fingerprint_md5": "09:a6:20:af:70:fc:12:38:01:38:8a:2b:7b:12:5f:ae",
            "public_key_fingerprint_sha256": "SHA256:C/WPHH0mxImdIrKILt1PzWh7HZ70RAvBat75gNQqJMQ",
            "public_key_openssh": "ssh-rsa AAAAB3NzaC1yc2EAAAADAQABAAABAQDFdvUeI7C6hKEeaRgagg/f3VCzadwb9A6ejr4qnJH9InrzmXEbqxnyORURI32VnUVcjP96ob0TGxRcaEviKZL5pINMtn7nnOxZctbYt2DMo3OCgV3kZ7o4gFjHe7uF1gJZVPxl+Fo/QpCiPJUldluDhKFKsBmf9zFnhNp7q/4ezYJxqkqM0IkSXFB72Vv2Hg8EKPNsF0rdkT2ZNXuVkfcNlC/8yxHfy+QjpeI4ghp/IX06ETZGL/uRHRWJ2CfhebxM+BdxLs5LJVAMcDkdWnXf1/BToZAnMR2EzN8EHb07LaPgRrc+40eixXmAc2GXHEfuuALG+w0myQcuqwv0+msl\n",
            "public_key_pem": "-----BEGIN PUBLIC KEY-----\nMIIBIjANBgkqhkiG9w0BAQEFAAOCAQ8AMIIBCgKCAQEAxXb1HiOwuoShHmkYGoIP\n391Qs2ncG/QOno6+KpyR/SJ685lxG6sZ8jkVESN9lZ1FXIz/eqG9ExsUXGhL4imS\n+aSDTLZ+55zsWXLW2LdgzKNzgoFd5Ge6OIBYx3u7hdYCWVT8ZfhaP0KQojyVJXZb\ng4ShSrAZn/cxZ4Tae6v+Hs2CcapKjNCJElxQe9lb9h4PBCjzbBdK3ZE9mTV7lZH3\nDZQv/MsR38vkI6XiOIIafyF9OhE2Ri/7kR0Vidgn4Xm8TPgXcS7OSyVQDHA5HVp1\n39fwU6GQJzEdhMzfBB29Oy2j4Ea3PuNHosV5gHNhlxxH7rgCxvsNJskHLqsL9Ppr\nJQIDAQAB\n-----END PUBLIC KEY-----\n",
            "rsa_bits": 2048
          },
          "sensitive_attributes": [
            [
              {
                "type": "get_attr",
                "value": "private_key_openssh"
              }
            ],
            [
              {
                "type": "get_attr",
                "value": "private_key_pem"
              }
            ],
            [
              {
                "type": "get_attr",
                "value": "private_key_pem_pkcs8"
              }
            ]
          ],
          "identity_schema_version": 0
        }
      ]
    }
  ],
  "check_results": null
}
