{
  "version": 4,
  "terraform_version": "1.12.1",
  "serial": 420,
  "lineage": "a6661188-b63c-82c6-f50c-f707e9a12886",
  "outputs": {},
  "resources": [
    {
      "mode": "data",
      "type": "aws_region",
      "name": "current",
      "provider": "provider[\"registry.terraform.io/hashicorp/aws\"]",
      "instances": [
        {
          "schema_version": 0,
          "attributes": {
            "description": "Israel (Tel Aviv)",
            "endpoint": "ec2.il-central-1.amazonaws.com",
            "id": "il-central-1",
            "name": "il-central-1",
            "region": "il-central-1"
          },
          "sensitive_attributes": [],
          "identity_schema_version": 0
        }
      ]
    },
    {
      "mode": "managed",
      "type": "aws_vpc",
      "name": "vpc",
      "provider": "provider[\"registry.terraform.io/hashicorp/aws\"]",
      "instances": [
        {
          "schema_version": 1,
          "attributes": {
            "arn": "arn:aws:ec2:il-central-1:240617603981:vpc/vpc-07a359037b2b48d22",
            "assign_generated_ipv6_cidr_block": false,
            "cidr_block": "10.0.0.0/16",
            "default_network_acl_id": "acl-0941ee35fedf02412",
            "default_route_table_id": "rtb-0949c5200929834df",
            "default_security_group_id": "sg-0cc4e92b17ed2f99d",
            "dhcp_options_id": "dopt-09570f41a7671ed1e",
            "enable_dns_hostnames": false,
            "enable_dns_support": true,
            "enable_network_address_usage_metrics": false,
            "id": "vpc-07a359037b2b48d22",
            "instance_tenancy": "default",
            "ipv4_ipam_pool_id": null,
            "ipv4_netmask_length": null,
            "ipv6_association_id": "",
            "ipv6_cidr_block": "",
            "ipv6_cidr_block_network_border_group": "",
            "ipv6_ipam_pool_id": "",
            "ipv6_netmask_length": 0,
            "main_route_table_id": "rtb-0949c5200929834df",
            "owner_id": "240617603981",
            "region": "il-central-1",
            "tags": {
              "Environment": "demo_environment",
              "Name": "demo_vpc",
              "Region": "il-central-1",
              "Terraform": "true"
            },
            "tags_all": {
              "Environment": "demo_environment",
              "Name": "demo_vpc",
              "Region": "il-central-1",
              "Terraform": "true"
            }
          },
          "sensitive_attributes": [],
          "identity_schema_version": 0,
          "private": "eyJzY2hlbWFfdmVyc2lvbiI6IjEifQ==",
          "dependencies": [
            "data.aws_region.current"
          ]
        }
      ]
    }
  ],
  "check_results": null
}
