{
  "version": 4,
  "terraform_version": "1.12.1",
  "serial": 100,
  "lineage": "0bdc78aa-1c9e-04ca-0104-428980ba6fce",
  "outputs": {},
  "resources": [
    {
      "mode": "data",
      "type": "aws_ami",
      "name": "ubuntu",
      "provider": "provider[\"registry.terraform.io/hashicorp/aws\"]",
      "instances": [
        {
          "schema_version": 0,
          "attributes": {
            "allow_unsafe_filter": null,
            "architecture": "x86_64",
            "arn": "arn:aws:ec2:il-central-1::image/ami-0a4f501bd7555611c",
            "block_device_mappings": [
              {
                "device_name": "/dev/sda1",
                "ebs": {
                  "delete_on_termination": "true",
                  "encrypted": "false",
                  "iops": "0",
                  "snapshot_id": "snap-03e9cb6ac92882681",
                  "throughput": "0",
                  "volume_initialization_rate": "0",
                  "volume_size": "8",
                  "volume_type": "gp2"
                },
                "no_device": "",
                "virtual_name": ""
              },
              {
                "device_name": "/dev/sdb",
                "ebs": {},
                "no_device": "",
                "virtual_name": "ephemeral0"
              },
              {
                "device_name": "/dev/sdc",
                "ebs": {},
                "no_device": "",
                "virtual_name": "ephemeral1"
              }
            ],
            "boot_mode": "uefi-preferred",
            "creation_date": "2025-06-17T06:49:20.000Z",
            "deprecation_time": "2027-06-17T06:49:20.000Z",
            "description": "Canonical, Ubuntu, 22.04, amd64 jammy image",
            "ena_support": true,
            "executable_users": null,
            "filter": [
              {
                "name": "name",
                "values": [
                  "ubuntu/images/hvm-ssd/ubuntu-jammy-22.04-amd64-server-*"
                ]
              }
            ],
            "hypervisor": "xen",
            "id": "ami-0a4f501bd7555611c",
            "image_id": "ami-0a4f501bd7555611c",
            "image_location": "amazon/ubuntu/images/hvm-ssd/ubuntu-jammy-22.04-amd64-server-20250617",
            "image_owner_alias": "amazon",
            "image_type": "machine",
            "imds_support": "",
            "include_deprecated": false,
            "kernel_id": "",
            "last_launched_time": "",
            "most_recent": true,
            "name": "ubuntu/images/hvm-ssd/ubuntu-jammy-22.04-amd64-server-20250617",
            "name_regex": null,
            "owner_id": "099720109477",
            "owners": [
              "099720109477"
            ],
            "platform": "",
            "platform_details": "Linux/UNIX",
            "product_codes": [],
            "public": true,
            "ramdisk_id": "",
            "region": "il-central-1",
            "root_device_name": "/dev/sda1",
            "root_device_type": "ebs",
            "root_snapshot_id": "snap-03e9cb6ac92882681",
            "sriov_net_support": "simple",
            "state": "available",
            "state_reason": {
              "code": "UNSET",
              "message": "UNSET"
            },
            "tags": {},
            "timeouts": null,
            "tpm_support": "",
            "uefi_data": null,
            "usage_operation": "RunInstances",
            "virtualization_type": "hvm"
          },
          "sensitive_attributes": [],
          "identity_schema_version": 0
        }
      ]
    },
    {
      "mode": "data",
      "type": "aws_availability_zones",
      "name": "available",
      "provider": "provider[\"registry.terraform.io/hashicorp/aws\"]",
      "instances": [
        {
          "schema_version": 0,
          "attributes": {
            "all_availability_zones": null,
            "exclude_names": null,
            "exclude_zone_ids": null,
            "filter": null,
            "group_names": [
              "il-central-1-zg-1"
            ],
            "id": "il-central-1",
            "names": [
              "il-central-1a",
              "il-central-1b",
              "il-central-1c"
            ],
            "region": "il-central-1",
            "state": null,
            "timeouts": null,
            "zone_ids": [
              "ilc1-az1",
              "ilc1-az2",
              "ilc1-az3"
            ]
          },
          "sensitive_attributes": [],
          "identity_schema_version": 0
        }
      ]
    },
    {
      "mode": "data",
      "type": "aws_region",
      "name": "current",
      "provider": "provider[\"registry.terraform.io/hashicorp/aws\"]",
      "instances": [
        {
          "schema_version": 0,
          "attributes": {
            "description": "Israel (Tel Aviv)",
            "endpoint": "ec2.il-central-1.amazonaws.com",
            "id": "il-central-1",
            "name": "il-central-1",
            "region": "il-central-1"
          },
          "sensitive_attributes": [],
          "identity_schema_version": 0
        }
      ]
    },
    {
      "mode": "managed",
      "type": "aws_instance",
      "name": "ubuntu_server",
      "provider": "provider[\"registry.terraform.io/hashicorp/aws\"]",
      "instances": [
        {
          "schema_version": 2,
          "attributes": {
            "ami": "ami-0a4f501bd7555611c",
            "arn": "arn:aws:ec2:il-central-1:240617603981:instance/i-09cc12f1adefd3981",
            "associate_public_ip_address": true,
            "availability_zone": "il-central-1a",
            "capacity_reservation_specification": [
              {
                "capacity_reservation_preference": "open",
                "capacity_reservation_target": []
              }
            ],
            "cpu_options": [
              {
                "amd_sev_snp": "",
                "core_count": 1,
                "threads_per_core": 2
              }
            ],
            "credit_specification": [
              {
                "cpu_credits": "unlimited"
              }
            ],
            "disable_api_stop": false,
            "disable_api_termination": false,
            "ebs_block_device": [],
            "ebs_optimized": false,
            "enable_primary_ipv6": null,
            "enclave_options": [
              {
                "enabled": false
              }
            ],
            "ephemeral_block_device": [],
            "get_password_data": false,
            "hibernation": false,
            "host_id": "",
            "host_resource_group_arn": null,
            "iam_instance_profile": "",
            "id": "i-09cc12f1adefd3981",
            "instance_initiated_shutdown_behavior": "stop",
            "instance_lifecycle": "",
            "instance_market_options": [],
            "instance_state": "running",
            "instance_type": "t3.micro",
            "ipv6_address_count": 0,
            "ipv6_addresses": [],
            "key_name": "MyAWSKey-default",
            "launch_template": [],
            "maintenance_options": [
              {
                "auto_recovery": "default"
              }
            ],
            "metadata_options": [
              {
                "http_endpoint": "enabled",
                "http_protocol_ipv6": "disabled",
                "http_put_response_hop_limit": 1,
                "http_tokens": "optional",
                "instance_metadata_tags": "disabled"
              }
            ],
            "monitoring": false,
            "network_interface": [],
            "outpost_arn": "",
            "password_data": "",
            "placement_group": "",
            "placement_partition_number": 0,
            "primary_network_interface_id": "eni-06fc40264c4ab28bb",
            "private_dns": "ip-10-0-101-77.il-central-1.compute.internal",
            "private_dns_name_options": [
              {
                "enable_resource_name_dns_a_record": false,
                "enable_resource_name_dns_aaaa_record": false,
                "hostname_type": "ip-name"
              }
            ],
            "private_ip": "10.0.101.77",
            "public_dns": "",
            "public_ip": "51.16.40.107",
            "region": "il-central-1",
            "root_block_device": [
              {
                "delete_on_termination": true,
                "device_name": "/dev/sda1",
                "encrypted": false,
                "iops": 100,
                "kms_key_id": "",
                "tags": {
                  "Environment": "default",
                  "Owner": "Asaf",
                  "Provisioned": "Terraform"
                },
                "tags_all": {
                  "Environment": "default",
                  "Owner": "Asaf",
                  "Provisioned": "Terraform"
                },
                "throughput": 0,
                "volume_id": "vol-0e197de8003e2491e",
                "volume_size": 8,
                "volume_type": "gp2"
              }
            ],
            "secondary_private_ips": [],
            "security_groups": [
              "sg-00afba67623ae415d",
              "sg-0740f8cb633c8f8e2",
              "sg-0c2fe5ae568397107"
            ],
            "source_dest_check": true,
            "spot_instance_request_id": "",
            "subnet_id": "subnet-09427c038a2e6c97e",
            "tags": {
              "Name": "Ubuntu EC2 Server"
            },
            "tags_all": {
              "Environment": "default",
              "Name": "Ubuntu EC2 Server",
              "Owner": "Asaf",
              "Provisioned": "Terraform"
            },
            "tenancy": "default",
            "timeouts": null,
            "user_data": null,
            "user_data_base64": null,
            "user_data_replace_on_change": false,
            "volume_tags": null,
            "vpc_security_group_ids": [
              "sg-00afba67623ae415d",
              "sg-0740f8cb633c8f8e2",
              "sg-0c2fe5ae568397107"
            ]
          },
          "sensitive_attributes": [],
          "identity_schema_version": 0,
          "private": "eyJlMmJmYjczMC1lY2FhLTExZTYtOGY4OC0zNDM2M2JjN2M0YzAiOnsiY3JlYXRlIjo2MDAwMDAwMDAwMDAsImRlbGV0ZSI6MTIwMDAwMDAwMDAwMCwicmVhZCI6OTAwMDAwMDAwMDAwLCJ1cGRhdGUiOjYwMDAwMDAwMDAwMH0sInNjaGVtYV92ZXJzaW9uIjoiMiJ9",
          "dependencies": [
            "aws_key_pair.generated",
            "aws_security_group.ingress-ssh",
            "aws_security_group.vpc-ping",
            "aws_security_group.vpc-web",
            "aws_subnet.public_subnets",
            "aws_vpc.vpc",
            "data.aws_ami.ubuntu",
            "data.aws_availability_zones.available",
            "local_file.private_key_pem",
            "tls_private_key.generated"
          ]
        }
      ]
    },
    {
      "mode": "managed",
      "type": "aws_internet_gateway",
      "name": "internet_gateway",
      "provider": "provider[\"registry.terraform.io/hashicorp/aws\"]",
      "instances": [
        {
          "schema_version": 0,
          "attributes": {
            "arn": "arn:aws:ec2:il-central-1:240617603981:internet-gateway/igw-0907c25f6456aae62",
            "id": "igw-0907c25f6456aae62",
            "owner_id": "240617603981",
            "region": "il-central-1",
            "tags": {
              "Name": "demo_igw"
            },
            "tags_all": {
              "Environment": "default",
              "Name": "demo_igw",
              "Owner": "Asaf",
              "Provisioned": "Terraform"
            },
            "timeouts": null,
            "vpc_id": "vpc-056a734a7c3a81081"
          },
          "sensitive_attributes": [],
          "identity_schema_version": 0,
          "private": "eyJlMmJmYjczMC1lY2FhLTExZTYtOGY4OC0zNDM2M2JjN2M0YzAiOnsiY3JlYXRlIjoxMjAwMDAwMDAwMDAwLCJkZWxldGUiOjEyMDAwMDAwMDAwMDAsInVwZGF0ZSI6MTIwMDAwMDAwMDAwMH19",
          "dependencies": [
            "aws_route_table.private_route_table",
            "aws_route_table.public_route_table",
            "aws_vpc.vpc"
          ]
        }
      ]
    },
    {
      "mode": "managed",
      "type": "aws_key_pair",
      "name": "generated",
      "provider": "provider[\"registry.terraform.io/hashicorp/aws\"]",
      "instances": [
        {
          "schema_version": 1,
          "attributes": {
            "arn": "arn:aws:ec2:il-central-1:240617603981:key-pair/MyAWSKey-default",
            "fingerprint": "89:88:d8:c9:86:66:88:3b:07:06:92:f8:f5:8d:88:f7",
            "id": "MyAWSKey-default",
            "key_name": "MyAWSKey-default",
            "key_name_prefix": "",
            "key_pair_id": "key-05ca4334b8849589f",
            "key_type": "rsa",
            "public_key": "ssh-rsa AAAAB3NzaC1yc2EAAAADAQABAAABAQDc80LOZ+pmFKF649AwGh3/WvTzEMGhCIIC5G7H6XOVv88pOugvAjIc/158htePR523gJzLusY/wFP2IvGt5R0XV/dCc7d8uRUeZXJt3kWWtZWFXh5ty/uovH8IF86qhuwJtOb5gSWfSjrzYD4BRzUOTAySZhdfoJqHPi5ERJP3NbBl/U+Q7qrloLFqXFcQ5m1i5s2Z3+OAx6XRSv+gnuIwsuYJKaOW925bmCDVYsjwdVXcrTf1kyOr/aXC4gaQ8CbfIh52g+zK/WuSxWbf1tnSXbg8ieRx+/R1eDlNGrcUhEv/dLGJUjX4S25QllkN8MTDyGTlKAJ28jKyzA9cGzR5",
            "region": "il-central-1",
            "tags": null,
            "tags_all": {
              "Environment": "default",
              "Owner": "Asaf",
              "Provisioned": "Terraform"
            }
          },
          "sensitive_attributes": [],
          "identity_schema_version": 0,
          "private": "eyJzY2hlbWFfdmVyc2lvbiI6IjEifQ==",
          "dependencies": [
            "tls_private_key.generated"
          ]
        }
      ]
    },
    {
      "mode": "managed",
      "type": "aws_route",
      "name": "private_default",
      "provider": "provider[\"registry.terraform.io/hashicorp/aws\"]",
      "instances": [
        {
          "schema_version": 0,
          "attributes": {
            "carrier_gateway_id": "",
            "core_network_arn": "",
            "destination_cidr_block": "0.0.0.0/0",
            "destination_ipv6_cidr_block": "",
            "destination_prefix_list_id": "",
            "egress_only_gateway_id": "",
            "gateway_id": "igw-0907c25f6456aae62",
            "id": "r-rtb-04a23a78b48d933911080289494",
            "instance_id": "",
            "instance_owner_id": "",
            "local_gateway_id": "",
            "nat_gateway_id": "",
            "network_interface_id": "",
            "origin": "CreateRoute",
            "region": "il-central-1",
            "route_table_id": "rtb-04a23a78b48d93391",
            "state": "active",
            "timeouts": null,
            "transit_gateway_id": "",
            "vpc_endpoint_id": "",
            "vpc_peering_connection_id": ""
          },
          "sensitive_attributes": [],
          "identity_schema_version": 0,
          "private": "eyJlMmJmYjczMC1lY2FhLTExZTYtOGY4OC0zNDM2M2JjN2M0YzAiOnsiY3JlYXRlIjozMDAwMDAwMDAwMDAsImRlbGV0ZSI6MzAwMDAwMDAwMDAwLCJ1cGRhdGUiOjEyMDAwMDAwMDAwMH19",
          "dependencies": [
            "aws_internet_gateway.internet_gateway",
            "aws_route_table.private_route_table",
            "aws_route_table.public_route_table",
            "aws_vpc.vpc"
          ]
        }
      ]
    },
    {
      "mode": "managed",
      "type": "aws_route",
      "name": "public_default",
      "provider": "provider[\"registry.terraform.io/hashicorp/aws\"]",
      "instances": [
        {
          "schema_version": 0,
          "attributes": {
            "carrier_gateway_id": "",
            "core_network_arn": "",
            "destination_cidr_block": "0.0.0.0/0",
            "destination_ipv6_cidr_block": "",
            "destination_prefix_list_id": "",
            "egress_only_gateway_id": "",
            "gateway_id": "igw-0907c25f6456aae62",
            "id": "r-rtb-02da0699a8ed7155e1080289494",
            "instance_id": "",
            "instance_owner_id": "",
            "local_gateway_id": "",
            "nat_gateway_id": "",
            "network_interface_id": "",
            "origin": "CreateRoute",
            "region": "il-central-1",
            "route_table_id": "rtb-02da0699a8ed7155e",
            "state": "active",
            "timeouts": null,
            "transit_gateway_id": "",
            "vpc_endpoint_id": "",
            "vpc_peering_connection_id": ""
          },
          "sensitive_attributes": [],
          "identity_schema_version": 0,
          "private": "eyJlMmJmYjczMC1lY2FhLTExZTYtOGY4OC0zNDM2M2JjN2M0YzAiOnsiY3JlYXRlIjozMDAwMDAwMDAwMDAsImRlbGV0ZSI6MzAwMDAwMDAwMDAwLCJ1cGRhdGUiOjEyMDAwMDAwMDAwMH19",
          "dependencies": [
            "aws_internet_gateway.internet_gateway",
            "aws_route_table.private_route_table",
            "aws_route_table.public_route_table",
            "aws_vpc.vpc"
          ]
        }
      ]
    },
    {
      "mode": "managed",
      "type": "aws_route_table",
      "name": "private_route_table",
      "provider": "provider[\"registry.terraform.io/hashicorp/aws\"]",
      "instances": [
        {
          "schema_version": 0,
          "attributes": {
            "arn": "arn:aws:ec2:il-central-1:240617603981:route-table/rtb-04a23a78b48d93391",
            "id": "rtb-04a23a78b48d93391",
            "owner_id": "240617603981",
            "propagating_vgws": [],
            "region": "il-central-1",
            "route": [],
            "tags": {
              "Name": "demo_private_rtb",
              "Terraform": "true"
            },
            "tags_all": {
              "Environment": "default",
              "Name": "demo_private_rtb",
              "Owner": "Asaf",
              "Provisioned": "Terraform",
              "Terraform": "true"
            },
            "timeouts": null,
            "vpc_id": "vpc-056a734a7c3a81081"
          },
          "sensitive_attributes": [],
          "identity_schema_version": 0,
          "private": "eyJlMmJmYjczMC1lY2FhLTExZTYtOGY4OC0zNDM2M2JjN2M0YzAiOnsiY3JlYXRlIjozMDAwMDAwMDAwMDAsImRlbGV0ZSI6MzAwMDAwMDAwMDAwLCJ1cGRhdGUiOjEyMDAwMDAwMDAwMH19",
          "dependencies": [
            "aws_vpc.vpc"
          ]
        }
      ]
    },
    {
      "mode": "managed",
      "type": "aws_route_table",
      "name": "public_route_table",
      "provider": "provider[\"registry.terraform.io/hashicorp/aws\"]",
      "instances": [
        {
          "schema_version": 0,
          "attributes": {
            "arn": "arn:aws:ec2:il-central-1:240617603981:route-table/rtb-02da0699a8ed7155e",
            "id": "rtb-02da0699a8ed7155e",
            "owner_id": "240617603981",
            "propagating_vgws": [],
            "region": "il-central-1",
            "route": [],
            "tags": {
              "Name": "demo_public_rtb",
              "Terraform": "true"
            },
            "tags_all": {
              "Environment": "default",
              "Name": "demo_public_rtb",
              "Owner": "Asaf",
              "Provisioned": "Terraform",
              "Terraform": "true"
            },
            "timeouts": null,
            "vpc_id": "vpc-056a734a7c3a81081"
          },
          "sensitive_attributes": [],
          "identity_schema_version": 0,
          "private": "eyJlMmJmYjczMC1lY2FhLTExZTYtOGY4OC0zNDM2M2JjN2M0YzAiOnsiY3JlYXRlIjozMDAwMDAwMDAwMDAsImRlbGV0ZSI6MzAwMDAwMDAwMDAwLCJ1cGRhdGUiOjEyMDAwMDAwMDAwMH19",
          "dependencies": [
            "aws_vpc.vpc"
          ]
        }
      ]
    },
    {
      "mode": "managed",
      "type": "aws_route_table_association",
      "name": "private",
      "provider": "provider[\"registry.terraform.io/hashicorp/aws\"]",
      "instances": [
        {
          "index_key": "private_subnet_1",
          "schema_version": 0,
          "attributes": {
            "gateway_id": "",
            "id": "rtbassoc-01d324211fd88c54a",
            "region": "il-central-1",
            "route_table_id": "rtb-04a23a78b48d93391",
            "subnet_id": "subnet-0885dc07ae9f72539",
            "timeouts": null
          },
          "sensitive_attributes": [],
          "identity_schema_version": 0,
          "private": "eyJlMmJmYjczMC1lY2FhLTExZTYtOGY4OC0zNDM2M2JjN2M0YzAiOnsiY3JlYXRlIjozMDAwMDAwMDAwMDAsImRlbGV0ZSI6MzAwMDAwMDAwMDAwLCJ1cGRhdGUiOjEyMDAwMDAwMDAwMH19",
          "dependencies": [
            "aws_route_table.private_route_table",
            "aws_subnet.private_subnets",
            "aws_vpc.vpc",
            "data.aws_availability_zones.available"
          ]
        },
        {
          "index_key": "private_subnet_2",
          "schema_version": 0,
          "attributes": {
            "gateway_id": "",
            "id": "rtbassoc-0c3a622fc5889c2a4",
            "region": "il-central-1",
            "route_table_id": "rtb-04a23a78b48d93391",
            "subnet_id": "subnet-0b5bee31ffaacb1db",
            "timeouts": null
          },
          "sensitive_attributes": [],
          "identity_schema_version": 0,
          "private": "eyJlMmJmYjczMC1lY2FhLTExZTYtOGY4OC0zNDM2M2JjN2M0YzAiOnsiY3JlYXRlIjozMDAwMDAwMDAwMDAsImRlbGV0ZSI6MzAwMDAwMDAwMDAwLCJ1cGRhdGUiOjEyMDAwMDAwMDAwMH19",
          "dependencies": [
            "aws_route_table.private_route_table",
            "aws_subnet.private_subnets",
            "aws_vpc.vpc",
            "data.aws_availability_zones.available"
          ]
        },
        {
          "index_key": "private_subnet_3",
          "schema_version": 0,
          "attributes": {
            "gateway_id": "",
            "id": "rtbassoc-05430bcb5c1f7d017",
            "region": "il-central-1",
            "route_table_id": "rtb-04a23a78b48d93391",
            "subnet_id": "subnet-0c58db4f5f6b1d9b0",
            "timeouts": null
          },
          "sensitive_attributes": [],
          "identity_schema_version": 0,
          "private": "eyJlMmJmYjczMC1lY2FhLTExZTYtOGY4OC0zNDM2M2JjN2M0YzAiOnsiY3JlYXRlIjozMDAwMDAwMDAwMDAsImRlbGV0ZSI6MzAwMDAwMDAwMDAwLCJ1cGRhdGUiOjEyMDAwMDAwMDAwMH19",
          "dependencies": [
            "aws_route_table.private_route_table",
            "aws_subnet.private_subnets",
            "aws_vpc.vpc",
            "data.aws_availability_zones.available"
          ]
        }
      ]
    },
    {
      "mode": "managed",
      "type": "aws_route_table_association",
      "name": "public",
      "provider": "provider[\"registry.terraform.io/hashicorp/aws\"]",
      "instances": [
        {
          "index_key": "public_subnet_1",
          "schema_version": 0,
          "attributes": {
            "gateway_id": "",
            "id": "rtbassoc-0146491d46d690e22",
            "region": "il-central-1",
            "route_table_id": "rtb-02da0699a8ed7155e",
            "subnet_id": "subnet-09427c038a2e6c97e",
            "timeouts": null
          },
          "sensitive_attributes": [],
          "identity_schema_version": 0,
          "private": "eyJlMmJmYjczMC1lY2FhLTExZTYtOGY4OC0zNDM2M2JjN2M0YzAiOnsiY3JlYXRlIjozMDAwMDAwMDAwMDAsImRlbGV0ZSI6MzAwMDAwMDAwMDAwLCJ1cGRhdGUiOjEyMDAwMDAwMDAwMH19",
          "dependencies": [
            "aws_route_table.public_route_table",
            "aws_subnet.public_subnets",
            "aws_vpc.vpc",
            "data.aws_availability_zones.available"
          ]
        },
        {
          "index_key": "public_subnet_2",
          "schema_version": 0,
          "attributes": {
            "gateway_id": "",
            "id": "rtbassoc-0afd7985b404ae1ea",
            "region": "il-central-1",
            "route_table_id": "rtb-02da0699a8ed7155e",
            "subnet_id": "subnet-07ec13c10f9f1b793",
            "timeouts": null
          },
          "sensitive_attributes": [],
          "identity_schema_version": 0,
          "private": "eyJlMmJmYjczMC1lY2FhLTExZTYtOGY4OC0zNDM2M2JjN2M0YzAiOnsiY3JlYXRlIjozMDAwMDAwMDAwMDAsImRlbGV0ZSI6MzAwMDAwMDAwMDAwLCJ1cGRhdGUiOjEyMDAwMDAwMDAwMH19",
          "dependencies": [
            "aws_route_table.public_route_table",
            "aws_subnet.public_subnets",
            "aws_vpc.vpc",
            "data.aws_availability_zones.available"
          ]
        },
        {
          "index_key": "public_subnet_3",
          "schema_version": 0,
          "attributes": {
            "gateway_id": "",
            "id": "rtbassoc-0a9c07560b330e7c0",
            "region": "il-central-1",
            "route_table_id": "rtb-02da0699a8ed7155e",
            "subnet_id": "subnet-0c4ec31325b08871c",
            "timeouts": null
          },
          "sensitive_attributes": [],
          "identity_schema_version": 0,
          "private": "eyJlMmJmYjczMC1lY2FhLTExZTYtOGY4OC0zNDM2M2JjN2M0YzAiOnsiY3JlYXRlIjozMDAwMDAwMDAwMDAsImRlbGV0ZSI6MzAwMDAwMDAwMDAwLCJ1cGRhdGUiOjEyMDAwMDAwMDAwMH19",
          "dependencies": [
            "aws_route_table.public_route_table",
            "aws_subnet.public_subnets",
            "aws_vpc.vpc",
            "data.aws_availability_zones.available"
          ]
        }
      ]
    },
    {
      "mode": "managed",
      "type": "aws_s3_bucket",
      "name": "my-new-s3-bucket",
      "provider": "provider[\"registry.terraform.io/hashicorp/aws\"]",
      "instances": [
        {
          "schema_version": 0,
          "attributes": {
            "acceleration_status": "",
            "acl": null,
            "arn": "arn:aws:s3:::asaf-91acebfa3b8ccd45cc189da395d69ebb",
            "bucket": "asaf-91acebfa3b8ccd45cc189da395d69ebb",
            "bucket_domain_name": "asaf-91acebfa3b8ccd45cc189da395d69ebb.s3.amazonaws.com",
            "bucket_prefix": "asaf-91aceb",
            "bucket_region": "il-central-1",
            "bucket_regional_domain_name": "asaf-91acebfa3b8ccd45cc189da395d69ebb.s3.il-central-1.amazonaws.com",
            "cors_rule": [],
            "force_destroy": false,
            "grant": [
              {
                "id": "5a28a3ff6e12962898d42e4f332280cf2bd5940cd123685941b05895814d806a",
                "permissions": [
                  "FULL_CONTROL"
                ],
                "type": "CanonicalUser",
                "uri": ""
              }
            ],
            "hosted_zone_id": "Z09640613K4A3MN55U7GU",
            "id": "asaf-91acebfa3b8ccd45cc189da395d69ebb",
            "lifecycle_rule": [],
            "logging": [],
            "object_lock_configuration": [],
            "object_lock_enabled": false,
            "policy": "",
            "region": "il-central-1",
            "replication_configuration": [],
            "request_payer": "BucketOwner",
            "server_side_encryption_configuration": [
              {
                "rule": [
                  {
                    "apply_server_side_encryption_by_default": [
                      {
                        "kms_master_key_id": "",
                        "sse_algorithm": "AES256"
                      }
                    ],
                    "bucket_key_enabled": false
                  }
                ]
              }
            ],
            "tags": {
              "Name": "My S3 bucket",
              "Purpuse": "Intro to resource blocks lab"
            },
            "tags_all": {
              "Environment": "default",
              "Name": "My S3 bucket",
              "Owner": "Asaf",
              "Provisioned": "Terraform",
              "Purpuse": "Intro to resource blocks lab"
            },
            "timeouts": null,
            "versioning": [
              {
                "enabled": false,
                "mfa_delete": false
              }
            ],
            "website": [],
            "website_domain": null,
            "website_endpoint": null
          },
          "sensitive_attributes": [],
          "identity_schema_version": 0,
          "identity": {
            "account_id": "240617603981",
            "bucket": "asaf-91acebfa3b8ccd45cc189da395d69ebb",
            "region": "il-central-1"
          },
          "private": "eyJlMmJmYjczMC1lY2FhLTExZTYtOGY4OC0zNDM2M2JjN2M0YzAiOnsiY3JlYXRlIjoxMjAwMDAwMDAwMDAwLCJkZWxldGUiOjM2MDAwMDAwMDAwMDAsInJlYWQiOjEyMDAwMDAwMDAwMDAsInVwZGF0ZSI6MTIwMDAwMDAwMDAwMH19",
          "dependencies": [
            "random_id.randomness"
          ]
        }
      ]
    },
    {
      "mode": "managed",
      "type": "aws_s3_bucket_acl",
      "name": "my-new-s3-bucket_acl",
      "provider": "provider[\"registry.terraform.io/hashicorp/aws\"]",
      "instances": [
        {
          "schema_version": 0,
          "attributes": {
            "access_control_policy": [
              {
                "grant": [
                  {
                    "grantee": [
                      {
                        "display_name": "",
                        "email_address": "",
                        "id": "5a28a3ff6e12962898d42e4f332280cf2bd5940cd123685941b05895814d806a",
                        "type": "CanonicalUser",
                        "uri": ""
                      }
                    ],
                    "permission": "FULL_CONTROL"
                  }
                ],
                "owner": [
                  {
                    "display_name": "",
                    "id": "5a28a3ff6e12962898d42e4f332280cf2bd5940cd123685941b05895814d806a"
                  }
                ]
              }
            ],
            "acl": "private",
            "bucket": "asaf-91acebfa3b8ccd45cc189da395d69ebb",
            "expected_bucket_owner": "",
            "id": "asaf-91acebfa3b8ccd45cc189da395d69ebb,private",
            "region": "il-central-1"
          },
          "sensitive_attributes": [],
          "identity_schema_version": 0,
          "private": "bnVsbA==",
          "dependencies": [
            "aws_s3_bucket.my-new-s3-bucket",
            "aws_s3_bucket_ownership_controls.ownership",
            "random_id.randomness"
          ]
        }
      ]
    },
    {
      "mode": "managed",
      "type": "aws_s3_bucket_ownership_controls",
      "name": "ownership",
      "provider": "provider[\"registry.terraform.io/hashicorp/aws\"]",
      "instances": [
        {
          "schema_version": 0,
          "attributes": {
            "bucket": "asaf-91acebfa3b8ccd45cc189da395d69ebb",
            "id": "asaf-91acebfa3b8ccd45cc189da395d69ebb",
            "region": "il-central-1",
            "rule": [
              {
                "object_ownership": "ObjectWriter"
              }
            ]
          },
          "sensitive_attributes": [],
          "identity_schema_version": 0,
          "private": "bnVsbA==",
          "dependencies": [
            "aws_s3_bucket.my-new-s3-bucket",
            "random_id.randomness"
          ]
        }
      ]
    },
    {
      "mode": "managed",
      "type": "aws_security_group",
      "name": "ingress-ssh",
      "provider": "provider[\"registry.terraform.io/hashicorp/aws\"]",
      "instances": [
        {
          "schema_version": 1,
          "attributes": {
            "arn": "arn:aws:ec2:il-central-1:240617603981:security-group/sg-0740f8cb633c8f8e2",
            "description": "Allow ssh inbound traffic",
            "egress": [
              {
                "cidr_blocks": [
                  "0.0.0.0/0"
                ],
                "description": "",
                "from_port": 0,
                "ipv6_cidr_blocks": [],
                "prefix_list_ids": [],
                "protocol": "-1",
                "security_groups": [],
                "self": false,
                "to_port": 0
              }
            ],
            "id": "sg-0740f8cb633c8f8e2",
            "ingress": [
              {
                "cidr_blocks": [
                  "0.0.0.0/0"
                ],
                "description": "Allow SSH",
                "from_port": 22,
                "ipv6_cidr_blocks": [],
                "prefix_list_ids": [],
                "protocol": "tcp",
                "security_groups": [],
                "self": false,
                "to_port": 22
              }
            ],
            "name": "allow-all-ssh",
            "name_prefix": "",
            "owner_id": "240617603981",
            "region": "il-central-1",
            "revoke_rules_on_delete": false,
            "tags": null,
            "tags_all": {
              "Environment": "default",
              "Owner": "Asaf",
              "Provisioned": "Terraform"
            },
            "timeouts": null,
            "vpc_id": "vpc-056a734a7c3a81081"
          },
          "sensitive_attributes": [],
          "identity_schema_version": 0,
          "private": "eyJlMmJmYjczMC1lY2FhLTExZTYtOGY4OC0zNDM2M2JjN2M0YzAiOnsiY3JlYXRlIjo2MDAwMDAwMDAwMDAsImRlbGV0ZSI6OTAwMDAwMDAwMDAwfSwic2NoZW1hX3ZlcnNpb24iOiIxIn0=",
          "dependencies": [
            "aws_vpc.vpc"
          ]
        }
      ]
    },
    {
      "mode": "managed",
      "type": "aws_security_group",
      "name": "my-new-security-group",
      "provider": "provider[\"registry.terraform.io/hashicorp/aws\"]",
      "instances": [
        {
          "schema_version": 1,
          "attributes": {
            "arn": "arn:aws:ec2:il-central-1:240617603981:security-group/sg-056cf6990689c4074",
            "description": "Allow inbound traffic on tcp/443",
            "egress": [],
            "id": "sg-056cf6990689c4074",
            "ingress": [
              {
                "cidr_blocks": [
                  "0.0.0.0/2"
                ],
                "description": "TLS from VPC",
                "from_port": 443,
                "ipv6_cidr_blocks": [],
                "prefix_list_ids": [],
                "protocol": "tcp",
                "security_groups": [],
                "self": false,
                "to_port": 443
              }
            ],
            "name": "web-server-inbound",
            "name_prefix": "",
            "owner_id": "240617603981",
            "region": "il-central-1",
            "revoke_rules_on_delete": false,
            "tags": {
              "Name": "web_server_inbound",
              "Purpose": "Intro to resource blocks lab"
            },
            "tags_all": {
              "Environment": "default",
              "Name": "web_server_inbound",
              "Owner": "Asaf",
              "Provisioned": "Terraform",
              "Purpose": "Intro to resource blocks lab"
            },
            "timeouts": null,
            "vpc_id": "vpc-056a734a7c3a81081"
          },
          "sensitive_attributes": [],
          "identity_schema_version": 0,
          "private": "eyJlMmJmYjczMC1lY2FhLTExZTYtOGY4OC0zNDM2M2JjN2M0YzAiOnsiY3JlYXRlIjo2MDAwMDAwMDAwMDAsImRlbGV0ZSI6OTAwMDAwMDAwMDAwfSwic2NoZW1hX3ZlcnNpb24iOiIxIn0=",
          "dependencies": [
            "aws_vpc.vpc"
          ]
        }
      ]
    },
    {
      "mode": "managed",
      "type": "aws_security_group",
      "name": "vpc-ping",
      "provider": "provider[\"registry.terraform.io/hashicorp/aws\"]",
      "instances": [
        {
          "schema_version": 1,
          "attributes": {
            "arn": "arn:aws:ec2:il-central-1:240617603981:security-group/sg-0c2fe5ae568397107",
            "description": "ICMP for Ping Access",
            "egress": [
              {
                "cidr_blocks": [
                  "0.0.0.0/0"
                ],
                "description": "Allow all ip and ports outbound",
                "from_port": 0,
                "ipv6_cidr_blocks": [],
                "prefix_list_ids": [],
                "protocol": "-1",
                "security_groups": [],
                "self": false,
                "to_port": 0
              }
            ],
            "id": "sg-0c2fe5ae568397107",
            "ingress": [
              {
                "cidr_blocks": [
                  "0.0.0.0/0"
                ],
                "description": "Allow ICMP Traffic",
                "from_port": -1,
                "ipv6_cidr_blocks": [],
                "prefix_list_ids": [],
                "protocol": "icmp",
                "security_groups": [],
                "self": false,
                "to_port": -1
              }
            ],
            "name": "vpc-ping",
            "name_prefix": "",
            "owner_id": "240617603981",
            "region": "il-central-1",
            "revoke_rules_on_delete": false,
            "tags": null,
            "tags_all": {
              "Environment": "default",
              "Owner": "Asaf",
              "Provisioned": "Terraform"
            },
            "timeouts": null,
            "vpc_id": "vpc-056a734a7c3a81081"
          },
          "sensitive_attributes": [],
          "identity_schema_version": 0,
          "private": "eyJlMmJmYjczMC1lY2FhLTExZTYtOGY4OC0zNDM2M2JjN2M0YzAiOnsiY3JlYXRlIjo2MDAwMDAwMDAwMDAsImRlbGV0ZSI6OTAwMDAwMDAwMDAwfSwic2NoZW1hX3ZlcnNpb24iOiIxIn0=",
          "dependencies": [
            "aws_vpc.vpc"
          ]
        }
      ]
    },
    {
      "mode": "managed",
      "type": "aws_security_group",
      "name": "vpc-web",
      "provider": "provider[\"registry.terraform.io/hashicorp/aws\"]",
      "instances": [
        {
          "schema_version": 1,
          "attributes": {
            "arn": "arn:aws:ec2:il-central-1:240617603981:security-group/sg-00afba67623ae415d",
            "description": "Web Traffic",
            "egress": [
              {
                "cidr_blocks": [
                  "0.0.0.0/0"
                ],
                "description": "Allow all ip and ports outbound",
                "from_port": 0,
                "ipv6_cidr_blocks": [],
                "prefix_list_ids": [],
                "protocol": "-1",
                "security_groups": [],
                "self": false,
                "to_port": 0
              }
            ],
            "id": "sg-00afba67623ae415d",
            "ingress": [
              {
                "cidr_blocks": [
                  "0.0.0.0/0"
                ],
                "description": "Allow Port 443",
                "from_port": 443,
                "ipv6_cidr_blocks": [],
                "prefix_list_ids": [],
                "protocol": "tcp",
                "security_groups": [],
                "self": false,
                "to_port": 443
              },
              {
                "cidr_blocks": [
                  "0.0.0.0/0"
                ],
                "description": "Allow Port 80",
                "from_port": 80,
                "ipv6_cidr_blocks": [],
                "prefix_list_ids": [],
                "protocol": "tcp",
                "security_groups": [],
                "self": false,
                "to_port": 80
              }
            ],
            "name": "vpc-web-default",
            "name_prefix": "",
            "owner_id": "240617603981",
            "region": "il-central-1",
            "revoke_rules_on_delete": false,
            "tags": null,
            "tags_all": {
              "Environment": "default",
              "Owner": "Asaf",
              "Provisioned": "Terraform"
            },
            "timeouts": null,
            "vpc_id": "vpc-056a734a7c3a81081"
          },
          "sensitive_attributes": [],
          "identity_schema_version": 0,
          "private": "eyJlMmJmYjczMC1lY2FhLTExZTYtOGY4OC0zNDM2M2JjN2M0YzAiOnsiY3JlYXRlIjo2MDAwMDAwMDAwMDAsImRlbGV0ZSI6OTAwMDAwMDAwMDAwfSwic2NoZW1hX3ZlcnNpb24iOiIxIn0=",
          "dependencies": [
            "aws_vpc.vpc"
          ]
        }
      ]
    },
    {
      "mode": "managed",
      "type": "aws_subnet",
      "name": "private_subnets",
      "provider": "provider[\"registry.terraform.io/hashicorp/aws\"]",
      "instances": [
        {
          "index_key": "private_subnet_1",
          "schema_version": 1,
          "attributes": {
            "arn": "arn:aws:ec2:il-central-1:240617603981:subnet/subnet-0885dc07ae9f72539",
            "assign_ipv6_address_on_creation": false,
            "availability_zone": "il-central-1a",
            "availability_zone_id": "ilc1-az1",
            "cidr_block": "10.0.1.0/24",
            "customer_owned_ipv4_pool": "",
            "enable_dns64": false,
            "enable_lni_at_device_index": 0,
            "enable_resource_name_dns_a_record_on_launch": false,
            "enable_resource_name_dns_aaaa_record_on_launch": false,
            "id": "subnet-0885dc07ae9f72539",
            "ipv6_cidr_block": "",
            "ipv6_cidr_block_association_id": "",
            "ipv6_native": false,
            "map_customer_owned_ip_on_launch": false,
            "map_public_ip_on_launch": false,
            "outpost_arn": "",
            "owner_id": "240617603981",
            "private_dns_hostname_type_on_launch": "ip-name",
            "region": "il-central-1",
            "tags": {
              "Name": "private_subnet_1",
              "Terraform": "true"
            },
            "tags_all": {
              "Environment": "default",
              "Name": "private_subnet_1",
              "Owner": "Asaf",
              "Provisioned": "Terraform",
              "Terraform": "true"
            },
            "timeouts": null,
            "vpc_id": "vpc-056a734a7c3a81081"
          },
          "sensitive_attributes": [],
          "identity_schema_version": 0,
          "private": "eyJlMmJmYjczMC1lY2FhLTExZTYtOGY4OC0zNDM2M2JjN2M0YzAiOnsiY3JlYXRlIjo2MDAwMDAwMDAwMDAsImRlbGV0ZSI6MTIwMDAwMDAwMDAwMH0sInNjaGVtYV92ZXJzaW9uIjoiMSJ9",
          "dependencies": [
            "aws_vpc.vpc",
            "data.aws_availability_zones.available"
          ]
        },
        {
          "index_key": "private_subnet_2",
          "schema_version": 1,
          "attributes": {
            "arn": "arn:aws:ec2:il-central-1:240617603981:subnet/subnet-0b5bee31ffaacb1db",
            "assign_ipv6_address_on_creation": false,
            "availability_zone": "il-central-1b",
            "availability_zone_id": "ilc1-az2",
            "cidr_block": "10.0.2.0/24",
            "customer_owned_ipv4_pool": "",
            "enable_dns64": false,
            "enable_lni_at_device_index": 0,
            "enable_resource_name_dns_a_record_on_launch": false,
            "enable_resource_name_dns_aaaa_record_on_launch": false,
            "id": "subnet-0b5bee31ffaacb1db",
            "ipv6_cidr_block": "",
            "ipv6_cidr_block_association_id": "",
            "ipv6_native": false,
            "map_customer_owned_ip_on_launch": false,
            "map_public_ip_on_launch": false,
            "outpost_arn": "",
            "owner_id": "240617603981",
            "private_dns_hostname_type_on_launch": "ip-name",
            "region": "il-central-1",
            "tags": {
              "Name": "private_subnet_2",
              "Terraform": "true"
            },
            "tags_all": {
              "Environment": "default",
              "Name": "private_subnet_2",
              "Owner": "Asaf",
              "Provisioned": "Terraform",
              "Terraform": "true"
            },
            "timeouts": null,
            "vpc_id": "vpc-056a734a7c3a81081"
          },
          "sensitive_attributes": [],
          "identity_schema_version": 0,
          "private": "eyJlMmJmYjczMC1lY2FhLTExZTYtOGY4OC0zNDM2M2JjN2M0YzAiOnsiY3JlYXRlIjo2MDAwMDAwMDAwMDAsImRlbGV0ZSI6MTIwMDAwMDAwMDAwMH0sInNjaGVtYV92ZXJzaW9uIjoiMSJ9",
          "dependencies": [
            "aws_vpc.vpc",
            "data.aws_availability_zones.available"
          ]
        },
        {
          "index_key": "private_subnet_3",
          "schema_version": 1,
          "attributes": {
            "arn": "arn:aws:ec2:il-central-1:240617603981:subnet/subnet-0c58db4f5f6b1d9b0",
            "assign_ipv6_address_on_creation": false,
            "availability_zone": "il-central-1c",
            "availability_zone_id": "ilc1-az3",
            "cidr_block": "10.0.3.0/24",
            "customer_owned_ipv4_pool": "",
            "enable_dns64": false,
            "enable_lni_at_device_index": 0,
            "enable_resource_name_dns_a_record_on_launch": false,
            "enable_resource_name_dns_aaaa_record_on_launch": false,
            "id": "subnet-0c58db4f5f6b1d9b0",
            "ipv6_cidr_block": "",
            "ipv6_cidr_block_association_id": "",
            "ipv6_native": false,
            "map_customer_owned_ip_on_launch": false,
            "map_public_ip_on_launch": false,
            "outpost_arn": "",
            "owner_id": "240617603981",
            "private_dns_hostname_type_on_launch": "ip-name",
            "region": "il-central-1",
            "tags": {
              "Name": "private_subnet_3",
              "Terraform": "true"
            },
            "tags_all": {
              "Environment": "default",
              "Name": "private_subnet_3",
              "Owner": "Asaf",
              "Provisioned": "Terraform",
              "Terraform": "true"
            },
            "timeouts": null,
            "vpc_id": "vpc-056a734a7c3a81081"
          },
          "sensitive_attributes": [],
          "identity_schema_version": 0,
          "private": "eyJlMmJmYjczMC1lY2FhLTExZTYtOGY4OC0zNDM2M2JjN2M0YzAiOnsiY3JlYXRlIjo2MDAwMDAwMDAwMDAsImRlbGV0ZSI6MTIwMDAwMDAwMDAwMH0sInNjaGVtYV92ZXJzaW9uIjoiMSJ9",
          "dependencies": [
            "aws_vpc.vpc",
            "data.aws_availability_zones.available"
          ]
        }
      ]
    },
    {
      "mode": "managed",
      "type": "aws_subnet",
      "name": "public_subnets",
      "provider": "provider[\"registry.terraform.io/hashicorp/aws\"]",
      "instances": [
        {
          "index_key": "public_subnet_1",
          "schema_version": 1,
          "attributes": {
            "arn": "arn:aws:ec2:il-central-1:240617603981:subnet/subnet-09427c038a2e6c97e",
            "assign_ipv6_address_on_creation": false,
            "availability_zone": "il-central-1a",
            "availability_zone_id": "ilc1-az1",
            "cidr_block": "10.0.101.0/24",
            "customer_owned_ipv4_pool": "",
            "enable_dns64": false,
            "enable_lni_at_device_index": 0,
            "enable_resource_name_dns_a_record_on_launch": false,
            "enable_resource_name_dns_aaaa_record_on_launch": false,
            "id": "subnet-09427c038a2e6c97e",
            "ipv6_cidr_block": "",
            "ipv6_cidr_block_association_id": "",
            "ipv6_native": false,
            "map_customer_owned_ip_on_launch": false,
            "map_public_ip_on_launch": true,
            "outpost_arn": "",
            "owner_id": "240617603981",
            "private_dns_hostname_type_on_launch": "ip-name",
            "region": "il-central-1",
            "tags": {
              "Name": "public_subnet_1",
              "Terraform": "true"
            },
            "tags_all": {
              "Environment": "default",
              "Name": "public_subnet_1",
              "Owner": "Asaf",
              "Provisioned": "Terraform",
              "Terraform": "true"
            },
            "timeouts": null,
            "vpc_id": "vpc-056a734a7c3a81081"
          },
          "sensitive_attributes": [],
          "identity_schema_version": 0,
          "private": "eyJlMmJmYjczMC1lY2FhLTExZTYtOGY4OC0zNDM2M2JjN2M0YzAiOnsiY3JlYXRlIjo2MDAwMDAwMDAwMDAsImRlbGV0ZSI6MTIwMDAwMDAwMDAwMH0sInNjaGVtYV92ZXJzaW9uIjoiMSJ9",
          "dependencies": [
            "aws_vpc.vpc",
            "data.aws_availability_zones.available"
          ]
        },
        {
          "index_key": "public_subnet_2",
          "schema_version": 1,
          "attributes": {
            "arn": "arn:aws:ec2:il-central-1:240617603981:subnet/subnet-07ec13c10f9f1b793",
            "assign_ipv6_address_on_creation": false,
            "availability_zone": "il-central-1b",
            "availability_zone_id": "ilc1-az2",
            "cidr_block": "10.0.102.0/24",
            "customer_owned_ipv4_pool": "",
            "enable_dns64": false,
            "enable_lni_at_device_index": 0,
            "enable_resource_name_dns_a_record_on_launch": false,
            "enable_resource_name_dns_aaaa_record_on_launch": false,
            "id": "subnet-07ec13c10f9f1b793",
            "ipv6_cidr_block": "",
            "ipv6_cidr_block_association_id": "",
            "ipv6_native": false,
            "map_customer_owned_ip_on_launch": false,
            "map_public_ip_on_launch": true,
            "outpost_arn": "",
            "owner_id": "240617603981",
            "private_dns_hostname_type_on_launch": "ip-name",
            "region": "il-central-1",
            "tags": {
              "Name": "public_subnet_2",
              "Terraform": "true"
            },
            "tags_all": {
              "Environment": "default",
              "Name": "public_subnet_2",
              "Owner": "Asaf",
              "Provisioned": "Terraform",
              "Terraform": "true"
            },
            "timeouts": null,
            "vpc_id": "vpc-056a734a7c3a81081"
          },
          "sensitive_attributes": [],
          "identity_schema_version": 0,
          "private": "eyJlMmJmYjczMC1lY2FhLTExZTYtOGY4OC0zNDM2M2JjN2M0YzAiOnsiY3JlYXRlIjo2MDAwMDAwMDAwMDAsImRlbGV0ZSI6MTIwMDAwMDAwMDAwMH0sInNjaGVtYV92ZXJzaW9uIjoiMSJ9",
          "dependencies": [
            "aws_vpc.vpc",
            "data.aws_availability_zones.available"
          ]
        },
        {
          "index_key": "public_subnet_3",
          "schema_version": 1,
          "attributes": {
            "arn": "arn:aws:ec2:il-central-1:240617603981:subnet/subnet-0c4ec31325b08871c",
            "assign_ipv6_address_on_creation": false,
            "availability_zone": "il-central-1c",
            "availability_zone_id": "ilc1-az3",
            "cidr_block": "10.0.103.0/24",
            "customer_owned_ipv4_pool": "",
            "enable_dns64": false,
            "enable_lni_at_device_index": 0,
            "enable_resource_name_dns_a_record_on_launch": false,
            "enable_resource_name_dns_aaaa_record_on_launch": false,
            "id": "subnet-0c4ec31325b08871c",
            "ipv6_cidr_block": "",
            "ipv6_cidr_block_association_id": "",
            "ipv6_native": false,
            "map_customer_owned_ip_on_launch": false,
            "map_public_ip_on_launch": true,
            "outpost_arn": "",
            "owner_id": "240617603981",
            "private_dns_hostname_type_on_launch": "ip-name",
            "region": "il-central-1",
            "tags": {
              "Name": "public_subnet_3",
              "Terraform": "true"
            },
            "tags_all": {
              "Environment": "default",
              "Name": "public_subnet_3",
              "Owner": "Asaf",
              "Provisioned": "Terraform",
              "Terraform": "true"
            },
            "timeouts": null,
            "vpc_id": "vpc-056a734a7c3a81081"
          },
          "sensitive_attributes": [],
          "identity_schema_version": 0,
          "private": "eyJlMmJmYjczMC1lY2FhLTExZTYtOGY4OC0zNDM2M2JjN2M0YzAiOnsiY3JlYXRlIjo2MDAwMDAwMDAwMDAsImRlbGV0ZSI6MTIwMDAwMDAwMDAwMH0sInNjaGVtYV92ZXJzaW9uIjoiMSJ9",
          "dependencies": [
            "aws_vpc.vpc",
            "data.aws_availability_zones.available"
          ]
        }
      ]
    },
    {
      "mode": "managed",
      "type": "aws_subnet",
      "name": "variable-subnet2",
      "provider": "provider[\"registry.terraform.io/hashicorp/aws\"]",
      "instances": [
        {
          "schema_version": 1,
          "attributes": {
            "arn": "arn:aws:ec2:il-central-1:240617603981:subnet/subnet-00a8130e9563ea5a6",
            "assign_ipv6_address_on_creation": false,
            "availability_zone": "il-central-1a",
            "availability_zone_id": "ilc1-az1",
            "cidr_block": "10.0.202.0/24",
            "customer_owned_ipv4_pool": "",
            "enable_dns64": false,
            "enable_lni_at_device_index": 0,
            "enable_resource_name_dns_a_record_on_launch": false,
            "enable_resource_name_dns_aaaa_record_on_launch": false,
            "id": "subnet-00a8130e9563ea5a6",
            "ipv6_cidr_block": "",
            "ipv6_cidr_block_association_id": "",
            "ipv6_native": false,
            "map_customer_owned_ip_on_launch": false,
            "map_public_ip_on_launch": true,
            "outpost_arn": "",
            "owner_id": "240617603981",
            "private_dns_hostname_type_on_launch": "ip-name",
            "region": "il-central-1",
            "tags": null,
            "tags_all": {
              "Environment": "default",
              "Owner": "Asaf",
              "Provisioned": "Terraform"
            },
            "timeouts": null,
            "vpc_id": "vpc-056a734a7c3a81081"
          },
          "sensitive_attributes": [],
          "identity_schema_version": 0,
          "private": "eyJlMmJmYjczMC1lY2FhLTExZTYtOGY4OC0zNDM2M2JjN2M0YzAiOnsiY3JlYXRlIjo2MDAwMDAwMDAwMDAsImRlbGV0ZSI6MTIwMDAwMDAwMDAwMH0sInNjaGVtYV92ZXJzaW9uIjoiMSJ9",
          "dependencies": [
            "aws_vpc.vpc"
          ]
        }
      ]
    },
    {
      "mode": "managed",
      "type": "aws_vpc",
      "name": "vpc",
      "provider": "provider[\"registry.terraform.io/hashicorp/aws\"]",
      "instances": [
        {
          "schema_version": 1,
          "attributes": {
            "arn": "arn:aws:ec2:il-central-1:240617603981:vpc/vpc-056a734a7c3a81081",
            "assign_generated_ipv6_cidr_block": false,
            "cidr_block": "10.0.0.0/16",
            "default_network_acl_id": "acl-008f45f97529cd106",
            "default_route_table_id": "rtb-06b874882d1b363c1",
            "default_security_group_id": "sg-0499802fcf8d4aabc",
            "dhcp_options_id": "dopt-09570f41a7671ed1e",
            "enable_dns_hostnames": false,
            "enable_dns_support": true,
            "enable_network_address_usage_metrics": false,
            "id": "vpc-056a734a7c3a81081",
            "instance_tenancy": "default",
            "ipv4_ipam_pool_id": null,
            "ipv4_netmask_length": null,
            "ipv6_association_id": "",
            "ipv6_cidr_block": "",
            "ipv6_cidr_block_network_border_group": "",
            "ipv6_ipam_pool_id": "",
            "ipv6_netmask_length": 0,
            "main_route_table_id": "rtb-06b874882d1b363c1",
            "owner_id": "240617603981",
            "region": "il-central-1",
            "tags": {
              "Environment": "demo_environment",
              "Name": "demo_vpc",
              "Region": "il-central-1",
              "Terraform": "true"
            },
            "tags_all": {
              "Environment": "demo_environment",
              "Name": "demo_vpc",
              "Owner": "Asaf",
              "Provisioned": "Terraform",
              "Region": "il-central-1",
              "Terraform": "true"
            }
          },
          "sensitive_attributes": [],
          "identity_schema_version": 0,
          "private": "eyJzY2hlbWFfdmVyc2lvbiI6IjEifQ=="
        }
      ]
    },
    {
      "mode": "managed",
      "type": "local_file",
      "name": "private_key_pem",
      "provider": "provider[\"registry.terraform.io/hashicorp/local\"]",
      "instances": [
        {
          "schema_version": 0,
          "attributes": {
            "content": "-----BEGIN RSA PRIVATE KEY-----\nMIIEpAIBAAKCAQEA3PNCzmfqZhSheuPQMBod/1r08xDBoQiCAuRux+lzlb/PKTro\nLwIyHP9efIbXj0edt4Ccy7rGP8BT9iLxreUdF1f3QnO3fLkVHmVybd5FlrWVhV4e\nbcv7qLx/CBfOqobsCbTm+YEln0o682A+AUc1DkwMkmYXX6Cahz4uREST9zWwZf1P\nkO6q5aCxalxXEOZtYubNmd/jgMel0Ur/oJ7iMLLmCSmjlvduW5gg1WLI8HVV3K03\n9ZMjq/2lwuIGkPAm3yIedoPsyv1rksVm39bZ0l24PInkcfv0dXg5TRq3FIRL/3Sx\niVI1+EtuUJZZDfDEw8hk5SgCdvIysswPXBs0eQIDAQABAoIBABV0mdwpQx2+ix+/\n14uUPa16S6b+zY6xoM5fGFLZXJwCED/UtI88C1m9gpNdFLmZHrufBZrS/EVci8qv\nAgD86qJFrIELc5ns7xwQhdgdaWyFHYvh49qNoFZ2V2+VwD/W8jzPEE7SN7EMKEVR\n5zOAkqpcwCvHNiXXFqpjY2LFtgifQ9wTXK/aRs3UuAd45GP1Z2LVKdAprm84FTEi\nZF72BfesfsL00oJ6k3IDFPWpk24dwpA7c1zaJybpaDmMW97FTGy2MbA4y/cS1lA5\nHdMikfyoYfrWaJ79pB4SZsvGx2H9lxqWg495HqgPEN1XiV6DO4LZpo0bnc1nomQZ\nYc806PECgYEA8TlfXrjTPEVgkVtfT4cvb1bK/cAHnFul7+hQav8t8VyIzp8CGwjE\npU/AxUhcafZ/Xtoea0mhUbmApc8cWlHPeKhQytzqfWMzaH0UF6VtjNK052R3nH34\nDd60Ki7iaKZ58OU4/vjV5VExtf7QJBwliOcP+5urNo9qBwZCSya45kMCgYEA6nv5\ndxITHn2s0n6elWwJPcGWZUdH13DRFKJbtOsKFcTHhQNaUgloc0KbtATMFFQuQRtq\nxebGYCT9b9LDXPSU4uj+xCLpjvKyyTJbTcUYezWg00n6AZTUTwcjHnoxvjpZzIiM\ni94DtiLtmEhs9NJkp+gZDxG6JSppH8cYu/qLVJMCgYA2jzpx6y3j2PFBj0AcdcAV\n17Sr9g4CoHwEqi/eM39JsxtCWJaaVL5dgY9hT7+PO/CNHJp6u7mgCWv+lLyd9RkO\n+krjx1nGKHTNMlUkEAeaLWI7X+7p11gOkwt+6wHMl7LG+KGOkeuXJWkv98VOFYur\nzk9AInJ0MbXShujhpI13jwKBgQC8xBcdIyDfH/876ZES60k5PRos6EhOiNTYjqfT\nKpAQ3DxeuUdB2a8LcujT8DS2fNpLsZ2wOcsjZUPdfMenkoI1dap7DTwGxxzk2bQl\nFHFT5uVUky4/jaepAy7jfy2CXYkjHh4/Dvjf7JhnSo7kPGepwDBEMFoxR0YfvfEM\ni3MVHwKBgQC7Z9WqyNep/Vj+aNNc4IR9OprRnnP+mkoX7BBo2ReeyBsNpIVKwTCU\nBoJSRMHLU945KRPiYWXVfxG06IUDcG4sX98A/A/aGrJV8zDkBrndqbCXoSmFwaAz\nVmbzDM3DUryOCfuuf3p6lp5XURV6HiOtMYEziPACsybqFc96R3NCRA==\n-----END RSA PRIVATE KEY-----\n",
            "content_base64": null,
            "content_base64sha256": "oMC7HaWms0PvYZFbcs7g/5If3VstRTfMdhtxVoGSwp0=",
            "content_base64sha512": "PQNE/yCftfoLSwduqSZ8u0JPgwslM5spe91TMGlZFdgpzpiKleFdb6m77xYjZdN7feL4o6ctiwikzv6S4kdt5g==",
            "content_md5": "a53ee5442cf58602d12b7f718d57e26f",
            "content_sha1": "69398bb7fcf766a9b45966c384a20d569370087f",
            "content_sha256": "a0c0bb1da5a6b343ef61915b72cee0ff921fdd5b2d4537cc761b71568192c29d",
            "content_sha512": "3d0344ff209fb5fa0b4b076ea9267cbb424f830b25339b297bdd5330695915d829ce988a95e15d6fa9bbef162365d37b7de2f8a3a72d8b08a4cefe92e2476de6",
            "directory_permission": "0777",
            "file_permission": "0777",
            "filename": "MyAWSKey.pem",
            "id": "69398bb7fcf766a9b45966c384a20d569370087f",
            "sensitive_content": null,
            "source": null
          },
          "sensitive_attributes": [
            [
              {
                "type": "get_attr",
                "value": "content"
              }
            ],
            [
              {
                "type": "get_attr",
                "value": "sensitive_content"
              }
            ]
          ],
          "identity_schema_version": 0,
          "dependencies": [
            "tls_private_key.generated"
          ]
        }
      ]
    },
    {
      "mode": "managed",
      "type": "random_id",
      "name": "randomness",
      "provider": "provider[\"registry.terraform.io/hashicorp/random\"]",
      "instances": [
        {
          "schema_version": 0,
          "attributes": {
            "b64_std": "kazr+juMzUXMGJ2jldaeuw==",
            "b64_url": "kazr-juMzUXMGJ2jldaeuw",
            "byte_length": 16,
            "dec": "193635920640208113198659709510861889211",
            "hex": "91acebfa3b8ccd45cc189da395d69ebb",
            "id": "kazr-juMzUXMGJ2jldaeuw",
            "keepers": null,
            "prefix": null
          },
          "sensitive_attributes": [],
          "identity_schema_version": 0
        }
      ]
    },
    {
      "mode": "managed",
      "type": "tls_private_key",
      "name": "generated",
      "provider": "provider[\"registry.terraform.io/hashicorp/tls\"]",
      "instances": [
        {
          "schema_version": 1,
          "attributes": {
            "algorithm": "RSA",
            "ecdsa_curve": "P224",
            "id": "e12f5690b01d6b4d27d5e1c6986b1c9a6a02af86",
            "private_key_openssh": "-----BEGIN OPENSSH PRIVATE KEY-----\nb3BlbnNzaC1rZXktdjEAAAAABG5vbmUAAAAEbm9uZQAAAAAAAAABAAABFwAAAAdz\nc2gtcnNhAAAAAwEAAQAAAQEA3PNCzmfqZhSheuPQMBod/1r08xDBoQiCAuRux+lz\nlb/PKTroLwIyHP9efIbXj0edt4Ccy7rGP8BT9iLxreUdF1f3QnO3fLkVHmVybd5F\nlrWVhV4ebcv7qLx/CBfOqobsCbTm+YEln0o682A+AUc1DkwMkmYXX6Cahz4uREST\n9zWwZf1PkO6q5aCxalxXEOZtYubNmd/jgMel0Ur/oJ7iMLLmCSmjlvduW5gg1WLI\n8HVV3K039ZMjq/2lwuIGkPAm3yIedoPsyv1rksVm39bZ0l24PInkcfv0dXg5TRq3\nFIRL/3SxiVI1+EtuUJZZDfDEw8hk5SgCdvIysswPXBs0eQAAA7htlR3XbZUd1wAA\nAAdzc2gtcnNhAAABAQDc80LOZ+pmFKF649AwGh3/WvTzEMGhCIIC5G7H6XOVv88p\nOugvAjIc/158htePR523gJzLusY/wFP2IvGt5R0XV/dCc7d8uRUeZXJt3kWWtZWF\nXh5ty/uovH8IF86qhuwJtOb5gSWfSjrzYD4BRzUOTAySZhdfoJqHPi5ERJP3NbBl\n/U+Q7qrloLFqXFcQ5m1i5s2Z3+OAx6XRSv+gnuIwsuYJKaOW925bmCDVYsjwdVXc\nrTf1kyOr/aXC4gaQ8CbfIh52g+zK/WuSxWbf1tnSXbg8ieRx+/R1eDlNGrcUhEv/\ndLGJUjX4S25QllkN8MTDyGTlKAJ28jKyzA9cGzR5AAAAAwEAAQAAAQAVdJncKUMd\nvosfv9eLlD2tekum/s2OsaDOXxhS2VycAhA/1LSPPAtZvYKTXRS5mR67nwWa0vxF\nXIvKrwIA/OqiRayBC3OZ7O8cEIXYHWlshR2L4ePajaBWdldvlcA/1vI8zxBO0jex\nDChFUeczgJKqXMArxzYl1xaqY2NixbYIn0PcE1yv2kbN1LgHeORj9Wdi1SnQKa5v\nOBUxImRe9gX3rH7C9NKCepNyAxT1qZNuHcKQO3Nc2icm6Wg5jFvexUxstjGwOMv3\nEtZQOR3TIpH8qGH61mie/aQeEmbLxsdh/ZcaloOPeR6oDxDdV4legzuC2aaNG53N\nZ6JkGWHPNOjxAAAAgQC7Z9WqyNep/Vj+aNNc4IR9OprRnnP+mkoX7BBo2ReeyBsN\npIVKwTCUBoJSRMHLU945KRPiYWXVfxG06IUDcG4sX98A/A/aGrJV8zDkBrndqbCX\noSmFwaAzVmbzDM3DUryOCfuuf3p6lp5XURV6HiOtMYEziPACsybqFc96R3NCRAAA\nAIEA8TlfXrjTPEVgkVtfT4cvb1bK/cAHnFul7+hQav8t8VyIzp8CGwjEpU/AxUhc\nafZ/Xtoea0mhUbmApc8cWlHPeKhQytzqfWMzaH0UF6VtjNK052R3nH34Dd60Ki7i\naKZ58OU4/vjV5VExtf7QJBwliOcP+5urNo9qBwZCSya45kMAAACBAOp7+XcSEx59\nrNJ+npVsCT3BlmVHR9dw0RSiW7TrChXEx4UDWlIJaHNCm7QEzBRULkEbasXmxmAk\n/W/Sw1z0lOLo/sQi6Y7ysskyW03FGHs1oNNJ+gGU1E8HIx56Mb46WcyIjIveA7Yi\n7ZhIbPTSZKfoGQ8RuiUqaR/HGLv6i1STAAAAAAEC\n-----END OPENSSH PRIVATE KEY-----\n",
            "private_key_pem": "-----BEGIN RSA PRIVATE KEY-----\nMIIEpAIBAAKCAQEA3PNCzmfqZhSheuPQMBod/1r08xDBoQiCAuRux+lzlb/PKTro\nLwIyHP9efIbXj0edt4Ccy7rGP8BT9iLxreUdF1f3QnO3fLkVHmVybd5FlrWVhV4e\nbcv7qLx/CBfOqobsCbTm+YEln0o682A+AUc1DkwMkmYXX6Cahz4uREST9zWwZf1P\nkO6q5aCxalxXEOZtYubNmd/jgMel0Ur/oJ7iMLLmCSmjlvduW5gg1WLI8HVV3K03\n9ZMjq/2lwuIGkPAm3yIedoPsyv1rksVm39bZ0l24PInkcfv0dXg5TRq3FIRL/3Sx\niVI1+EtuUJZZDfDEw8hk5SgCdvIysswPXBs0eQIDAQABAoIBABV0mdwpQx2+ix+/\n14uUPa16S6b+zY6xoM5fGFLZXJwCED/UtI88C1m9gpNdFLmZHrufBZrS/EVci8qv\nAgD86qJFrIELc5ns7xwQhdgdaWyFHYvh49qNoFZ2V2+VwD/W8jzPEE7SN7EMKEVR\n5zOAkqpcwCvHNiXXFqpjY2LFtgifQ9wTXK/aRs3UuAd45GP1Z2LVKdAprm84FTEi\nZF72BfesfsL00oJ6k3IDFPWpk24dwpA7c1zaJybpaDmMW97FTGy2MbA4y/cS1lA5\nHdMikfyoYfrWaJ79pB4SZsvGx2H9lxqWg495HqgPEN1XiV6DO4LZpo0bnc1nomQZ\nYc806PECgYEA8TlfXrjTPEVgkVtfT4cvb1bK/cAHnFul7+hQav8t8VyIzp8CGwjE\npU/AxUhcafZ/Xtoea0mhUbmApc8cWlHPeKhQytzqfWMzaH0UF6VtjNK052R3nH34\nDd60Ki7iaKZ58OU4/vjV5VExtf7QJBwliOcP+5urNo9qBwZCSya45kMCgYEA6nv5\ndxITHn2s0n6elWwJPcGWZUdH13DRFKJbtOsKFcTHhQNaUgloc0KbtATMFFQuQRtq\nxebGYCT9b9LDXPSU4uj+xCLpjvKyyTJbTcUYezWg00n6AZTUTwcjHnoxvjpZzIiM\ni94DtiLtmEhs9NJkp+gZDxG6JSppH8cYu/qLVJMCgYA2jzpx6y3j2PFBj0AcdcAV\n17Sr9g4CoHwEqi/eM39JsxtCWJaaVL5dgY9hT7+PO/CNHJp6u7mgCWv+lLyd9RkO\n+krjx1nGKHTNMlUkEAeaLWI7X+7p11gOkwt+6wHMl7LG+KGOkeuXJWkv98VOFYur\nzk9AInJ0MbXShujhpI13jwKBgQC8xBcdIyDfH/876ZES60k5PRos6EhOiNTYjqfT\nKpAQ3DxeuUdB2a8LcujT8DS2fNpLsZ2wOcsjZUPdfMenkoI1dap7DTwGxxzk2bQl\nFHFT5uVUky4/jaepAy7jfy2CXYkjHh4/Dvjf7JhnSo7kPGepwDBEMFoxR0YfvfEM\ni3MVHwKBgQC7Z9WqyNep/Vj+aNNc4IR9OprRnnP+mkoX7BBo2ReeyBsNpIVKwTCU\nBoJSRMHLU945KRPiYWXVfxG06IUDcG4sX98A/A/aGrJV8zDkBrndqbCXoSmFwaAz\nVmbzDM3DUryOCfuuf3p6lp5XURV6HiOtMYEziPACsybqFc96R3NCRA==\n-----END RSA PRIVATE KEY-----\n",
            "private_key_pem_pkcs8": "-----BEGIN PRIVATE KEY-----\nMIIEvgIBADANBgkqhkiG9w0BAQEFAASCBKgwggSkAgEAAoIBAQDc80LOZ+pmFKF6\n49AwGh3/WvTzEMGhCIIC5G7H6XOVv88pOugvAjIc/158htePR523gJzLusY/wFP2\nIvGt5R0XV/dCc7d8uRUeZXJt3kWWtZWFXh5ty/uovH8IF86qhuwJtOb5gSWfSjrz\nYD4BRzUOTAySZhdfoJqHPi5ERJP3NbBl/U+Q7qrloLFqXFcQ5m1i5s2Z3+OAx6XR\nSv+gnuIwsuYJKaOW925bmCDVYsjwdVXcrTf1kyOr/aXC4gaQ8CbfIh52g+zK/WuS\nxWbf1tnSXbg8ieRx+/R1eDlNGrcUhEv/dLGJUjX4S25QllkN8MTDyGTlKAJ28jKy\nzA9cGzR5AgMBAAECggEAFXSZ3ClDHb6LH7/Xi5Q9rXpLpv7NjrGgzl8YUtlcnAIQ\nP9S0jzwLWb2Ck10UuZkeu58FmtL8RVyLyq8CAPzqokWsgQtzmezvHBCF2B1pbIUd\ni+Hj2o2gVnZXb5XAP9byPM8QTtI3sQwoRVHnM4CSqlzAK8c2JdcWqmNjYsW2CJ9D\n3BNcr9pGzdS4B3jkY/VnYtUp0CmubzgVMSJkXvYF96x+wvTSgnqTcgMU9amTbh3C\nkDtzXNonJuloOYxb3sVMbLYxsDjL9xLWUDkd0yKR/Khh+tZonv2kHhJmy8bHYf2X\nGpaDj3keqA8Q3VeJXoM7gtmmjRudzWeiZBlhzzTo8QKBgQDxOV9euNM8RWCRW19P\nhy9vVsr9wAecW6Xv6FBq/y3xXIjOnwIbCMSlT8DFSFxp9n9e2h5rSaFRuYClzxxa\nUc94qFDK3Op9YzNofRQXpW2M0rTnZHecffgN3rQqLuJopnnw5Tj++NXlUTG1/tAk\nHCWI5w/7m6s2j2oHBkJLJrjmQwKBgQDqe/l3EhMefazSfp6VbAk9wZZlR0fXcNEU\nolu06woVxMeFA1pSCWhzQpu0BMwUVC5BG2rF5sZgJP1v0sNc9JTi6P7EIumO8rLJ\nMltNxRh7NaDTSfoBlNRPByMeejG+OlnMiIyL3gO2Iu2YSGz00mSn6BkPEbolKmkf\nxxi7+otUkwKBgDaPOnHrLePY8UGPQBx1wBXXtKv2DgKgfASqL94zf0mzG0JYlppU\nvl2Bj2FPv4878I0cmnq7uaAJa/6UvJ31GQ76SuPHWcYodM0yVSQQB5otYjtf7unX\nWA6TC37rAcyXssb4oY6R65claS/3xU4Vi6vOT0AicnQxtdKG6OGkjXePAoGBALzE\nFx0jIN8f/zvpkRLrSTk9GizoSE6I1NiOp9MqkBDcPF65R0HZrwty6NPwNLZ82kux\nnbA5yyNlQ918x6eSgjV1qnsNPAbHHOTZtCUUcVPm5VSTLj+Np6kDLuN/LYJdiSMe\nHj8O+N/smGdKjuQ8Z6nAMEQwWjFHRh+98QyLcxUfAoGBALtn1arI16n9WP5o01zg\nhH06mtGec/6aShfsEGjZF57IGw2khUrBMJQGglJEwctT3jkpE+JhZdV/EbTohQNw\nbixf3wD8D9oaslXzMOQGud2psJehKYXBoDNWZvMMzcNSvI4J+65/enqWnldRFXoe\nI60xgTOI8AKzJuoVz3pHc0JE\n-----END PRIVATE KEY-----\n",
            "public_key_fingerprint_md5": "2c:9f:32:5a:6b:f5:e8:9e:15:f6:74:51:b7:25:e4:0f",
            "public_key_fingerprint_sha256": "SHA256:PaE3nJ7zZzYrZT6sLs7IZsTX0ZHmPh4txDS69gKBG9g",
            "public_key_openssh": "ssh-rsa AAAAB3NzaC1yc2EAAAADAQABAAABAQDc80LOZ+pmFKF649AwGh3/WvTzEMGhCIIC5G7H6XOVv88pOugvAjIc/158htePR523gJzLusY/wFP2IvGt5R0XV/dCc7d8uRUeZXJt3kWWtZWFXh5ty/uovH8IF86qhuwJtOb5gSWfSjrzYD4BRzUOTAySZhdfoJqHPi5ERJP3NbBl/U+Q7qrloLFqXFcQ5m1i5s2Z3+OAx6XRSv+gnuIwsuYJKaOW925bmCDVYsjwdVXcrTf1kyOr/aXC4gaQ8CbfIh52g+zK/WuSxWbf1tnSXbg8ieRx+/R1eDlNGrcUhEv/dLGJUjX4S25QllkN8MTDyGTlKAJ28jKyzA9cGzR5\n",
            "public_key_pem": "-----BEGIN PUBLIC KEY-----\nMIIBIjANBgkqhkiG9w0BAQEFAAOCAQ8AMIIBCgKCAQEA3PNCzmfqZhSheuPQMBod\n/1r08xDBoQiCAuRux+lzlb/PKTroLwIyHP9efIbXj0edt4Ccy7rGP8BT9iLxreUd\nF1f3QnO3fLkVHmVybd5FlrWVhV4ebcv7qLx/CBfOqobsCbTm+YEln0o682A+AUc1\nDkwMkmYXX6Cahz4uREST9zWwZf1PkO6q5aCxalxXEOZtYubNmd/jgMel0Ur/oJ7i\nMLLmCSmjlvduW5gg1WLI8HVV3K039ZMjq/2lwuIGkPAm3yIedoPsyv1rksVm39bZ\n0l24PInkcfv0dXg5TRq3FIRL/3SxiVI1+EtuUJZZDfDEw8hk5SgCdvIysswPXBs0\neQIDAQAB\n-----END PUBLIC KEY-----\n",
            "rsa_bits": 2048
          },
          "sensitive_attributes": [
            [
              {
                "type": "get_attr",
                "value": "private_key_openssh"
              }
            ],
            [
              {
                "type": "get_attr",
                "value": "private_key_pem"
              }
            ],
            [
              {
                "type": "get_attr",
                "value": "private_key_pem_pkcs8"
              }
            ]
          ],
          "identity_schema_version": 0
        }
      ]
    }
  ],
  "check_results": null
}
